dependencies:
- name: gateway-helm
  repository: file://charts/gateway-helm
  version: 1.8.1
- name: ingress-nginx
  repository: https://kubernetes.github.io/ingress-nginx
  version: 4.13.2
- name: k8s-infra
  repository: https://charts.signoz.io
  version: 0.15.0
- name: signoz
  repository: https://charts.signoz.io
  version: 0.113.0
- name: apisix
  repository: https://apache.github.io/apisix-helm-chart
  version: 2.12.3
- name: ai-optimizer
  repository: https://oracle.github.io/ai-optimizer/helm
  version: 2.3.0
digest: sha256:1fc82f3b18248d6fd785a66975f7a2d58c8e1c6c4449f90178a14e2eacd36a95
generated: "2026-06-08T13:05:46.039579-07:00"
