dependencies:
- name: gateway-helm
  repository: file://charts/gateway-helm
  version: 1.8.2
- name: ingress-nginx
  repository: https://kubernetes.github.io/ingress-nginx
  version: 4.15.1
- name: k8s-infra
  repository: https://charts.signoz.io
  version: 0.15.0
- name: signoz
  repository: https://charts.signoz.io
  version: 0.134.0
- name: apisix
  repository: https://apache.github.io/apisix-helm-chart
  version: 2.17.0
- name: ai-optimizer
  repository: https://oracle.github.io/ai-optimizer/helm
  version: 2.0.3
digest: sha256:30695c208db8854bd2c268b179a021297c6f2f7ebf07542dce925f082b5c8bbc
generated: "2026-09-08T15:10:01.220967-05:00"
