dependencies:
- name: gateway-helm
  repository: file://charts/gateway-helm
  version: 1.8.1
- name: ingress-nginx
  repository: https://kubernetes.github.io/ingress-nginx
  version: 4.15.1
- name: k8s-infra
  repository: https://charts.signoz.io
  version: 0.15.0
- name: signoz
  repository: https://charts.signoz.io
  version: 0.113.0
- name: apisix
  repository: https://apache.github.io/apisix-helm-chart
  version: 2.16.0
- name: ai-optimizer
  repository: https://oracle.github.io/ai-optimizer/helm
  version: 2.0.3
digest: sha256:b10cd5ee72203f499cad6dc626c2905d6575687d0d390910c4d469be42b378e6
generated: "2026-07-14T14:40:25.717378-05:00"
