{
  "version": 4,
  "terraform_version": "1.2.5",
  "serial": 420,
  "lineage": "acb56626-0bdd-b5b9-27d3-6ba8ce6dcdc8",
  "outputs": {
    "ADMIN_Password": {
      "value": "You must reset the ADB ADMIN password manually in the OCI console for security reasons",
      "type": "string"
    },
    "bastion_ssh_cmd": {
      "value": "ssh -i ./bastion_key -o ProxyCommand='ssh -i ./bastion_key -W %h:%p -p 22 ocid1.bastionsession.oc1.iad.amaaaaaaigoxhqya25eayrhowm6rgpjsxmqlsq7bue7q2tzpdpk63repxueq@host.bastion.us-ashburn-1.oci.oraclecloud.com' -p 22 opc@172.16.0.160",
      "type": "string"
    },
    "dbconn": {
      "value": "(description= (retry_count=20)(retry_delay=3)(address=(protocol=tcps)(port=1521)(host=ATXSADBPrivateEndpoint.adb.us-ashburn-1.oraclecloud.com))(connect_data=(service_name=dvtweegqlqbskul_atdbxs_tp.adb.oraclecloud.com))(security=(ssl_server_dn_match=yes)))",
      "type": "string"
    },
    "forward_ssh_cmd": {
      "value": "ssh -i ./bastion_key -v -N -L 1521:172.16.0.195:1521 -p 22 ocid1.bastionsession.oc1.iad.amaaaaaaigoxhqyai2be6tz5wkdioh5mi476d7nlnni67mouxj4djtwsw22q@host.bastion.us-ashburn-1.oci.oraclecloud.com",
      "type": "string"
    },
    "lb_address": {
      "value": "129.80.127.70",
      "type": "string"
    }
  },
  "resources": [
    {
      "mode": "data",
      "type": "oci_core_images",
      "name": "images",
      "provider": "provider[\"registry.terraform.io/oracle/oci\"]",
      "instances": [
        {
          "schema_version": 0,
          "attributes": {
            "compartment_id": "ocid1.compartment.oc1..aaaaaaaa3p3spj472mot3moqwozcxzsuefbbujqclt5mslw7gdhr54zuerqq",
            "display_name": null,
            "filter": [
              {
                "name": "display_name",
                "regex": true,
                "values": [
                  "^.*Oracle[^G]*$"
                ]
              }
            ],
            "id": "CoreImagesDataSource-3272012675",
            "images": [
              {
                "agent_features": [],
                "base_image_id": "",
                "billable_size_in_gbs": "4",
                "compartment_id": "",
                "create_image_allowed": true,
                "defined_tags": {},
                "display_name": "Oracle-Autonomous-Linux-7.9-2022.06-0",
                "freeform_tags": {},
                "id": "ocid1.image.oc1.iad.aaaaaaaawgdstjbip6pjzehc3zxxc3icxejhkhey2w52mznla6a5udcprieq",
                "image_source_details": [],
                "instance_id": "",
                "launch_mode": "NATIVE",
                "launch_options": [
                  {
                    "boot_volume_type": "PARAVIRTUALIZED",
                    "firmware": "UEFI_64",
                    "is_consistent_volume_naming_enabled": true,
                    "is_pv_encryption_in_transit_enabled": true,
                    "network_type": "PARAVIRTUALIZED",
                    "remote_data_volume_type": "PARAVIRTUALIZED"
                  }
                ],
                "listing_type": "",
                "operating_system": "Oracle Autonomous Linux",
                "operating_system_version": "7.9",
                "size_in_mbs": "47694",
                "state": "AVAILABLE",
                "time_created": "2022-07-08 15:57:11.216 +0000 UTC"
              },
              {
                "agent_features": [],
                "base_image_id": "",
                "billable_size_in_gbs": "4",
                "compartment_id": "",
                "create_image_allowed": true,
                "defined_tags": {},
                "display_name": "Oracle-Autonomous-Linux-7.9-2022.05-0",
                "freeform_tags": {},
                "id": "ocid1.image.oc1.iad.aaaaaaaaydvtbzz57mcnvccogs2aoxbc67gthj6ezf7ly5uhxzoqte76x6sq",
                "image_source_details": [],
                "instance_id": "",
                "launch_mode": "NATIVE",
                "launch_options": [
                  {
                    "boot_volume_type": "PARAVIRTUALIZED",
                    "firmware": "UEFI_64",
                    "is_consistent_volume_naming_enabled": true,
                    "is_pv_encryption_in_transit_enabled": true,
                    "network_type": "PARAVIRTUALIZED",
                    "remote_data_volume_type": "PARAVIRTUALIZED"
                  }
                ],
                "listing_type": "",
                "operating_system": "Oracle Autonomous Linux",
                "operating_system_version": "7.9",
                "size_in_mbs": "47694",
                "state": "AVAILABLE",
                "time_created": "2022-06-01 18:54:46.952 +0000 UTC"
              },
              {
                "agent_features": [],
                "base_image_id": "",
                "billable_size_in_gbs": "4",
                "compartment_id": "",
                "create_image_allowed": true,
                "defined_tags": {},
                "display_name": "Oracle-Autonomous-Linux-7.9-2022.04-0",
                "freeform_tags": {},
                "id": "ocid1.image.oc1.iad.aaaaaaaakanefholfk2xmxomc2lagndmgf7ui2bfc6gyk37kcq2gjphtlyjq",
                "image_source_details": [],
                "instance_id": "",
                "launch_mode": "NATIVE",
                "launch_options": [
                  {
                    "boot_volume_type": "PARAVIRTUALIZED",
                    "firmware": "UEFI_64",
                    "is_consistent_volume_naming_enabled": true,
                    "is_pv_encryption_in_transit_enabled": true,
                    "network_type": "PARAVIRTUALIZED",
                    "remote_data_volume_type": "PARAVIRTUALIZED"
                  }
                ],
                "listing_type": "",
                "operating_system": "Oracle Autonomous Linux",
                "operating_system_version": "7.9",
                "size_in_mbs": "47694",
                "state": "AVAILABLE",
                "time_created": "2022-05-09 20:56:52.8 +0000 UTC"
              }
            ],
            "operating_system": "Oracle Autonomous Linux",
            "operating_system_version": "7.9",
            "shape": "VM.Standard.E4.Flex",
            "sort_by": null,
            "sort_order": null,
            "state": null
          },
          "sensitive_attributes": []
        }
      ]
    },
    {
      "mode": "data",
      "type": "oci_core_services",
      "name": "service_gw_service",
      "provider": "provider[\"registry.terraform.io/oracle/oci\"]",
      "instances": [
        {
          "schema_version": 0,
          "attributes": {
            "filter": [
              {
                "name": "name",
                "regex": true,
                "values": [
                  "All .* Services In Oracle Services Network"
                ]
              }
            ],
            "id": "CoreServicesDataSource-0",
            "services": [
              {
                "cidr_block": "all-iad-services-in-oracle-services-network",
                "description": "All IAD Services In Oracle Services Network",
                "id": "ocid1.service.oc1.iad.aaaaaaaam4zfmy2rjue6fmglumm3czgisxzrnvrwqeodtztg7hwa272mlfna",
                "name": "All IAD Services In Oracle Services Network"
              }
            ]
          },
          "sensitive_attributes": []
        }
      ]
    },
    {
      "mode": "data",
      "type": "oci_identity_availability_domain",
      "name": "availability_domains",
      "provider": "provider[\"registry.terraform.io/oracle/oci\"]",
      "instances": [
        {
          "schema_version": 0,
          "attributes": {
            "ad_number": 1,
            "compartment_id": "ocid1.tenancy.oc1..aaaaaaaawoup473jm2scqcs6x2q2hmypzgqkew6rs3ygc2hgwszbxgjx2fxq",
            "id": "ocid1.availabilitydomain.oc1..aaaaaaaaztunlny6ae4yw2vghp5go2zceaonwp6wiioe3tnh2vlaxjjl2n3a",
            "name": "pNsu:US-ASHBURN-AD-1"
          },
          "sensitive_attributes": []
        }
      ]
    },
    {
      "mode": "managed",
      "type": "local_file",
      "name": "private_key",
      "provider": "provider[\"registry.terraform.io/hashicorp/local\"]",
      "instances": [
        {
          "index_key": 0,
          "schema_version": 0,
          "attributes": {
            "content": "-----BEGIN OPENSSH PRIVATE KEY-----\nb3BlbnNzaC1rZXktdjEAAAAABG5vbmUAAAAEbm9uZQAAAAAAAAABAAACFwAAAAdz\nc2gtcnNhAAAAAwEAAQAAAgEA62WtOoShT25LJCpA/jPiFsX/EBhikH6GuR+i6s2K\n/gItZ2rUZstY28IxWvgs7tEUJBX1N8hCszyv/mRok4W0kxkgFVy+a0USl4EoCZtM\nBuQ+1En15921vTIOiqQL/5QxCej6N6X1+TCkZGBilnssHyiGHas1DLAj8i4hvQEX\nUgWEaXkXeKP/KvvZYmmRDBg+0SaolH38q/LoCBt5QNxJQNtSyNag9lqDOxm9xyzk\neymXQiiwG0DOgiq4gHqD8hHtLdPH1x7R/PZvakCaxTUf0ti/fV1D+j4HsrABXY0R\n6Pj3dP3w8YFxE7gMKAWJgHd7WT2UNmCUJGfSJO0XQwP3WsAW9qZOZMMx3KxSWN4+\nh7IvjKSIedp02hqPGwEU6nvaR/U1Vt+Mj5dDU9UPas6BBpzPClb8w17ayW+Mxhxi\nj0eOyDQPf6hN0RphOB6EM87vENEoX1amzA3H8YENhixyeyMufDsZWVCxwhp+FxkO\nZDngINtRHCa6oLYWtedRNf3SwbgYupXffxAqGy2bjUCZAI91UZJRV5bgbW6xRAMu\n6SbLFLDKaowS5eUq1XrChvG4V+1iftAN+0lVhoje322oMZtei8EzfWWZ0lmwc6F9\ny/l2nVPCXXipzUYcin36z6vIFaLdAHvOsSoxfB+KnNerVCwhj9n/g9tMadyHmPyW\ne3UAAAc479w26O/cNugAAAAHc3NoLXJzYQAAAgEA62WtOoShT25LJCpA/jPiFsX/\nEBhikH6GuR+i6s2K/gItZ2rUZstY28IxWvgs7tEUJBX1N8hCszyv/mRok4W0kxkg\nFVy+a0USl4EoCZtMBuQ+1En15921vTIOiqQL/5QxCej6N6X1+TCkZGBilnssHyiG\nHas1DLAj8i4hvQEXUgWEaXkXeKP/KvvZYmmRDBg+0SaolH38q/LoCBt5QNxJQNtS\nyNag9lqDOxm9xyzkeymXQiiwG0DOgiq4gHqD8hHtLdPH1x7R/PZvakCaxTUf0ti/\nfV1D+j4HsrABXY0R6Pj3dP3w8YFxE7gMKAWJgHd7WT2UNmCUJGfSJO0XQwP3WsAW\n9qZOZMMx3KxSWN4+h7IvjKSIedp02hqPGwEU6nvaR/U1Vt+Mj5dDU9UPas6BBpzP\nClb8w17ayW+Mxhxij0eOyDQPf6hN0RphOB6EM87vENEoX1amzA3H8YENhixyeyMu\nfDsZWVCxwhp+FxkOZDngINtRHCa6oLYWtedRNf3SwbgYupXffxAqGy2bjUCZAI91\nUZJRV5bgbW6xRAMu6SbLFLDKaowS5eUq1XrChvG4V+1iftAN+0lVhoje322oMZte\ni8EzfWWZ0lmwc6F9y/l2nVPCXXipzUYcin36z6vIFaLdAHvOsSoxfB+KnNerVCwh\nj9n/g9tMadyHmPyWe3UAAAADAQABAAACAQDRlhrxgktZvJrcnV52tt0zZ6CcxQll\nG7J6O2fD5bQ+StQAQ0bQK3d3WuS02UiwbamgI4jM3No+Wedc+it+RcqsOe+t9YB5\nY+uUx2NNgl7jt+8U9rEie+2ngV0fJcalDV3INA4s4/AoqZ2E3aiJ0StMprkay2gV\nXvLyWw6hCMqptc3aVv2F5YZ4z/oSPGnvudqcP+5TIAWLV2Aub7+69yelvmFr/mUc\nUySKx3WIVDkuS66oMi/yY/Y6QS06/1pheoKRjgFdUMyojQZQNStYMN+fzGpahWLT\n+MzD1R+yGrt6kclJ+hu/+38hjnoMXDm8DyXdJA3FiKH99A5P4GUYvvxItJBkQP5g\nThqLjpr219NrF76Ttztg+cymL0Lel0YZ9T5yt6UCLAvqzppJewBn5TTlWen7pe91\nBXWgADzYiIENynC//fN3Ns/on8o56KA4c2pqkKFk4HlbPYPUII7VaHSvvbi+TNHN\nBK8YixNRtQifTXdxk3aOopFSJTZCytJ9+ZDpt7OMQ+0kqOVuA9y/tKPkGg3vqfLR\nWa/5rYgtFF7Gfkljl72tYO3whBu2dcea7wpLtO8oDuP8Zk0EEOqhqYkBPLaWcLen\n5wMWTLDZoW/Ycl+vbs73+KOBWZEdksNNU0HMztoFL6OTWqCjmP3WwqBHbh3Nqh6Z\n1+FyCsAKYRuXFQAAAQEAsiUI0BELiLTsE/z+X96gS6JxATJ9YBBEkkk7FI1zteq6\nIbP7sXTl/3sM91Qdc4KoCRalz0qVk6BeS2gpeuOz6o8S+WnVrx/SGSNtDi6mEFlC\nvTfQwvCwRqJ7pTH/VUia6PTwmTkOvemS7UQUgbqjKmtuctNd4jWq3bnWOJH9T5SK\np0AMrgYH23d8WgbyOC8zjIkaKolAmk+3dsIde3cCzgr60WtKcSEXTQGDNf2w2rPm\njEngZ/OrAv+++n5claTriDxLI4UbrpnsJ+8zGBQqrr09KzJfAaJlKkqWxfmyU4e5\nht9287YlCxNcXoSKNHzCLutAhlZDdIoOUBfK6VddfgAAAQEA8ThxZZwD+D+IfpRt\nMlpSmCK+y5Oeh8U4r/a9c/XP5nkUQqEPADIQB3ghDdO4HhIdfOgM/y+EKS6jrhFx\n2ZrwEmitgRF1apGmoUnyA26XIsY11xeOjRNVfVSpWYL6jLH9xIFYjClsa2WCAjIF\noXJ8tGWU1FZ+6cmCHyJGkGc+Ur5elqHvBTF1nCtrJiKjv561Gwb70yBthm/Yxx7t\nsWtV84vTJUHiG+9Ke9P2ExXgzV19V2lfTPg09ck7APu5a8wc4Dcz6XqpX+UimZYC\njBdRNM2zTjLiV3ijjd7su1Zf+CVlz5zZANZreGr4/RgGuaNif8BhkMpTu9O+zNY7\nmkCVzwAAAQEA+dHlE8KH1k0rDVBALw9g1UStkSZqA0zwiCx5mke6i5XpExYrlnIn\nqlctZxHZOnqPitcCQc277Rmo6bsiQgboFhkToNX/Nd0gFviMA0UYRGFEQdzzpiXk\nnCsYgd7MVIg/sTK/lf/q5tm2LUKOwa1ocuv5fUfGz57pn+GOfRKrNifdhxfmNhBd\nmanRGVRVS/JNZOrj12OUzgG3xJFLcyWqYvD6uKIMc6/dgmyyW+c072Zd+VYEw0iM\nCCSFoIFkzjbreqPaN452V8upQP21US7kyhK2nl3KwoSEKHJfSnjPKCj9ImNwzksa\neY2OWrdqH9fBGtcwmBAaT9Smx0tQA/qvewAAAAAB\n-----END OPENSSH PRIVATE KEY-----\n",
            "content_base64": null,
            "directory_permission": "0777",
            "file_permission": "600",
            "filename": "./bastion_key",
            "id": "c6905efb9fdaff8c9a3389e6f4c136579e5bc2df",
            "sensitive_content": null,
            "source": null
          },
          "sensitive_attributes": [
            [
              {
                "type": "get_attr",
                "value": "content"
              }
            ]
          ],
          "private": "bnVsbA==",
          "dependencies": [
            "tls_private_key.example_com"
          ]
        }
      ]
    },
    {
      "mode": "managed",
      "type": "oci_bastion_bastion",
      "name": "bastion_service",
      "provider": "provider[\"registry.terraform.io/oracle/oci\"]",
      "instances": [
        {
          "schema_version": 0,
          "attributes": {
            "bastion_type": "STANDARD",
            "client_cidr_block_allow_list": [
              "0.0.0.0/0"
            ],
            "compartment_id": "ocid1.compartment.oc1..aaaaaaaa3p3spj472mot3moqwozcxzsuefbbujqclt5mslw7gdhr54zuerqq",
            "defined_tags": {
              "Oracle-Tags.CreatedBy": "oracleidentitycloudservice/andy.tael@oracle.com",
              "Oracle-Tags.CreatedOn": "2022-07-28T15:59:19.318Z"
            },
            "freeform_tags": {},
            "id": "ocid1.bastion.oc1.iad.amaaaaaaigoxhqyapyxqeyzy3ndmnjabcc7cbkkb7i67us3vp2bbbgq6aoyq",
            "lifecycle_details": null,
            "max_session_ttl_in_seconds": 10800,
            "max_sessions_allowed": 20,
            "name": "ATBastionService",
            "phone_book_entry": null,
            "private_endpoint_ip_address": "172.16.0.55",
            "state": "ACTIVE",
            "static_jump_host_ip_addresses": [],
            "system_tags": {},
            "target_subnet_id": "ocid1.subnet.oc1.iad.aaaaaaaapembzk2w6vut7im4amd7pp4ue7g2y6aeey3f76hyxjjsw5lyspsq",
            "target_vcn_id": "ocid1.vcn.oc1.iad.amaaaaaaigoxhqyausi5mlee5mqorhudmk7qxpf46hl34rn2nfj64daif23a",
            "time_created": "2022-07-28 15:59:23.713 +0000 UTC",
            "time_updated": "2022-07-28 16:00:40.335 +0000 UTC",
            "timeouts": null
          },
          "sensitive_attributes": [],
          "private": "eyJlMmJmYjczMC1lY2FhLTExZTYtOGY4OC0zNDM2M2JjN2M0YzAiOnsiY3JlYXRlIjoxMjAwMDAwMDAwMDAwLCJkZWxldGUiOjEyMDAwMDAwMDAwMDAsInVwZGF0ZSI6MTIwMDAwMDAwMDAwMH19",
          "dependencies": [
            "oci_core_internet_gateway.internet_gateway",
            "oci_core_route_table.route_table_internet_gw",
            "oci_core_subnet.subnet_public",
            "oci_core_vcn.vcn"
          ]
        }
      ]
    },
    {
      "mode": "managed",
      "type": "oci_bastion_session",
      "name": "session_forward_ssh",
      "provider": "provider[\"registry.terraform.io/oracle/oci\"]",
      "instances": [
        {
          "index_key": 0,
          "schema_version": 0,
          "attributes": {
            "bastion_id": "ocid1.bastion.oc1.iad.amaaaaaaigoxhqyapyxqeyzy3ndmnjabcc7cbkkb7i67us3vp2bbbgq6aoyq",
            "bastion_name": "ATBastionService",
            "bastion_public_host_key_info": null,
            "bastion_user_name": "ocid1.bastionsession.oc1.iad.amaaaaaaigoxhqyai2be6tz5wkdioh5mi476d7nlnni67mouxj4djtwsw22q",
            "display_name": "AT-port-forward",
            "id": "ocid1.bastionsession.oc1.iad.amaaaaaaigoxhqyai2be6tz5wkdioh5mi476d7nlnni67mouxj4djtwsw22q",
            "key_details": [
              {
                "public_key_content": "ssh-rsa AAAAB3NzaC1yc2EAAAADAQABAAACAQDrZa06hKFPbkskKkD+M+IWxf8QGGKQfoa5H6LqzYr+Ai1natRmy1jbwjFa+Czu0RQkFfU3yEKzPK/+ZGiThbSTGSAVXL5rRRKXgSgJm0wG5D7USfXn3bW9Mg6KpAv/lDEJ6Po3pfX5MKRkYGKWeywfKIYdqzUMsCPyLiG9ARdSBYRpeRd4o/8q+9liaZEMGD7RJqiUffyr8ugIG3lA3ElA21LI1qD2WoM7Gb3HLOR7KZdCKLAbQM6CKriAeoPyEe0t08fXHtH89m9qQJrFNR/S2L99XUP6PgeysAFdjRHo+Pd0/fDxgXETuAwoBYmAd3tZPZQ2YJQkZ9Ik7RdDA/dawBb2pk5kwzHcrFJY3j6Hsi+MpIh52nTaGo8bARTqe9pH9TVW34yPl0NT1Q9qzoEGnM8KVvzDXtrJb4zGHGKPR47INA9/qE3RGmE4HoQzzu8Q0ShfVqbMDcfxgQ2GLHJ7Iy58OxlZULHCGn4XGQ5kOeAg21EcJrqgtha151E1/dLBuBi6ld9/ECobLZuNQJkAj3VRklFXluBtbrFEAy7pJssUsMpqjBLl5SrVesKG8bhX7WJ+0A37SVWGiN7fbagxm16LwTN9ZZnSWbBzoX3L+XadU8JdeKnNRhyKffrPq8gVot0Ae86xKjF8H4qc16tULCGP2f+D20xp3IeY/JZ7dQ==\n"
              }
            ],
            "key_type": "PUB",
            "lifecycle_details": null,
            "session_ttl_in_seconds": 10800,
            "ssh_metadata": {
              "command": "ssh -i \u003cprivateKey\u003e -N -L \u003clocalPort\u003e:172.16.0.195:1521 -p 22 ocid1.bastionsession.oc1.iad.amaaaaaaigoxhqyai2be6tz5wkdioh5mi476d7nlnni67mouxj4djtwsw22q@host.bastion.us-ashburn-1.oci.oraclecloud.com"
            },
            "state": "ACTIVE",
            "target_resource_details": [
              {
                "session_type": "PORT_FORWARDING",
                "target_resource_display_name": "",
                "target_resource_id": "",
                "target_resource_operating_system_user_name": "",
                "target_resource_port": 1521,
                "target_resource_private_ip_address": "172.16.0.195"
              }
            ],
            "time_created": "2022-07-28 16:09:15.986 +0000 UTC",
            "time_updated": "2022-07-28 16:09:25.935 +0000 UTC",
            "timeouts": null
          },
          "sensitive_attributes": [],
          "private": "eyJlMmJmYjczMC1lY2FhLTExZTYtOGY4OC0zNDM2M2JjN2M0YzAiOnsiY3JlYXRlIjoxMjAwMDAwMDAwMDAwLCJkZWxldGUiOjEyMDAwMDAwMDAwMDAsInVwZGF0ZSI6MTIwMDAwMDAwMDAwMH19",
          "dependencies": [
            "data.oci_core_images.images",
            "data.oci_identity_availability_domain.availability_domains",
            "oci_bastion_bastion.bastion_service",
            "oci_core_instance.instance",
            "oci_core_internet_gateway.internet_gateway",
            "oci_core_nat_gateway.nat_gateway",
            "oci_core_network_security_group.security_group_adb",
            "oci_core_network_security_group.security_group_ords",
            "oci_core_network_security_group.security_group_ssh",
            "oci_core_route_table.route_table_internet_gw",
            "oci_core_route_table.route_table_nat_gw",
            "oci_core_subnet.subnet_private",
            "oci_core_subnet.subnet_public",
            "oci_core_vcn.vcn",
            "oci_database_autonomous_database.autonomous_database",
            "random_password.autonomous_database_password",
            "time_sleep.wait_4_minutes_for_bastion_plugin",
            "tls_private_key.example_com"
          ]
        }
      ]
    },
    {
      "mode": "managed",
      "type": "oci_bastion_session",
      "name": "session_managed_ssh",
      "provider": "provider[\"registry.terraform.io/oracle/oci\"]",
      "instances": [
        {
          "index_key": 0,
          "schema_version": 0,
          "attributes": {
            "bastion_id": "ocid1.bastion.oc1.iad.amaaaaaaigoxhqyapyxqeyzy3ndmnjabcc7cbkkb7i67us3vp2bbbgq6aoyq",
            "bastion_name": "ATBastionService",
            "bastion_public_host_key_info": null,
            "bastion_user_name": "opc",
            "display_name": "AT-bastion-ssh",
            "id": "ocid1.bastionsession.oc1.iad.amaaaaaaigoxhqya25eayrhowm6rgpjsxmqlsq7bue7q2tzpdpk63repxueq",
            "key_details": [
              {
                "public_key_content": "ssh-rsa AAAAB3NzaC1yc2EAAAADAQABAAACAQDrZa06hKFPbkskKkD+M+IWxf8QGGKQfoa5H6LqzYr+Ai1natRmy1jbwjFa+Czu0RQkFfU3yEKzPK/+ZGiThbSTGSAVXL5rRRKXgSgJm0wG5D7USfXn3bW9Mg6KpAv/lDEJ6Po3pfX5MKRkYGKWeywfKIYdqzUMsCPyLiG9ARdSBYRpeRd4o/8q+9liaZEMGD7RJqiUffyr8ugIG3lA3ElA21LI1qD2WoM7Gb3HLOR7KZdCKLAbQM6CKriAeoPyEe0t08fXHtH89m9qQJrFNR/S2L99XUP6PgeysAFdjRHo+Pd0/fDxgXETuAwoBYmAd3tZPZQ2YJQkZ9Ik7RdDA/dawBb2pk5kwzHcrFJY3j6Hsi+MpIh52nTaGo8bARTqe9pH9TVW34yPl0NT1Q9qzoEGnM8KVvzDXtrJb4zGHGKPR47INA9/qE3RGmE4HoQzzu8Q0ShfVqbMDcfxgQ2GLHJ7Iy58OxlZULHCGn4XGQ5kOeAg21EcJrqgtha151E1/dLBuBi6ld9/ECobLZuNQJkAj3VRklFXluBtbrFEAy7pJssUsMpqjBLl5SrVesKG8bhX7WJ+0A37SVWGiN7fbagxm16LwTN9ZZnSWbBzoX3L+XadU8JdeKnNRhyKffrPq8gVot0Ae86xKjF8H4qc16tULCGP2f+D20xp3IeY/JZ7dQ==\n"
              }
            ],
            "key_type": "PUB",
            "lifecycle_details": null,
            "session_ttl_in_seconds": 10800,
            "ssh_metadata": {
              "command": "ssh -i \u003cprivateKey\u003e -o ProxyCommand=\"ssh -i \u003cprivateKey\u003e -W %h:%p -p 22 ocid1.bastionsession.oc1.iad.amaaaaaaigoxhqya25eayrhowm6rgpjsxmqlsq7bue7q2tzpdpk63repxueq@host.bastion.us-ashburn-1.oci.oraclecloud.com\" -p 22 opc@172.16.0.160"
            },
            "state": "ACTIVE",
            "target_resource_details": [
              {
                "session_type": "MANAGED_SSH",
                "target_resource_display_name": "AT-ords-core",
                "target_resource_id": "ocid1.instance.oc1.iad.anuwcljsigoxhqycbrnqn6x7s4rdsba2atlcihnq4bb42c5gghteq57ojajq",
                "target_resource_operating_system_user_name": "opc",
                "target_resource_port": 22,
                "target_resource_private_ip_address": "172.16.0.160"
              }
            ],
            "time_created": "2022-07-28 16:09:22.409 +0000 UTC",
            "time_updated": "2022-07-28 16:10:29.632 +0000 UTC",
            "timeouts": null
          },
          "sensitive_attributes": [],
          "private": "eyJlMmJmYjczMC1lY2FhLTExZTYtOGY4OC0zNDM2M2JjN2M0YzAiOnsiY3JlYXRlIjoxMjAwMDAwMDAwMDAwLCJkZWxldGUiOjEyMDAwMDAwMDAwMDAsInVwZGF0ZSI6MTIwMDAwMDAwMDAwMH19",
          "dependencies": [
            "data.oci_core_images.images",
            "data.oci_identity_availability_domain.availability_domains",
            "oci_bastion_bastion.bastion_service",
            "oci_core_instance.instance",
            "oci_core_internet_gateway.internet_gateway",
            "oci_core_nat_gateway.nat_gateway",
            "oci_core_network_security_group.security_group_adb",
            "oci_core_network_security_group.security_group_ords",
            "oci_core_network_security_group.security_group_ssh",
            "oci_core_route_table.route_table_internet_gw",
            "oci_core_route_table.route_table_nat_gw",
            "oci_core_subnet.subnet_private",
            "oci_core_subnet.subnet_public",
            "oci_core_vcn.vcn",
            "oci_database_autonomous_database.autonomous_database",
            "random_password.autonomous_database_password",
            "time_sleep.wait_4_minutes_for_bastion_plugin",
            "tls_private_key.example_com"
          ]
        }
      ]
    },
    {
      "mode": "managed",
      "type": "oci_core_default_security_list",
      "name": "export_Default-Security-List-for-apexpoc-vcn",
      "provider": "provider[\"registry.terraform.io/oracle/oci\"]",
      "instances": [
        {
          "schema_version": 0,
          "attributes": {
            "compartment_id": "ocid1.compartment.oc1..aaaaaaaa3p3spj472mot3moqwozcxzsuefbbujqclt5mslw7gdhr54zuerqq",
            "defined_tags": {
              "Oracle-Tags.CreatedBy": "oracleidentitycloudservice/andy.tael@oracle.com",
              "Oracle-Tags.CreatedOn": "2022-07-28T15:59:11.258Z"
            },
            "display_name": "Default Security List",
            "egress_security_rules": [
              {
                "description": "",
                "destination": "0.0.0.0/0",
                "destination_type": "CIDR_BLOCK",
                "icmp_options": [],
                "protocol": "all",
                "stateless": false,
                "tcp_options": [],
                "udp_options": []
              }
            ],
            "freeform_tags": {},
            "id": "ocid1.securitylist.oc1.iad.aaaaaaaa3fbnkxlav4p2tlzjjrj6lwpgsxmnxytxykyqernsobrsv27y3ixq",
            "ingress_security_rules": [
              {
                "description": "",
                "icmp_options": [
                  {
                    "code": -1,
                    "type": 3
                  }
                ],
                "protocol": "1",
                "source": "10.0.0.0/16",
                "source_type": "CIDR_BLOCK",
                "stateless": false,
                "tcp_options": [],
                "udp_options": []
              },
              {
                "description": "",
                "icmp_options": [
                  {
                    "code": 4,
                    "type": 3
                  }
                ],
                "protocol": "1",
                "source": "0.0.0.0/0",
                "source_type": "CIDR_BLOCK",
                "stateless": false,
                "tcp_options": [],
                "udp_options": []
              },
              {
                "description": "",
                "icmp_options": [],
                "protocol": "6",
                "source": "172.16.0.0/25",
                "source_type": "CIDR_BLOCK",
                "stateless": false,
                "tcp_options": [
                  {
                    "max": 22,
                    "min": 22,
                    "source_port_range": []
                  }
                ],
                "udp_options": []
              }
            ],
            "manage_default_resource_id": "ocid1.securitylist.oc1.iad.aaaaaaaa3fbnkxlav4p2tlzjjrj6lwpgsxmnxytxykyqernsobrsv27y3ixq",
            "state": "AVAILABLE",
            "time_created": "2022-07-28 15:59:11.482 +0000 UTC",
            "timeouts": null
          },
          "sensitive_attributes": [],
          "private": "eyJlMmJmYjczMC1lY2FhLTExZTYtOGY4OC0zNDM2M2JjN2M0YzAiOnsiY3JlYXRlIjoxMjAwMDAwMDAwMDAwLCJkZWxldGUiOjEyMDAwMDAwMDAwMDAsInVwZGF0ZSI6MTIwMDAwMDAwMDAwMH19",
          "dependencies": [
            "oci_core_vcn.vcn"
          ]
        }
      ]
    },
    {
      "mode": "managed",
      "type": "oci_core_instance",
      "name": "instance",
      "provider": "provider[\"registry.terraform.io/oracle/oci\"]",
      "instances": [
        {
          "schema_version": 0,
          "attributes": {
            "agent_config": [
              {
                "are_all_plugins_disabled": false,
                "is_management_disabled": false,
                "is_monitoring_disabled": false,
                "plugins_config": [
                  {
                    "desired_state": "ENABLED",
                    "name": "Bastion"
                  }
                ]
              }
            ],
            "async": null,
            "availability_config": [
              {
                "is_live_migration_preferred": false,
                "recovery_action": "RESTORE_INSTANCE"
              }
            ],
            "availability_domain": "pNsu:US-ASHBURN-AD-1",
            "boot_volume_id": "ocid1.bootvolume.oc1.iad.abuwcljs3vohr2ysturpd26kf77wgydaet63pwsvmlbvqxsgd3ldv4erjasq",
            "capacity_reservation_id": null,
            "compartment_id": "ocid1.compartment.oc1..aaaaaaaa3p3spj472mot3moqwozcxzsuefbbujqclt5mslw7gdhr54zuerqq",
            "create_vnic_details": [
              {
                "assign_private_dns_record": false,
                "assign_public_ip": "false",
                "defined_tags": {
                  "Oracle-Tags.CreatedBy": "oracleidentitycloudservice/andy.tael@oracle.com",
                  "Oracle-Tags.CreatedOn": "2022-07-28T16:04:38.969Z"
                },
                "display_name": "AT-ords-core",
                "freeform_tags": {},
                "hostname_label": "at-ords-core",
                "nsg_ids": [
                  "ocid1.networksecuritygroup.oc1.iad.aaaaaaaaua42b7zcy6q6pvtgobncp5fwpey67eenf7qkdkfaawurewu3cfuq",
                  "ocid1.networksecuritygroup.oc1.iad.aaaaaaaaz4ms6hvpyuvukombnzdn2ejjbtxy5nxttcanhnreuogv4tdui4ia"
                ],
                "private_ip": "172.16.0.160",
                "skip_source_dest_check": false,
                "subnet_id": "ocid1.subnet.oc1.iad.aaaaaaaahj3g6w34w72j5edwmpumg3ndvwzqg2kxhgolvxbryhuplmzc4hqa",
                "vlan_id": ""
              }
            ],
            "dedicated_vm_host_id": null,
            "defined_tags": {
              "Oracle-Tags.CreatedBy": "oracleidentitycloudservice/andy.tael@oracle.com",
              "Oracle-Tags.CreatedOn": "2022-07-28T16:04:38.530Z"
            },
            "display_name": "AT-ords-core",
            "extended_metadata": null,
            "fault_domain": "FAULT-DOMAIN-2",
            "freeform_tags": {},
            "hostname_label": "at-ords-core",
            "id": "ocid1.instance.oc1.iad.anuwcljsigoxhqycbrnqn6x7s4rdsba2atlcihnq4bb42c5gghteq57ojajq",
            "image": "ocid1.image.oc1.iad.aaaaaaaawgdstjbip6pjzehc3zxxc3icxejhkhey2w52mznla6a5udcprieq",
            "instance_options": [
              {
                "are_legacy_imds_endpoints_disabled": false
              }
            ],
            "ipxe_script": null,
            "is_pv_encryption_in_transit_enabled": null,
            "launch_mode": "PARAVIRTUALIZED",
            "launch_options": [
              {
                "boot_volume_type": "PARAVIRTUALIZED",
                "firmware": "UEFI_64",
                "is_consistent_volume_naming_enabled": true,
                "is_pv_encryption_in_transit_enabled": false,
                "network_type": "PARAVIRTUALIZED",
                "remote_data_volume_type": "PARAVIRTUALIZED"
              }
            ],
            "metadata": {
              "ssh_authorized_keys": "ssh-rsa AAAAB3NzaC1yc2EAAAADAQABAAACAQDrZa06hKFPbkskKkD+M+IWxf8QGGKQfoa5H6LqzYr+Ai1natRmy1jbwjFa+Czu0RQkFfU3yEKzPK/+ZGiThbSTGSAVXL5rRRKXgSgJm0wG5D7USfXn3bW9Mg6KpAv/lDEJ6Po3pfX5MKRkYGKWeywfKIYdqzUMsCPyLiG9ARdSBYRpeRd4o/8q+9liaZEMGD7RJqiUffyr8ugIG3lA3ElA21LI1qD2WoM7Gb3HLOR7KZdCKLAbQM6CKriAeoPyEe0t08fXHtH89m9qQJrFNR/S2L99XUP6PgeysAFdjRHo+Pd0/fDxgXETuAwoBYmAd3tZPZQ2YJQkZ9Ik7RdDA/dawBb2pk5kwzHcrFJY3j6Hsi+MpIh52nTaGo8bARTqe9pH9TVW34yPl0NT1Q9qzoEGnM8KVvzDXtrJb4zGHGKPR47INA9/qE3RGmE4HoQzzu8Q0ShfVqbMDcfxgQ2GLHJ7Iy58OxlZULHCGn4XGQ5kOeAg21EcJrqgtha151E1/dLBuBi6ld9/ECobLZuNQJkAj3VRklFXluBtbrFEAy7pJssUsMpqjBLl5SrVesKG8bhX7WJ+0A37SVWGiN7fbagxm16LwTN9ZZnSWbBzoX3L+XadU8JdeKnNRhyKffrPq8gVot0Ae86xKjF8H4qc16tULCGP2f+D20xp3IeY/JZ7dQ==\n",
              "user_data": "I2Nsb3VkLWNvbmZpZwpvdXRwdXQ6IHthbGw6ICd8IHRlZSAtYSAvdmFyL2xvZy9jbG91ZC1pbml0LW9yZHMubG9nJ30KcGFja2FnZV91cGdyYWRlOiBmYWxzZQpwYWNrYWdlczoKICAtIHl1bS1jcm9uCiAgLSBbamRrLTE3LCAyMDAwOjE3LjAuNC1nYS54ODZfNjRdCiAgLSBbb3JkcywgMjIuMi4wLTYuZWw3XSAKICAtIFtzcWxjbCwgMjIuMi4wLTIuZWw3XQp3cml0ZV9maWxlczoKLSBwYXRoOiAvZXRjL29yZHMuY29uZi5jdXN0b20KICBwZXJtaXNzaW9uczogJzA2NDQnCiAgY29udGVudDogfAogICAgQVBQX1ZNX09QVFM9LVhtczQwOTZtCiAgICBPUkRTX0JBU0U9L29wdC9vcmFjbGUvb3JkcwogICAgT1JEU19DT05GSUc9L2hvbWUvb3JhY2xlL29yZHMvY29uZmlnCiAgYXBwZW5kOiBmYWxzZQogIGRlZmVyOiB0cnVlCi0gcGF0aDogL2hvbWUvb3JhY2xlL29yZHMvY29uZmlnL2RhdGFiYXNlcy9kZWZhdWx0L3Bvb2wueG1sCiAgcGVybWlzc2lvbnM6ICcwNjQ0JwogIGNvbnRlbnQ6IHwKICAgIDw/eG1sIHZlcnNpb249IjEuMCIgZW5jb2Rpbmc9IlVURi04IiBzdGFuZGFsb25lPSJubyI/PgogICAgPCFET0NUWVBFIHByb3BlcnRpZXMgU1lTVEVNICJodHRwOi8vamF2YS5zdW4uY29tL2R0ZC9wcm9wZXJ0aWVzLmR0ZCI+CiAgICA8cHJvcGVydGllcz4KICAgIDxlbnRyeSBrZXk9ImRiLmNvbm5lY3Rpb25UeXBlIj5jdXN0b211cmw8L2VudHJ5PgogICAgPGVudHJ5IGtleT0iZGIuY3VzdG9tVVJMIj5qZGJjOm9yYWNsZTp0aGluOkAoZGVzY3JpcHRpb249IChyZXRyeV9jb3VudD0yMCkocmV0cnlfZGVsYXk9MykoYWRkcmVzcz0ocHJvdG9jb2w9dGNwcykocG9ydD0xNTIxKShob3N0PUFUWFNBREJQcml2YXRlRW5kcG9pbnQuYWRiLnVzLWFzaGJ1cm4tMS5vcmFjbGVjbG91ZC5jb20pKShjb25uZWN0X2RhdGE9KHNlcnZpY2VfbmFtZT1kdnR3ZWVncWxxYnNrdWxfYXRkYnhzX3RwLmFkYi5vcmFjbGVjbG91ZC5jb20pKShzZWN1cml0eT0oc3NsX3NlcnZlcl9kbl9tYXRjaD15ZXMpKSk8L2VudHJ5PgogICAgPGVudHJ5IGtleT0iZGIudXNlcm5hbWUiPk9SRFNfUFVCTElDX1VTRVJfT0NJPC9lbnRyeT4KICAgIDxlbnRyeSBrZXk9InBsc3FsLmdhdGV3YXkubW9kZSI+cHJveGllZDwvZW50cnk+CiAgICA8L3Byb3BlcnRpZXM+CiAgYXBwZW5kOiBmYWxzZQogIGRlZmVyOiB0cnVlCi0gcGF0aDogL2hvbWUvb3JhY2xlL29yZHMvY29uZmlnL2dsb2JhbC9zZXR0aW5ncy54bWwKICBwZXJtaXNzaW9uczogJzA2NDQnCiAgY29udGVudDogfAogICAgPD94bWwgdmVyc2lvbj0iMS4wIiBlbmNvZGluZz0iVVRGLTgiPz4KICAgIDwhRE9DVFlQRSBwcm9wZXJ0aWVzIFNZU1RFTSAiaHR0cDovL2phdmEuc3VuLmNvbS9kdGQvcHJvcGVydGllcy5kdGQiPgogICAgPHByb3BlcnRpZXM+CiAgICA8Y29tbWVudD5EZWZhdWx0IGNyZWF0ZWQgYnkgSWFDPC9jb21tZW50PgogICAgPGVudHJ5IGtleT0iZGF0YWJhc2UuYXBpLmVuYWJsZWQiPnRydWU8L2VudHJ5PgogICAgPGVudHJ5IGtleT0iZmVhdHVyZS5zZHciPnRydWU8L2VudHJ5PgogICAgPGVudHJ5IGtleT0iamRiYy5Jbml0aWFsTGltaXQiPjEwPC9lbnRyeT4KICAgIDxlbnRyeSBrZXk9ImpkYmMuTWF4TGltaXQiPjEwMDwvZW50cnk+CiAgICA8ZW50cnkga2V5PSJyZXN0RW5hYmxlZFNxbC5hY3RpdmUiPnRydWU8L2VudHJ5PgogICAgPGVudHJ5IGtleT0ic2VjdXJpdHkuaHR0cHNIZWFkZXJDaGVjayI+WC1Gb3J3YXJkZWQtUHJvdG86IGh0dHBzPC9lbnRyeT4KICAgIDxlbnRyeSBrZXk9InN0YW5kYWxvbmUuY29udGV4dC5wYXRoIj4vb3JkczwvZW50cnk+CiAgICA8ZW50cnkga2V5PSJzdGFuZGFsb25lLmh0dHAucG9ydCI+ODA4MDwvZW50cnk+CiAgICA8ZW50cnkga2V5PSJzdGFuZGFsb25lLnN0YXRpYy5jb250ZXh0LnBhdGgiPi9pPC9lbnRyeT4KICAgIDxlbnRyeSBrZXk9InNlY3VyaXR5LmNyZWRlbnRpYWxzLmZpbGUiPi9ob21lL29yYWNsZS9vcmRzL2NvbmZpZy9nbG9iYWwvY3JlZGVudGlhbHM8L2VudHJ5PgogICAgPC9wcm9wZXJ0aWVzPgogIGFwcGVuZDogZmFsc2UKICBkZWZlcjogdHJ1ZQotIHBhdGg6IC9ob21lL29yYWNsZS9vcmRzL3NldHVwLnNxbAogIHBlcm1pc3Npb25zOiAnMDc1NScKICBjb250ZW50OiB8CiAgICBzZXQgc2VydmVyb3V0cHV0IG9uIHNpemUgOTk5OTkgZmVlZGJhY2sgb2ZmIHRpbWluZyBvbiBsaW5lc2l6ZSAxODAgZWNobyBvbgogICAgd2hlbmV2ZXIgc3FsZXJyb3IgY29udGludWUKICAgIERFQ0xBUkUKICAgICAgTF9VU0VSCVZBUkNIQVIyKDI1NSk7CiAgICBCRUdJTgogICAgICBCRUdJTgogICAgICAgIFNFTEVDVCBVU0VSTkFNRSBJTlRPIExfVVNFUiBGUk9NIERCQV9VU0VSUyBXSEVSRSBVU0VSTkFNRT0nT1JEU19QVUJMSUNfVVNFUl9PQ0knOwogICAgICAgIGV4ZWN1dGUgaW1tZWRpYXRlICdBTFRFUiBVU0VSICJPUkRTX1BVQkxJQ19VU0VSX09DSSIgSURFTlRJRklFRCBCWSAiJjEiJzsKICAgICAgRVhDRVBUSU9OIFdIRU4gTk9fREFUQV9GT1VORCBUSEVOCiAgICAgICAgZXhlY3V0ZSBpbW1lZGlhdGUgJ0NSRUFURSBVU0VSICJPUkRTX1BVQkxJQ19VU0VSX09DSSIgSURFTlRJRklFRCBCWSAiJjEiJzsKICAgICAgRU5EOwogICAgICBCRUdJTgogICAgICAgIFNFTEVDVCBVU0VSTkFNRSBJTlRPIExfVVNFUiBGUk9NIERCQV9VU0VSUyBXSEVSRSBVU0VSTkFNRT0nT1JEU19QTFNRTF9HQVRFV0FZX09DSSc7CiAgICAgICAgZXhlY3V0ZSBpbW1lZGlhdGUgJ0FMVEVSIFVTRVIgIk9SRFNfUExTUUxfR0FURVdBWV9PQ0kiIElERU5USUZJRUQgQlkgIiYxIic7CiAgICAgIEVYQ0VQVElPTiBXSEVOIE5PX0RBVEFfRk9VTkQgVEhFTgogICAgICAgIGV4ZWN1dGUgaW1tZWRpYXRlICdDUkVBVEUgVVNFUiAiT1JEU19QTFNRTF9HQVRFV0FZX09DSSIgSURFTlRJRklFRCBCWSAiJjEiJzsKICAgICAgRU5EOwogICAgRU5EOyAgICAKICAgIC8KICAgIEdSQU5UIENPTk5FQ1QgVE8gT1JEU19QVUJMSUNfVVNFUl9PQ0k7CiAgICBBTFRFUiBVU0VSIE9SRFNfUFVCTElDX1VTRVJfT0NJIFBST0ZJTEUgT1JBX0FQUF9QUk9GSUxFOwogICAgR1JBTlQgQ09OTkVDVCBUTyBPUkRTX1BMU1FMX0dBVEVXQVlfT0NJOwogICAgQUxURVIgVVNFUiBPUkRTX1BMU1FMX0dBVEVXQVlfT0NJIFBST0ZJTEUgT1JBX0FQUF9QUk9GSUxFOwogICAgQUxURVIgVVNFUiBPUkRTX1BMU1FMX0dBVEVXQVlfT0NJIEdSQU5UIENPTk5FQ1QgVEhST1VHSCBPUkRTX1BVQkxJQ19VU0VSX09DSTsKICAgIEJFR0lOCiAgICAgIE9SRFNfQURNSU4uUFJPVklTSU9OX1JVTlRJTUVfUk9MRSAoCiAgICAgICAgcF91c2VyID0+ICdPUkRTX1BVQkxJQ19VU0VSX09DSScsCiAgICAgICAgcF9wcm94eV9lbmFibGVkX3NjaGVtYXMgPT4gVFJVRQogICAgICApOwogICAgRU5EOwogICAgLwogICAgQkVHSU4KICAgICAgT1JEU19BRE1JTi5DT05GSUdfUExTUUxfR0FURVdBWSAoCiAgICAgICAgcF9ydW50aW1lX3VzZXIgPT4gJ09SRFNfUFVCTElDX1VTRVJfT0NJJywKICAgICAgICBwX3Bsc3FsX2dhdGV3YXlfdXNlciA9PiAnT1JEU19QTFNRTF9HQVRFV0FZX09DSScKICAgICAgKTsKICAgIEVORDsKICAgIC8KICAgIERFQ0xBUkUKICAgICAgTF9DRE4gIFZBUkNIQVIyKDI1NSk7CiAgICBCRUdJTgogICAgICBTRUxFQ1QgaW1hZ2VzX3ZlcnNpb24gSU5UTyBMX0NETiAKICAgICAgICBGUk9NIEFQRVhfUEFUQ0hFUwogICAgICAgd2hlcmUgaXNfYnVuZGxlX3BhdGNoID0gJ1llcycKICAgICAgIG9yZGVyIGJ5IHBhdGNoX3ZlcnNpb24gZGVzYwogICAgICAgZmV0Y2ggZmlyc3QgMSByb3dzIG9ubHk7CiAgICAgIGFwZXhfaW5zdGFuY2VfYWRtaW4uc2V0X3BhcmFtZXRlcigKICAgICAgICAgIHBfcGFyYW1ldGVyID0+ICdJTUFHRV9QUkVGSVgnLAogICAgICAgICAgcF92YWx1ZSAgICAgPT4gJ2h0dHBzOi8vc3RhdGljLm9yYWNsZS5jb20vY2RuL2FwZXgvJ3x8TF9DRE58fCcvJyAKICAgICAgKTsgICAgICAKICAgICAgY29tbWl0OwogICAgRU5EOwogICAgLwogICAgQkVHSU4KICAgICAgICBhcGV4X2luc3RhbmNlX2FkbWluLnNldF9wYXJhbWV0ZXIoJ1JFU1RSSUNUX0RFVl9IRUFERVInLCAnQVBFWC1QdWJsaWMtQWNjZXNzJyk7CiAgICAgICAgY29tbWl0OwogICAgRU5EOwogICAgLwogICAgLS0gVGhlIGJlbG93IGlzIHVzZWQgdG8gZW5zdXJlIEFETUlOIHBhc3N3b3JkIGluIHRmc3RhdGUgaXNuJ3QgYSB1c2FibGUgcGFzc3dvcmQKICAgIC0tIFRvIHJlcGxhY2UgdGhlIGluc3RhbmNlIHJ1bjogInRlcnJhZm9ybSBhcHBseSAtcmVwbGFjZT1yYW5kb21fcGFzc3dvcmQuYXV0b25vbW91c19kYXRhYmFzZV9wYXNzd29yZCIKICAgIEFMVEVSIFVTRVIgQURNSU4gUEFTU1dPUkQgRVhQSVJFOwogICAgUVVJVAogIGFwcGVuZDogZmFsc2UKICBkZWZlcjogdHJ1ZQotIHBhdGg6IC9ob21lL29yYWNsZS9vcmRzL3NldHVwLnNoCiAgcGVybWlzc2lvbnM6ICcwNzU1JwogIGNvbnRlbnQ6IHwKICAgICMhL2Jpbi9lbnYga3NoCiAgICB0eXBlc2V0IC1yeCBPUkRTX0NPTkZJRz0iL2hvbWUvb3JhY2xlL29yZHMvY29uZmlnIgogICAgdHlwZXNldCAtciBBRE1JTl9QQVNTPSIkMSIKICAgIHR5cGVzZXQgLXIgQURCX0NPTlNUUj0iJDIiCgogICAgIyBHZW5lcmF0ZSBhIHBhc3N3b3JkIGZvciB0aGUgT1JEUyB1c2VycyAobG9vcCB0byBhdm9pZCBlbnRyb3B5IHRvbyBsb3cgaXNzdWVzKQogICAgZm9yIGkgaW4gezEuLjEwfTsgZG8KICAgICAgdHlwZXNldCBvcmRzX3B3ZD0kKHB3bWFrZSA4MCkKICAgICAgaWYgKCggJD8gPT0gMCApKSAmJiBbWyAtbiAkb3Jkc19wd2QgXV07IHRoZW4KICAgICAgICBicmVhawogICAgICBmaQogICAgZG9uZQoKICAgICMgQ3JlYXRlIHRoZSBwYXNzd29yZCB3YWxsZXQgZmlsZQogICAgb3JkcyBjb25maWcgc2VjcmV0IC0tcGFzc3dvcmQtc3RkaW4gZGIucGFzc3dvcmQgPDw8ICIkb3Jkc19wd2QiCgogICAgIyBTZXR1cCB0aGUgT1JEUyB1c2VyCiAgICBzcWwgYWRtaW4vIiRBRE1JTl9QQVNTIkAiJEFEQl9DT05TVFIiIEAvaG9tZS9vcmFjbGUvb3Jkcy9zZXR1cC5zcWwgJG9yZHNfcHdkCgogICAgIyBQb3N0IFNldHVwCiAgICBzeXN0ZW1jdGwgc3RvcCBmaXJld2FsbGQuc2VydmljZQogICAgZmlyZXdhbGwtb2ZmbGluZS1jbWQgLS16b25lPXB1YmxpYyAtLWFkZC1wb3J0IDgwODAvdGNwCiAgICBzeXN0ZW1jdGwgc3RhcnQgZmlyZXdhbGxkLnNlcnZpY2UKICAgIGNob3duIC1SIG9yYWNsZTpvaW5zdGFsbCAvaG9tZS9vcmFjbGUKICAgIC9iaW4vY3AgL2V0Yy9vcmRzLmNvbmYuY3VzdG9tIC9ldGMvb3Jkcy5jb25mCiAgICBzeXN0ZW1jdGwgZW5hYmxlIG9yZHMuc2VydmljZQogICAgc3lzdGVtY3RsIHJlc3RhcnQgb3Jkcy5zZXJ2aWNlcHdkCiAgICAKICBhcHBlbmQ6IGZhbHNlCiAgZGVmZXI6IHRydWUKcnVuY21kOgogIC0gL2hvbWUvb3JhY2xlL29yZHMvc2V0dXAuc2ggJ2Rja1pWYmpfWEVsRllfIzInICcoZGVzY3JpcHRpb249IChyZXRyeV9jb3VudD0yMCkocmV0cnlfZGVsYXk9MykoYWRkcmVzcz0ocHJvdG9jb2w9dGNwcykocG9ydD0xNTIxKShob3N0PUFUWFNBREJQcml2YXRlRW5kcG9pbnQuYWRiLnVzLWFzaGJ1cm4tMS5vcmFjbGVjbG91ZC5jb20pKShjb25uZWN0X2RhdGE9KHNlcnZpY2VfbmFtZT1kdnR3ZWVncWxxYnNrdWxfYXRkYnhzX3RwLmFkYi5vcmFjbGVjbG91ZC5jb20pKShzZWN1cml0eT0oc3NsX3NlcnZlcl9kbl9tYXRjaD15ZXMpKSkn"
            },
            "platform_config": [],
            "preemptible_instance_config": [],
            "preserve_boot_volume": null,
            "private_ip": "172.16.0.160",
            "public_ip": "",
            "region": "iad",
            "shape": "VM.Standard.E4.Flex",
            "shape_config": [
              {
                "baseline_ocpu_utilization": "BASELINE_1_2",
                "gpu_description": "",
                "gpus": 0,
                "local_disk_description": "",
                "local_disks": 0,
                "local_disks_total_size_in_gbs": 0,
                "max_vnic_attachments": 2,
                "memory_in_gbs": 16,
                "networking_bandwidth_in_gbps": 2,
                "nvmes": 0,
                "ocpus": 1,
                "processor_description": "2.55 GHz AMD EPYC™ 7J13 (Milan)"
              }
            ],
            "source_details": [
              {
                "boot_volume_size_in_gbs": "47",
                "boot_volume_vpus_per_gb": "10",
                "kms_key_id": "",
                "source_id": "ocid1.image.oc1.iad.aaaaaaaawgdstjbip6pjzehc3zxxc3icxejhkhey2w52mznla6a5udcprieq",
                "source_type": "image"
              }
            ],
            "state": "RUNNING",
            "subnet_id": "ocid1.subnet.oc1.iad.aaaaaaaahj3g6w34w72j5edwmpumg3ndvwzqg2kxhgolvxbryhuplmzc4hqa",
            "system_tags": {},
            "time_created": "2022-07-28 16:04:39.71 +0000 UTC",
            "time_maintenance_reboot_due": "",
            "timeouts": null
          },
          "sensitive_attributes": [
            [
              {
                "type": "get_attr",
                "value": "metadata"
              },
              {
                "type": "index",
                "value": {
                  "value": "user_data",
                  "type": "string"
                }
              }
            ]
          ],
          "private": "eyJlMmJmYjczMC1lY2FhLTExZTYtOGY4OC0zNDM2M2JjN2M0YzAiOnsiY3JlYXRlIjoyNzAwMDAwMDAwMDAwLCJkZWxldGUiOjQ1MDAwMDAwMDAwMDAsInVwZGF0ZSI6MjcwMDAwMDAwMDAwMH19",
          "dependencies": [
            "data.oci_core_images.images",
            "data.oci_identity_availability_domain.availability_domains",
            "oci_core_internet_gateway.internet_gateway",
            "oci_core_nat_gateway.nat_gateway",
            "oci_core_network_security_group.security_group_adb",
            "oci_core_network_security_group.security_group_ords",
            "oci_core_network_security_group.security_group_ssh",
            "oci_core_route_table.route_table_internet_gw",
            "oci_core_route_table.route_table_nat_gw",
            "oci_core_subnet.subnet_private",
            "oci_core_subnet.subnet_public",
            "oci_core_vcn.vcn",
            "oci_database_autonomous_database.autonomous_database",
            "random_password.autonomous_database_password",
            "tls_private_key.example_com"
          ]
        }
      ]
    },
    {
      "mode": "managed",
      "type": "oci_core_internet_gateway",
      "name": "internet_gateway",
      "provider": "provider[\"registry.terraform.io/oracle/oci\"]",
      "instances": [
        {
          "schema_version": 0,
          "attributes": {
            "compartment_id": "ocid1.compartment.oc1..aaaaaaaa3p3spj472mot3moqwozcxzsuefbbujqclt5mslw7gdhr54zuerqq",
            "defined_tags": {
              "Oracle-Tags.CreatedBy": "oracleidentitycloudservice/andy.tael@oracle.com",
              "Oracle-Tags.CreatedOn": "2022-07-28T15:59:12.998Z"
            },
            "display_name": "AT-internet-gateway",
            "enabled": true,
            "freeform_tags": {},
            "id": "ocid1.internetgateway.oc1.iad.aaaaaaaa3fccuoj6alyb37yr3oh3gwppfwboqcgkya5fgx32mew3iwggkxca",
            "state": "AVAILABLE",
            "time_created": "2022-07-28 15:59:13.223 +0000 UTC",
            "timeouts": null,
            "vcn_id": "ocid1.vcn.oc1.iad.amaaaaaaigoxhqyausi5mlee5mqorhudmk7qxpf46hl34rn2nfj64daif23a"
          },
          "sensitive_attributes": [],
          "private": "eyJlMmJmYjczMC1lY2FhLTExZTYtOGY4OC0zNDM2M2JjN2M0YzAiOnsiY3JlYXRlIjoxMjAwMDAwMDAwMDAwLCJkZWxldGUiOjEyMDAwMDAwMDAwMDAsInVwZGF0ZSI6MTIwMDAwMDAwMDAwMH19",
          "dependencies": [
            "oci_core_vcn.vcn"
          ],
          "create_before_destroy": true
        }
      ]
    },
    {
      "mode": "managed",
      "type": "oci_core_nat_gateway",
      "name": "nat_gateway",
      "provider": "provider[\"registry.terraform.io/oracle/oci\"]",
      "instances": [
        {
          "index_key": 0,
          "schema_version": 0,
          "attributes": {
            "block_traffic": false,
            "compartment_id": "ocid1.compartment.oc1..aaaaaaaa3p3spj472mot3moqwozcxzsuefbbujqclt5mslw7gdhr54zuerqq",
            "defined_tags": {
              "Oracle-Tags.CreatedBy": "oracleidentitycloudservice/andy.tael@oracle.com",
              "Oracle-Tags.CreatedOn": "2022-07-28T15:59:12.597Z"
            },
            "display_name": "AT-nat-gateway",
            "freeform_tags": {},
            "id": "ocid1.natgateway.oc1.iad.aaaaaaaadfcxhwztd7rx4xq2xw5w4kvzc2wi4nov5aoapj5jc6zz54i7kuia",
            "nat_ip": "129.158.219.179",
            "public_ip_id": "ocid1.publicip.oc1.iad.aaaaaaaactjvzccizhifcyvsqjz2ggsotwdylvtebovowhml4t6iwpg4gq3q",
            "state": "AVAILABLE",
            "time_created": "2022-07-28 15:59:13.002 +0000 UTC",
            "timeouts": null,
            "vcn_id": "ocid1.vcn.oc1.iad.amaaaaaaigoxhqyausi5mlee5mqorhudmk7qxpf46hl34rn2nfj64daif23a"
          },
          "sensitive_attributes": [],
          "private": "eyJlMmJmYjczMC1lY2FhLTExZTYtOGY4OC0zNDM2M2JjN2M0YzAiOnsiY3JlYXRlIjoxMjAwMDAwMDAwMDAwLCJkZWxldGUiOjEyMDAwMDAwMDAwMDAsInVwZGF0ZSI6MTIwMDAwMDAwMDAwMH19",
          "dependencies": [
            "oci_core_vcn.vcn"
          ]
        }
      ]
    },
    {
      "mode": "managed",
      "type": "oci_core_network_security_group",
      "name": "security_group_adb",
      "provider": "provider[\"registry.terraform.io/oracle/oci\"]",
      "instances": [
        {
          "index_key": 0,
          "schema_version": 0,
          "attributes": {
            "compartment_id": "ocid1.compartment.oc1..aaaaaaaa3p3spj472mot3moqwozcxzsuefbbujqclt5mslw7gdhr54zuerqq",
            "defined_tags": {
              "Oracle-Tags.CreatedBy": "oracleidentitycloudservice/andy.tael@oracle.com",
              "Oracle-Tags.CreatedOn": "2022-07-28T15:59:12.932Z"
            },
            "display_name": "AT-security-group-adb",
            "freeform_tags": {},
            "id": "ocid1.networksecuritygroup.oc1.iad.aaaaaaaaox7owdb7zkp2xre5nze2ismld5jj64hvfhjkappixod3xdugk2tq",
            "state": "AVAILABLE",
            "time_created": "2022-07-28 15:59:13.117 +0000 UTC",
            "timeouts": null,
            "vcn_id": "ocid1.vcn.oc1.iad.amaaaaaaigoxhqyausi5mlee5mqorhudmk7qxpf46hl34rn2nfj64daif23a"
          },
          "sensitive_attributes": [],
          "private": "eyJlMmJmYjczMC1lY2FhLTExZTYtOGY4OC0zNDM2M2JjN2M0YzAiOnsiY3JlYXRlIjoxMjAwMDAwMDAwMDAwLCJkZWxldGUiOjEyMDAwMDAwMDAwMDAsInVwZGF0ZSI6MTIwMDAwMDAwMDAwMH19",
          "dependencies": [
            "oci_core_vcn.vcn"
          ]
        }
      ]
    },
    {
      "mode": "managed",
      "type": "oci_core_network_security_group",
      "name": "security_group_lb",
      "provider": "provider[\"registry.terraform.io/oracle/oci\"]",
      "instances": [
        {
          "schema_version": 0,
          "attributes": {
            "compartment_id": "ocid1.compartment.oc1..aaaaaaaa3p3spj472mot3moqwozcxzsuefbbujqclt5mslw7gdhr54zuerqq",
            "defined_tags": {
              "Oracle-Tags.CreatedBy": "oracleidentitycloudservice/andy.tael@oracle.com",
              "Oracle-Tags.CreatedOn": "2022-07-28T15:59:12.930Z"
            },
            "display_name": "AT-security-group-lb",
            "freeform_tags": {},
            "id": "ocid1.networksecuritygroup.oc1.iad.aaaaaaaasa3vzhddm62oetmjlr5mdjoksahzokdyjs52uhdvyv55spdczmma",
            "state": "AVAILABLE",
            "time_created": "2022-07-28 15:59:13.29 +0000 UTC",
            "timeouts": null,
            "vcn_id": "ocid1.vcn.oc1.iad.amaaaaaaigoxhqyausi5mlee5mqorhudmk7qxpf46hl34rn2nfj64daif23a"
          },
          "sensitive_attributes": [],
          "private": "eyJlMmJmYjczMC1lY2FhLTExZTYtOGY4OC0zNDM2M2JjN2M0YzAiOnsiY3JlYXRlIjoxMjAwMDAwMDAwMDAwLCJkZWxldGUiOjEyMDAwMDAwMDAwMDAsInVwZGF0ZSI6MTIwMDAwMDAwMDAwMH19",
          "dependencies": [
            "oci_core_vcn.vcn"
          ],
          "create_before_destroy": true
        }
      ]
    },
    {
      "mode": "managed",
      "type": "oci_core_network_security_group",
      "name": "security_group_ords",
      "provider": "provider[\"registry.terraform.io/oracle/oci\"]",
      "instances": [
        {
          "schema_version": 0,
          "attributes": {
            "compartment_id": "ocid1.compartment.oc1..aaaaaaaa3p3spj472mot3moqwozcxzsuefbbujqclt5mslw7gdhr54zuerqq",
            "defined_tags": {
              "Oracle-Tags.CreatedBy": "oracleidentitycloudservice/andy.tael@oracle.com",
              "Oracle-Tags.CreatedOn": "2022-07-28T15:59:12.934Z"
            },
            "display_name": "AT-security-group-ords",
            "freeform_tags": {},
            "id": "ocid1.networksecuritygroup.oc1.iad.aaaaaaaaz4ms6hvpyuvukombnzdn2ejjbtxy5nxttcanhnreuogv4tdui4ia",
            "state": "AVAILABLE",
            "time_created": "2022-07-28 15:59:13.17 +0000 UTC",
            "timeouts": null,
            "vcn_id": "ocid1.vcn.oc1.iad.amaaaaaaigoxhqyausi5mlee5mqorhudmk7qxpf46hl34rn2nfj64daif23a"
          },
          "sensitive_attributes": [],
          "private": "eyJlMmJmYjczMC1lY2FhLTExZTYtOGY4OC0zNDM2M2JjN2M0YzAiOnsiY3JlYXRlIjoxMjAwMDAwMDAwMDAwLCJkZWxldGUiOjEyMDAwMDAwMDAwMDAsInVwZGF0ZSI6MTIwMDAwMDAwMDAwMH19",
          "dependencies": [
            "oci_core_vcn.vcn"
          ]
        }
      ]
    },
    {
      "mode": "managed",
      "type": "oci_core_network_security_group",
      "name": "security_group_ssh",
      "provider": "provider[\"registry.terraform.io/oracle/oci\"]",
      "instances": [
        {
          "schema_version": 0,
          "attributes": {
            "compartment_id": "ocid1.compartment.oc1..aaaaaaaa3p3spj472mot3moqwozcxzsuefbbujqclt5mslw7gdhr54zuerqq",
            "defined_tags": {
              "Oracle-Tags.CreatedBy": "oracleidentitycloudservice/andy.tael@oracle.com",
              "Oracle-Tags.CreatedOn": "2022-07-28T15:59:12.922Z"
            },
            "display_name": "AT-security-group-ssh",
            "freeform_tags": {},
            "id": "ocid1.networksecuritygroup.oc1.iad.aaaaaaaaua42b7zcy6q6pvtgobncp5fwpey67eenf7qkdkfaawurewu3cfuq",
            "state": "AVAILABLE",
            "time_created": "2022-07-28 15:59:13.515 +0000 UTC",
            "timeouts": null,
            "vcn_id": "ocid1.vcn.oc1.iad.amaaaaaaigoxhqyausi5mlee5mqorhudmk7qxpf46hl34rn2nfj64daif23a"
          },
          "sensitive_attributes": [],
          "private": "eyJlMmJmYjczMC1lY2FhLTExZTYtOGY4OC0zNDM2M2JjN2M0YzAiOnsiY3JlYXRlIjoxMjAwMDAwMDAwMDAwLCJkZWxldGUiOjEyMDAwMDAwMDAwMDAsInVwZGF0ZSI6MTIwMDAwMDAwMDAwMH19",
          "dependencies": [
            "oci_core_vcn.vcn"
          ]
        }
      ]
    },
    {
      "mode": "managed",
      "type": "oci_core_network_security_group_security_rule",
      "name": "security_group_adb_egress",
      "provider": "provider[\"registry.terraform.io/oracle/oci\"]",
      "instances": [
        {
          "index_key": 0,
          "schema_version": 0,
          "attributes": {
            "description": null,
            "destination": "172.16.0.128/25",
            "destination_type": "CIDR_BLOCK",
            "direction": "EGRESS",
            "icmp_options": [],
            "id": "1C635B",
            "is_valid": true,
            "network_security_group_id": "ocid1.networksecuritygroup.oc1.iad.aaaaaaaaox7owdb7zkp2xre5nze2ismld5jj64hvfhjkappixod3xdugk2tq",
            "protocol": "6",
            "source": null,
            "source_type": "",
            "stateless": false,
            "tcp_options": [],
            "time_created": "2022-07-28 15:59:13.959 +0000 UTC",
            "timeouts": null,
            "udp_options": []
          },
          "sensitive_attributes": [],
          "private": "eyJlMmJmYjczMC1lY2FhLTExZTYtOGY4OC0zNDM2M2JjN2M0YzAiOnsiY3JlYXRlIjoxMjAwMDAwMDAwMDAwLCJkZWxldGUiOjEyMDAwMDAwMDAwMDAsInVwZGF0ZSI6MTIwMDAwMDAwMDAwMH19",
          "dependencies": [
            "oci_core_network_security_group.security_group_adb",
            "oci_core_vcn.vcn"
          ]
        }
      ]
    },
    {
      "mode": "managed",
      "type": "oci_core_network_security_group_security_rule",
      "name": "security_group_adb_ingress_TCP1522",
      "provider": "provider[\"registry.terraform.io/oracle/oci\"]",
      "instances": [
        {
          "index_key": 0,
          "schema_version": 0,
          "attributes": {
            "description": null,
            "destination": null,
            "destination_type": "",
            "direction": "INGRESS",
            "icmp_options": [],
            "id": "5F4121",
            "is_valid": true,
            "network_security_group_id": "ocid1.networksecuritygroup.oc1.iad.aaaaaaaaox7owdb7zkp2xre5nze2ismld5jj64hvfhjkappixod3xdugk2tq",
            "protocol": "6",
            "source": "172.16.0.128/25",
            "source_type": "CIDR_BLOCK",
            "stateless": false,
            "tcp_options": [
              {
                "destination_port_range": [
                  {
                    "max": 1522,
                    "min": 1521
                  }
                ],
                "source_port_range": []
              }
            ],
            "time_created": "2022-07-28 15:59:14.338 +0000 UTC",
            "timeouts": null,
            "udp_options": []
          },
          "sensitive_attributes": [],
          "private": "eyJlMmJmYjczMC1lY2FhLTExZTYtOGY4OC0zNDM2M2JjN2M0YzAiOnsiY3JlYXRlIjoxMjAwMDAwMDAwMDAwLCJkZWxldGUiOjEyMDAwMDAwMDAwMDAsInVwZGF0ZSI6MTIwMDAwMDAwMDAwMH19",
          "dependencies": [
            "oci_core_network_security_group.security_group_adb",
            "oci_core_vcn.vcn"
          ]
        }
      ]
    },
    {
      "mode": "managed",
      "type": "oci_core_network_security_group_security_rule",
      "name": "security_group_adb_ingress_pub_network_TCP1522",
      "provider": "provider[\"registry.terraform.io/oracle/oci\"]",
      "instances": [
        {
          "index_key": 0,
          "schema_version": 0,
          "attributes": {
            "description": null,
            "destination": null,
            "destination_type": "",
            "direction": "INGRESS",
            "icmp_options": [],
            "id": "3652FE",
            "is_valid": true,
            "network_security_group_id": "ocid1.networksecuritygroup.oc1.iad.aaaaaaaaox7owdb7zkp2xre5nze2ismld5jj64hvfhjkappixod3xdugk2tq",
            "protocol": "6",
            "source": "172.16.0.0/25",
            "source_type": "CIDR_BLOCK",
            "stateless": false,
            "tcp_options": [
              {
                "destination_port_range": [
                  {
                    "max": 1522,
                    "min": 1521
                  }
                ],
                "source_port_range": []
              }
            ],
            "time_created": "2022-07-28 15:59:14.218 +0000 UTC",
            "timeouts": null,
            "udp_options": []
          },
          "sensitive_attributes": [],
          "private": "eyJlMmJmYjczMC1lY2FhLTExZTYtOGY4OC0zNDM2M2JjN2M0YzAiOnsiY3JlYXRlIjoxMjAwMDAwMDAwMDAwLCJkZWxldGUiOjEyMDAwMDAwMDAwMDAsInVwZGF0ZSI6MTIwMDAwMDAwMDAwMH19",
          "dependencies": [
            "oci_core_network_security_group.security_group_adb",
            "oci_core_vcn.vcn"
          ]
        }
      ]
    },
    {
      "mode": "managed",
      "type": "oci_core_network_security_group_security_rule",
      "name": "security_group_lb_egress",
      "provider": "provider[\"registry.terraform.io/oracle/oci\"]",
      "instances": [
        {
          "schema_version": 0,
          "attributes": {
            "description": null,
            "destination": "0.0.0.0/0",
            "destination_type": "CIDR_BLOCK",
            "direction": "EGRESS",
            "icmp_options": [],
            "id": "271A01",
            "is_valid": true,
            "network_security_group_id": "ocid1.networksecuritygroup.oc1.iad.aaaaaaaasa3vzhddm62oetmjlr5mdjoksahzokdyjs52uhdvyv55spdczmma",
            "protocol": "6",
            "source": null,
            "source_type": "",
            "stateless": false,
            "tcp_options": [],
            "time_created": "2022-07-28 15:59:15.143 +0000 UTC",
            "timeouts": null,
            "udp_options": []
          },
          "sensitive_attributes": [],
          "private": "eyJlMmJmYjczMC1lY2FhLTExZTYtOGY4OC0zNDM2M2JjN2M0YzAiOnsiY3JlYXRlIjoxMjAwMDAwMDAwMDAwLCJkZWxldGUiOjEyMDAwMDAwMDAwMDAsInVwZGF0ZSI6MTIwMDAwMDAwMDAwMH19",
          "dependencies": [
            "oci_core_network_security_group.security_group_lb",
            "oci_core_vcn.vcn"
          ]
        }
      ]
    },
    {
      "mode": "managed",
      "type": "oci_core_network_security_group_security_rule",
      "name": "security_group_lb_inress_TCP443",
      "provider": "provider[\"registry.terraform.io/oracle/oci\"]",
      "instances": [
        {
          "schema_version": 0,
          "attributes": {
            "description": null,
            "destination": null,
            "destination_type": "",
            "direction": "INGRESS",
            "icmp_options": [],
            "id": "3AF173",
            "is_valid": true,
            "network_security_group_id": "ocid1.networksecuritygroup.oc1.iad.aaaaaaaasa3vzhddm62oetmjlr5mdjoksahzokdyjs52uhdvyv55spdczmma",
            "protocol": "6",
            "source": "0.0.0.0/0",
            "source_type": "CIDR_BLOCK",
            "stateless": false,
            "tcp_options": [
              {
                "destination_port_range": [
                  {
                    "max": 443,
                    "min": 443
                  }
                ],
                "source_port_range": []
              }
            ],
            "time_created": "2022-07-28 15:59:14.946 +0000 UTC",
            "timeouts": null,
            "udp_options": []
          },
          "sensitive_attributes": [],
          "private": "eyJlMmJmYjczMC1lY2FhLTExZTYtOGY4OC0zNDM2M2JjN2M0YzAiOnsiY3JlYXRlIjoxMjAwMDAwMDAwMDAwLCJkZWxldGUiOjEyMDAwMDAwMDAwMDAsInVwZGF0ZSI6MTIwMDAwMDAwMDAwMH19",
          "dependencies": [
            "oci_core_network_security_group.security_group_lb",
            "oci_core_vcn.vcn"
          ]
        }
      ]
    },
    {
      "mode": "managed",
      "type": "oci_core_network_security_group_security_rule",
      "name": "security_group_lb_inress_TCP80",
      "provider": "provider[\"registry.terraform.io/oracle/oci\"]",
      "instances": [
        {
          "schema_version": 0,
          "attributes": {
            "description": null,
            "destination": null,
            "destination_type": "",
            "direction": "INGRESS",
            "icmp_options": [],
            "id": "8EC16D",
            "is_valid": true,
            "network_security_group_id": "ocid1.networksecuritygroup.oc1.iad.aaaaaaaasa3vzhddm62oetmjlr5mdjoksahzokdyjs52uhdvyv55spdczmma",
            "protocol": "6",
            "source": "0.0.0.0/0",
            "source_type": "CIDR_BLOCK",
            "stateless": false,
            "tcp_options": [
              {
                "destination_port_range": [
                  {
                    "max": 80,
                    "min": 80
                  }
                ],
                "source_port_range": []
              }
            ],
            "time_created": "2022-07-28 15:59:14.384 +0000 UTC",
            "timeouts": null,
            "udp_options": []
          },
          "sensitive_attributes": [],
          "private": "eyJlMmJmYjczMC1lY2FhLTExZTYtOGY4OC0zNDM2M2JjN2M0YzAiOnsiY3JlYXRlIjoxMjAwMDAwMDAwMDAwLCJkZWxldGUiOjEyMDAwMDAwMDAwMDAsInVwZGF0ZSI6MTIwMDAwMDAwMDAwMH19",
          "dependencies": [
            "oci_core_network_security_group.security_group_lb",
            "oci_core_vcn.vcn"
          ]
        }
      ]
    },
    {
      "mode": "managed",
      "type": "oci_core_network_security_group_security_rule",
      "name": "security_group_ords_egress",
      "provider": "provider[\"registry.terraform.io/oracle/oci\"]",
      "instances": [
        {
          "schema_version": 0,
          "attributes": {
            "description": null,
            "destination": "0.0.0.0/0",
            "destination_type": "CIDR_BLOCK",
            "direction": "EGRESS",
            "icmp_options": [],
            "id": "E48888",
            "is_valid": true,
            "network_security_group_id": "ocid1.networksecuritygroup.oc1.iad.aaaaaaaaz4ms6hvpyuvukombnzdn2ejjbtxy5nxttcanhnreuogv4tdui4ia",
            "protocol": "6",
            "source": null,
            "source_type": "",
            "stateless": false,
            "tcp_options": [],
            "time_created": "2022-07-28 15:59:14.898 +0000 UTC",
            "timeouts": null,
            "udp_options": []
          },
          "sensitive_attributes": [],
          "private": "eyJlMmJmYjczMC1lY2FhLTExZTYtOGY4OC0zNDM2M2JjN2M0YzAiOnsiY3JlYXRlIjoxMjAwMDAwMDAwMDAwLCJkZWxldGUiOjEyMDAwMDAwMDAwMDAsInVwZGF0ZSI6MTIwMDAwMDAwMDAwMH19",
          "dependencies": [
            "oci_core_network_security_group.security_group_ords",
            "oci_core_vcn.vcn"
          ]
        }
      ]
    },
    {
      "mode": "managed",
      "type": "oci_core_network_security_group_security_rule",
      "name": "security_group_ords_egress_grp",
      "provider": "provider[\"registry.terraform.io/oracle/oci\"]",
      "instances": [
        {
          "schema_version": 0,
          "attributes": {
            "description": null,
            "destination": "ocid1.networksecuritygroup.oc1.iad.aaaaaaaaz4ms6hvpyuvukombnzdn2ejjbtxy5nxttcanhnreuogv4tdui4ia",
            "destination_type": "NETWORK_SECURITY_GROUP",
            "direction": "EGRESS",
            "icmp_options": [],
            "id": "75BA04",
            "is_valid": true,
            "network_security_group_id": "ocid1.networksecuritygroup.oc1.iad.aaaaaaaaz4ms6hvpyuvukombnzdn2ejjbtxy5nxttcanhnreuogv4tdui4ia",
            "protocol": "6",
            "source": null,
            "source_type": "",
            "stateless": false,
            "tcp_options": [],
            "time_created": "2022-07-28 15:59:15.389 +0000 UTC",
            "timeouts": null,
            "udp_options": []
          },
          "sensitive_attributes": [],
          "private": "eyJlMmJmYjczMC1lY2FhLTExZTYtOGY4OC0zNDM2M2JjN2M0YzAiOnsiY3JlYXRlIjoxMjAwMDAwMDAwMDAwLCJkZWxldGUiOjEyMDAwMDAwMDAwMDAsInVwZGF0ZSI6MTIwMDAwMDAwMDAwMH19",
          "dependencies": [
            "oci_core_network_security_group.security_group_ords",
            "oci_core_vcn.vcn"
          ]
        }
      ]
    },
    {
      "mode": "managed",
      "type": "oci_core_network_security_group_security_rule",
      "name": "security_group_ords_ingress_TCP8080",
      "provider": "provider[\"registry.terraform.io/oracle/oci\"]",
      "instances": [
        {
          "schema_version": 0,
          "attributes": {
            "description": null,
            "destination": null,
            "destination_type": "",
            "direction": "INGRESS",
            "icmp_options": [],
            "id": "6D6586",
            "is_valid": true,
            "network_security_group_id": "ocid1.networksecuritygroup.oc1.iad.aaaaaaaaz4ms6hvpyuvukombnzdn2ejjbtxy5nxttcanhnreuogv4tdui4ia",
            "protocol": "6",
            "source": "172.16.0.0/25",
            "source_type": "CIDR_BLOCK",
            "stateless": false,
            "tcp_options": [
              {
                "destination_port_range": [
                  {
                    "max": 8080,
                    "min": 8080
                  }
                ],
                "source_port_range": []
              }
            ],
            "time_created": "2022-07-28 15:59:14.591 +0000 UTC",
            "timeouts": null,
            "udp_options": []
          },
          "sensitive_attributes": [],
          "private": "eyJlMmJmYjczMC1lY2FhLTExZTYtOGY4OC0zNDM2M2JjN2M0YzAiOnsiY3JlYXRlIjoxMjAwMDAwMDAwMDAwLCJkZWxldGUiOjEyMDAwMDAwMDAwMDAsInVwZGF0ZSI6MTIwMDAwMDAwMDAwMH19",
          "dependencies": [
            "oci_core_network_security_group.security_group_ords",
            "oci_core_vcn.vcn"
          ]
        }
      ]
    },
    {
      "mode": "managed",
      "type": "oci_core_network_security_group_security_rule",
      "name": "security_group_ssh_egress",
      "provider": "provider[\"registry.terraform.io/oracle/oci\"]",
      "instances": [
        {
          "schema_version": 0,
          "attributes": {
            "description": null,
            "destination": "0.0.0.0/0",
            "destination_type": "CIDR_BLOCK",
            "direction": "EGRESS",
            "icmp_options": [],
            "id": "209E5E",
            "is_valid": true,
            "network_security_group_id": "ocid1.networksecuritygroup.oc1.iad.aaaaaaaaua42b7zcy6q6pvtgobncp5fwpey67eenf7qkdkfaawurewu3cfuq",
            "protocol": "6",
            "source": null,
            "source_type": "",
            "stateless": false,
            "tcp_options": [],
            "time_created": "2022-07-28 15:59:14.319 +0000 UTC",
            "timeouts": null,
            "udp_options": []
          },
          "sensitive_attributes": [],
          "private": "eyJlMmJmYjczMC1lY2FhLTExZTYtOGY4OC0zNDM2M2JjN2M0YzAiOnsiY3JlYXRlIjoxMjAwMDAwMDAwMDAwLCJkZWxldGUiOjEyMDAwMDAwMDAwMDAsInVwZGF0ZSI6MTIwMDAwMDAwMDAwMH19",
          "dependencies": [
            "oci_core_network_security_group.security_group_ssh",
            "oci_core_vcn.vcn"
          ]
        }
      ]
    },
    {
      "mode": "managed",
      "type": "oci_core_network_security_group_security_rule",
      "name": "security_group_ssh_ingress_TCP22",
      "provider": "provider[\"registry.terraform.io/oracle/oci\"]",
      "instances": [
        {
          "schema_version": 0,
          "attributes": {
            "description": null,
            "destination": null,
            "destination_type": "",
            "direction": "INGRESS",
            "icmp_options": [],
            "id": "6456E1",
            "is_valid": true,
            "network_security_group_id": "ocid1.networksecuritygroup.oc1.iad.aaaaaaaaua42b7zcy6q6pvtgobncp5fwpey67eenf7qkdkfaawurewu3cfuq",
            "protocol": "6",
            "source": "172.16.0.0/25",
            "source_type": "CIDR_BLOCK",
            "stateless": false,
            "tcp_options": [
              {
                "destination_port_range": [
                  {
                    "max": 22,
                    "min": 22
                  }
                ],
                "source_port_range": []
              }
            ],
            "time_created": "2022-07-28 15:59:14.467 +0000 UTC",
            "timeouts": null,
            "udp_options": []
          },
          "sensitive_attributes": [],
          "private": "eyJlMmJmYjczMC1lY2FhLTExZTYtOGY4OC0zNDM2M2JjN2M0YzAiOnsiY3JlYXRlIjoxMjAwMDAwMDAwMDAwLCJkZWxldGUiOjEyMDAwMDAwMDAwMDAsInVwZGF0ZSI6MTIwMDAwMDAwMDAwMH19",
          "dependencies": [
            "oci_core_network_security_group.security_group_ssh",
            "oci_core_vcn.vcn"
          ]
        }
      ]
    },
    {
      "mode": "managed",
      "type": "oci_core_route_table",
      "name": "route_table_internet_gw",
      "provider": "provider[\"registry.terraform.io/oracle/oci\"]",
      "instances": [
        {
          "schema_version": 0,
          "attributes": {
            "compartment_id": "ocid1.compartment.oc1..aaaaaaaa3p3spj472mot3moqwozcxzsuefbbujqclt5mslw7gdhr54zuerqq",
            "defined_tags": {
              "Oracle-Tags.CreatedBy": "oracleidentitycloudservice/andy.tael@oracle.com",
              "Oracle-Tags.CreatedOn": "2022-07-28T15:59:14.664Z"
            },
            "display_name": "AT-route-table-internet-gw",
            "freeform_tags": {},
            "id": "ocid1.routetable.oc1.iad.aaaaaaaaobjznl2pzke6fv4hnnud3k6y3wdvabd55o6rvtvsr3ocu4f6g6ra",
            "route_rules": [
              {
                "cidr_block": "",
                "description": "",
                "destination": "0.0.0.0/0",
                "destination_type": "CIDR_BLOCK",
                "network_entity_id": "ocid1.internetgateway.oc1.iad.aaaaaaaa3fccuoj6alyb37yr3oh3gwppfwboqcgkya5fgx32mew3iwggkxca"
              }
            ],
            "state": "AVAILABLE",
            "time_created": "2022-07-28 15:59:14.705 +0000 UTC",
            "timeouts": null,
            "vcn_id": "ocid1.vcn.oc1.iad.amaaaaaaigoxhqyausi5mlee5mqorhudmk7qxpf46hl34rn2nfj64daif23a"
          },
          "sensitive_attributes": [],
          "private": "eyJlMmJmYjczMC1lY2FhLTExZTYtOGY4OC0zNDM2M2JjN2M0YzAiOnsiY3JlYXRlIjoxMjAwMDAwMDAwMDAwLCJkZWxldGUiOjEyMDAwMDAwMDAwMDAsInVwZGF0ZSI6MTIwMDAwMDAwMDAwMH19",
          "dependencies": [
            "oci_core_internet_gateway.internet_gateway",
            "oci_core_vcn.vcn"
          ],
          "create_before_destroy": true
        }
      ]
    },
    {
      "mode": "managed",
      "type": "oci_core_route_table",
      "name": "route_table_nat_gw",
      "provider": "provider[\"registry.terraform.io/oracle/oci\"]",
      "instances": [
        {
          "index_key": 0,
          "schema_version": 0,
          "attributes": {
            "compartment_id": "ocid1.compartment.oc1..aaaaaaaa3p3spj472mot3moqwozcxzsuefbbujqclt5mslw7gdhr54zuerqq",
            "defined_tags": {
              "Oracle-Tags.CreatedBy": "oracleidentitycloudservice/andy.tael@oracle.com",
              "Oracle-Tags.CreatedOn": "2022-07-28T15:59:14.837Z"
            },
            "display_name": "AT-route-table-nat-gw",
            "freeform_tags": {},
            "id": "ocid1.routetable.oc1.iad.aaaaaaaaawbpfwms4fr24dv52fwhidls6ghaxtlpujflnrmontixit5kgtza",
            "route_rules": [
              {
                "cidr_block": "",
                "description": "",
                "destination": "0.0.0.0/0",
                "destination_type": "CIDR_BLOCK",
                "network_entity_id": "ocid1.natgateway.oc1.iad.aaaaaaaadfcxhwztd7rx4xq2xw5w4kvzc2wi4nov5aoapj5jc6zz54i7kuia"
              }
            ],
            "state": "AVAILABLE",
            "time_created": "2022-07-28 15:59:14.873 +0000 UTC",
            "timeouts": null,
            "vcn_id": "ocid1.vcn.oc1.iad.amaaaaaaigoxhqyausi5mlee5mqorhudmk7qxpf46hl34rn2nfj64daif23a"
          },
          "sensitive_attributes": [],
          "private": "eyJlMmJmYjczMC1lY2FhLTExZTYtOGY4OC0zNDM2M2JjN2M0YzAiOnsiY3JlYXRlIjoxMjAwMDAwMDAwMDAwLCJkZWxldGUiOjEyMDAwMDAwMDAwMDAsInVwZGF0ZSI6MTIwMDAwMDAwMDAwMH19",
          "dependencies": [
            "oci_core_nat_gateway.nat_gateway",
            "oci_core_vcn.vcn"
          ]
        }
      ]
    },
    {
      "mode": "managed",
      "type": "oci_core_route_table",
      "name": "sgw_route_table",
      "provider": "provider[\"registry.terraform.io/oracle/oci\"]",
      "instances": [
        {
          "schema_version": 0,
          "attributes": {
            "compartment_id": "ocid1.compartment.oc1..aaaaaaaa3p3spj472mot3moqwozcxzsuefbbujqclt5mslw7gdhr54zuerqq",
            "defined_tags": {
              "Oracle-Tags.CreatedBy": "oracleidentitycloudservice/andy.tael@oracle.com",
              "Oracle-Tags.CreatedOn": "2022-07-28T15:59:15.104Z"
            },
            "display_name": "AT-route-table-service-gw",
            "freeform_tags": {},
            "id": "ocid1.routetable.oc1.iad.aaaaaaaazwa76btx4mhc5x6mzjplmbhlemkesn33emwxtz3t7vjn3jm5h3ra",
            "route_rules": [
              {
                "cidr_block": "",
                "description": "",
                "destination": "all-iad-services-in-oracle-services-network",
                "destination_type": "SERVICE_CIDR_BLOCK",
                "network_entity_id": "ocid1.servicegateway.oc1.iad.aaaaaaaa7kjfk5b3zwraooy6dooixm4y2i5nfji4kbjbura2p3r3ucupffba"
              }
            ],
            "state": "AVAILABLE",
            "time_created": "2022-07-28 15:59:15.133 +0000 UTC",
            "timeouts": null,
            "vcn_id": "ocid1.vcn.oc1.iad.amaaaaaaigoxhqyausi5mlee5mqorhudmk7qxpf46hl34rn2nfj64daif23a"
          },
          "sensitive_attributes": [],
          "private": "eyJlMmJmYjczMC1lY2FhLTExZTYtOGY4OC0zNDM2M2JjN2M0YzAiOnsiY3JlYXRlIjoxMjAwMDAwMDAwMDAwLCJkZWxldGUiOjEyMDAwMDAwMDAwMDAsInVwZGF0ZSI6MTIwMDAwMDAwMDAwMH19",
          "dependencies": [
            "data.oci_core_services.service_gw_service",
            "oci_core_service_gateway.service_gateway",
            "oci_core_vcn.vcn"
          ]
        }
      ]
    },
    {
      "mode": "managed",
      "type": "oci_core_service_gateway",
      "name": "service_gateway",
      "provider": "provider[\"registry.terraform.io/oracle/oci\"]",
      "instances": [
        {
          "schema_version": 0,
          "attributes": {
            "block_traffic": false,
            "compartment_id": "ocid1.compartment.oc1..aaaaaaaa3p3spj472mot3moqwozcxzsuefbbujqclt5mslw7gdhr54zuerqq",
            "defined_tags": {
              "Oracle-Tags.CreatedBy": "oracleidentitycloudservice/andy.tael@oracle.com",
              "Oracle-Tags.CreatedOn": "2022-07-28T15:59:13.012Z"
            },
            "display_name": "AT-service-gateway",
            "freeform_tags": {},
            "id": "ocid1.servicegateway.oc1.iad.aaaaaaaa7kjfk5b3zwraooy6dooixm4y2i5nfji4kbjbura2p3r3ucupffba",
            "route_table_id": null,
            "services": [
              {
                "service_id": "ocid1.service.oc1.iad.aaaaaaaam4zfmy2rjue6fmglumm3czgisxzrnvrwqeodtztg7hwa272mlfna",
                "service_name": "All IAD Services In Oracle Services Network"
              }
            ],
            "state": "AVAILABLE",
            "time_created": "2022-07-28 15:59:13.924 +0000 UTC",
            "timeouts": null,
            "vcn_id": "ocid1.vcn.oc1.iad.amaaaaaaigoxhqyausi5mlee5mqorhudmk7qxpf46hl34rn2nfj64daif23a"
          },
          "sensitive_attributes": [],
          "private": "eyJlMmJmYjczMC1lY2FhLTExZTYtOGY4OC0zNDM2M2JjN2M0YzAiOnsiY3JlYXRlIjoxMjAwMDAwMDAwMDAwLCJkZWxldGUiOjEyMDAwMDAwMDAwMDAsInVwZGF0ZSI6MTIwMDAwMDAwMDAwMH19",
          "dependencies": [
            "data.oci_core_services.service_gw_service",
            "oci_core_vcn.vcn"
          ]
        }
      ]
    },
    {
      "mode": "managed",
      "type": "oci_core_subnet",
      "name": "subnet_private",
      "provider": "provider[\"registry.terraform.io/oracle/oci\"]",
      "instances": [
        {
          "index_key": 0,
          "schema_version": 0,
          "attributes": {
            "availability_domain": null,
            "cidr_block": "172.16.0.128/25",
            "compartment_id": "ocid1.compartment.oc1..aaaaaaaa3p3spj472mot3moqwozcxzsuefbbujqclt5mslw7gdhr54zuerqq",
            "defined_tags": {
              "Oracle-Tags.CreatedBy": "oracleidentitycloudservice/andy.tael@oracle.com",
              "Oracle-Tags.CreatedOn": "2022-07-28T15:59:15.966Z"
            },
            "dhcp_options_id": "ocid1.dhcpoptions.oc1.iad.aaaaaaaaiubjqdisdwldbu5hqrvwic37uwo5kyqdwogex6wyocf2wh7lunzq",
            "display_name": "AT-subnet-private",
            "dns_label": "priv",
            "freeform_tags": {},
            "id": "ocid1.subnet.oc1.iad.aaaaaaaahj3g6w34w72j5edwmpumg3ndvwzqg2kxhgolvxbryhuplmzc4hqa",
            "ipv6cidr_block": null,
            "ipv6cidr_blocks": [],
            "ipv6virtual_router_ip": null,
            "prohibit_internet_ingress": true,
            "prohibit_public_ip_on_vnic": true,
            "route_table_id": "ocid1.routetable.oc1.iad.aaaaaaaaawbpfwms4fr24dv52fwhidls6ghaxtlpujflnrmontixit5kgtza",
            "security_list_ids": [
              "ocid1.securitylist.oc1.iad.aaaaaaaa3fbnkxlav4p2tlzjjrj6lwpgsxmnxytxykyqernsobrsv27y3ixq"
            ],
            "state": "AVAILABLE",
            "subnet_domain_name": "priv.at.oraclevcn.com",
            "time_created": "2022-07-28 15:59:16.494 +0000 UTC",
            "timeouts": null,
            "vcn_id": "ocid1.vcn.oc1.iad.amaaaaaaigoxhqyausi5mlee5mqorhudmk7qxpf46hl34rn2nfj64daif23a",
            "virtual_router_ip": "172.16.0.129",
            "virtual_router_mac": "00:00:17:C1:0B:9F"
          },
          "sensitive_attributes": [],
          "private": "eyJlMmJmYjczMC1lY2FhLTExZTYtOGY4OC0zNDM2M2JjN2M0YzAiOnsiY3JlYXRlIjoxMjAwMDAwMDAwMDAwLCJkZWxldGUiOjEyMDAwMDAwMDAwMDAsInVwZGF0ZSI6MTIwMDAwMDAwMDAwMH19",
          "dependencies": [
            "oci_core_nat_gateway.nat_gateway",
            "oci_core_network_security_group.security_group_adb",
            "oci_core_route_table.route_table_nat_gw",
            "oci_core_vcn.vcn"
          ]
        }
      ]
    },
    {
      "mode": "managed",
      "type": "oci_core_subnet",
      "name": "subnet_public",
      "provider": "provider[\"registry.terraform.io/oracle/oci\"]",
      "instances": [
        {
          "schema_version": 0,
          "attributes": {
            "availability_domain": null,
            "cidr_block": "172.16.0.0/25",
            "compartment_id": "ocid1.compartment.oc1..aaaaaaaa3p3spj472mot3moqwozcxzsuefbbujqclt5mslw7gdhr54zuerqq",
            "defined_tags": {
              "Oracle-Tags.CreatedBy": "oracleidentitycloudservice/andy.tael@oracle.com",
              "Oracle-Tags.CreatedOn": "2022-07-28T15:59:15.291Z"
            },
            "dhcp_options_id": "ocid1.dhcpoptions.oc1.iad.aaaaaaaaiubjqdisdwldbu5hqrvwic37uwo5kyqdwogex6wyocf2wh7lunzq",
            "display_name": "AT-subnet-public",
            "dns_label": "publ",
            "freeform_tags": {},
            "id": "ocid1.subnet.oc1.iad.aaaaaaaapembzk2w6vut7im4amd7pp4ue7g2y6aeey3f76hyxjjsw5lyspsq",
            "ipv6cidr_block": null,
            "ipv6cidr_blocks": [],
            "ipv6virtual_router_ip": null,
            "prohibit_internet_ingress": false,
            "prohibit_public_ip_on_vnic": false,
            "route_table_id": "ocid1.routetable.oc1.iad.aaaaaaaaobjznl2pzke6fv4hnnud3k6y3wdvabd55o6rvtvsr3ocu4f6g6ra",
            "security_list_ids": [
              "ocid1.securitylist.oc1.iad.aaaaaaaa3fbnkxlav4p2tlzjjrj6lwpgsxmnxytxykyqernsobrsv27y3ixq"
            ],
            "state": "AVAILABLE",
            "subnet_domain_name": "publ.at.oraclevcn.com",
            "time_created": "2022-07-28 15:59:15.351 +0000 UTC",
            "timeouts": null,
            "vcn_id": "ocid1.vcn.oc1.iad.amaaaaaaigoxhqyausi5mlee5mqorhudmk7qxpf46hl34rn2nfj64daif23a",
            "virtual_router_ip": "172.16.0.1",
            "virtual_router_mac": "00:00:17:C1:0B:9F"
          },
          "sensitive_attributes": [],
          "private": "eyJlMmJmYjczMC1lY2FhLTExZTYtOGY4OC0zNDM2M2JjN2M0YzAiOnsiY3JlYXRlIjoxMjAwMDAwMDAwMDAwLCJkZWxldGUiOjEyMDAwMDAwMDAwMDAsInVwZGF0ZSI6MTIwMDAwMDAwMDAwMH19",
          "dependencies": [
            "oci_core_internet_gateway.internet_gateway",
            "oci_core_route_table.route_table_internet_gw",
            "oci_core_vcn.vcn"
          ],
          "create_before_destroy": true
        }
      ]
    },
    {
      "mode": "managed",
      "type": "oci_core_vcn",
      "name": "vcn",
      "provider": "provider[\"registry.terraform.io/oracle/oci\"]",
      "instances": [
        {
          "schema_version": 0,
          "attributes": {
            "byoipv6cidr_blocks": [],
            "byoipv6cidr_details": null,
            "cidr_block": "172.16.0.0/24",
            "cidr_blocks": [
              "172.16.0.0/24"
            ],
            "compartment_id": "ocid1.compartment.oc1..aaaaaaaa3p3spj472mot3moqwozcxzsuefbbujqclt5mslw7gdhr54zuerqq",
            "default_dhcp_options_id": "ocid1.dhcpoptions.oc1.iad.aaaaaaaaiubjqdisdwldbu5hqrvwic37uwo5kyqdwogex6wyocf2wh7lunzq",
            "default_route_table_id": "ocid1.routetable.oc1.iad.aaaaaaaaef7pntiuudd7pq763v6ubjh2qz2nnddirvwwawz5r2v5ak4je7uq",
            "default_security_list_id": "ocid1.securitylist.oc1.iad.aaaaaaaa3fbnkxlav4p2tlzjjrj6lwpgsxmnxytxykyqernsobrsv27y3ixq",
            "defined_tags": {
              "Oracle-Tags.CreatedBy": "oracleidentitycloudservice/andy.tael@oracle.com",
              "Oracle-Tags.CreatedOn": "2022-07-28T15:59:11.258Z"
            },
            "display_name": "AT-vcn",
            "dns_label": "at",
            "freeform_tags": {},
            "id": "ocid1.vcn.oc1.iad.amaaaaaaigoxhqyausi5mlee5mqorhudmk7qxpf46hl34rn2nfj64daif23a",
            "ipv6cidr_blocks": [
              "2603:c020:400c:9000::/56"
            ],
            "ipv6private_cidr_blocks": [],
            "is_ipv6enabled": true,
            "is_oracle_gua_allocation_enabled": null,
            "state": "AVAILABLE",
            "time_created": "2022-07-28 15:59:11.482 +0000 UTC",
            "timeouts": null,
            "vcn_domain_name": "at.oraclevcn.com"
          },
          "sensitive_attributes": [],
          "private": "eyJlMmJmYjczMC1lY2FhLTExZTYtOGY4OC0zNDM2M2JjN2M0YzAiOnsiY3JlYXRlIjoxMjAwMDAwMDAwMDAwLCJkZWxldGUiOjEyMDAwMDAwMDAwMDAsInVwZGF0ZSI6MTIwMDAwMDAwMDAwMH19",
          "create_before_destroy": true
        }
      ]
    },
    {
      "mode": "managed",
      "type": "oci_database_autonomous_database",
      "name": "autonomous_database",
      "provider": "provider[\"registry.terraform.io/oracle/oci\"]",
      "instances": [
        {
          "schema_version": 0,
          "attributes": {
            "actual_used_data_storage_size_in_tbs": null,
            "admin_password": "dckZVbj_XElFY_#2",
            "allocated_storage_size_in_tbs": null,
            "apex_details": [
              {
                "apex_version": "",
                "ords_version": "22.2.1.202.1302"
              }
            ],
            "are_primary_whitelisted_ips_used": null,
            "autonomous_container_database_id": null,
            "autonomous_database_backup_id": null,
            "autonomous_database_id": null,
            "autonomous_maintenance_schedule_type": "REGULAR",
            "available_upgrade_versions": [],
            "backup_config": [
              {
                "manual_backup_bucket_name": "",
                "manual_backup_type": "NONE"
              }
            ],
            "character_set": "AL32UTF8",
            "clone_type": null,
            "compartment_id": "ocid1.compartment.oc1..aaaaaaaa3p3spj472mot3moqwozcxzsuefbbujqclt5mslw7gdhr54zuerqq",
            "connection_strings": [
              {
                "all_connection_strings": {
                  "HIGH": "adb.us-ashburn-1.oraclecloud.com:1522/dvtweegqlqbskul_atdbxs_high.adb.oraclecloud.com",
                  "LOW": "adb.us-ashburn-1.oraclecloud.com:1522/dvtweegqlqbskul_atdbxs_low.adb.oraclecloud.com",
                  "MEDIUM": "adb.us-ashburn-1.oraclecloud.com:1522/dvtweegqlqbskul_atdbxs_medium.adb.oraclecloud.com",
                  "TP": "adb.us-ashburn-1.oraclecloud.com:1522/dvtweegqlqbskul_atdbxs_tp.adb.oraclecloud.com",
                  "TPURGENT": "adb.us-ashburn-1.oraclecloud.com:1522/dvtweegqlqbskul_atdbxs_tpurgent.adb.oraclecloud.com"
                },
                "dedicated": "",
                "high": "adb.us-ashburn-1.oraclecloud.com:1522/dvtweegqlqbskul_atdbxs_high.adb.oraclecloud.com",
                "low": "adb.us-ashburn-1.oraclecloud.com:1522/dvtweegqlqbskul_atdbxs_low.adb.oraclecloud.com",
                "medium": "adb.us-ashburn-1.oraclecloud.com:1522/dvtweegqlqbskul_atdbxs_medium.adb.oraclecloud.com",
                "profiles": [
                  {
                    "consumer_group": "HIGH",
                    "display_name": "atdbxs_high",
                    "host_format": "FQDN",
                    "protocol": "TCPS",
                    "session_mode": "DIRECT",
                    "syntax_format": "LONG",
                    "tls_authentication": "SERVER",
                    "value": "(description= (retry_count=20)(retry_delay=3)(address=(protocol=tcps)(port=1521)(host=ATXSADBPrivateEndpoint.adb.us-ashburn-1.oraclecloud.com))(connect_data=(service_name=dvtweegqlqbskul_atdbxs_high.adb.oraclecloud.com))(security=(ssl_server_dn_match=yes)))"
                  },
                  {
                    "consumer_group": "LOW",
                    "display_name": "atdbxs_low",
                    "host_format": "FQDN",
                    "protocol": "TCPS",
                    "session_mode": "DIRECT",
                    "syntax_format": "LONG",
                    "tls_authentication": "SERVER",
                    "value": "(description= (retry_count=20)(retry_delay=3)(address=(protocol=tcps)(port=1521)(host=ATXSADBPrivateEndpoint.adb.us-ashburn-1.oraclecloud.com))(connect_data=(service_name=dvtweegqlqbskul_atdbxs_low.adb.oraclecloud.com))(security=(ssl_server_dn_match=yes)))"
                  },
                  {
                    "consumer_group": "MEDIUM",
                    "display_name": "atdbxs_medium",
                    "host_format": "FQDN",
                    "protocol": "TCPS",
                    "session_mode": "DIRECT",
                    "syntax_format": "LONG",
                    "tls_authentication": "SERVER",
                    "value": "(description= (retry_count=20)(retry_delay=3)(address=(protocol=tcps)(port=1521)(host=ATXSADBPrivateEndpoint.adb.us-ashburn-1.oraclecloud.com))(connect_data=(service_name=dvtweegqlqbskul_atdbxs_medium.adb.oraclecloud.com))(security=(ssl_server_dn_match=yes)))"
                  },
                  {
                    "consumer_group": "TP",
                    "display_name": "atdbxs_tp",
                    "host_format": "FQDN",
                    "protocol": "TCPS",
                    "session_mode": "DIRECT",
                    "syntax_format": "LONG",
                    "tls_authentication": "SERVER",
                    "value": "(description= (retry_count=20)(retry_delay=3)(address=(protocol=tcps)(port=1521)(host=ATXSADBPrivateEndpoint.adb.us-ashburn-1.oraclecloud.com))(connect_data=(service_name=dvtweegqlqbskul_atdbxs_tp.adb.oraclecloud.com))(security=(ssl_server_dn_match=yes)))"
                  },
                  {
                    "consumer_group": "TPURGENT",
                    "display_name": "atdbxs_tpurgent",
                    "host_format": "FQDN",
                    "protocol": "TCPS",
                    "session_mode": "DIRECT",
                    "syntax_format": "LONG",
                    "tls_authentication": "SERVER",
                    "value": "(description= (retry_count=20)(retry_delay=3)(address=(protocol=tcps)(port=1521)(host=ATXSADBPrivateEndpoint.adb.us-ashburn-1.oraclecloud.com))(connect_data=(service_name=dvtweegqlqbskul_atdbxs_tpurgent.adb.oraclecloud.com))(security=(ssl_server_dn_match=yes)))"
                  },
                  {
                    "consumer_group": "HIGH",
                    "display_name": "atdbxs_high",
                    "host_format": "FQDN",
                    "protocol": "TCPS",
                    "session_mode": "DIRECT",
                    "syntax_format": "LONG",
                    "tls_authentication": "MUTUAL",
                    "value": "(description= (retry_count=20)(retry_delay=3)(address=(protocol=tcps)(port=1522)(host=ATXSADBPrivateEndpoint.adb.us-ashburn-1.oraclecloud.com))(connect_data=(service_name=dvtweegqlqbskul_atdbxs_high.adb.oraclecloud.com))(security=(ssl_server_cert_dn=\"CN=adwc.uscom-east-1.oraclecloud.com, OU=Oracle BMCS US, O=Oracle Corporation, L=Redwood City, ST=California, C=US\")))"
                  },
                  {
                    "consumer_group": "LOW",
                    "display_name": "atdbxs_low",
                    "host_format": "FQDN",
                    "protocol": "TCPS",
                    "session_mode": "DIRECT",
                    "syntax_format": "LONG",
                    "tls_authentication": "MUTUAL",
                    "value": "(description= (retry_count=20)(retry_delay=3)(address=(protocol=tcps)(port=1522)(host=ATXSADBPrivateEndpoint.adb.us-ashburn-1.oraclecloud.com))(connect_data=(service_name=dvtweegqlqbskul_atdbxs_low.adb.oraclecloud.com))(security=(ssl_server_cert_dn=\"CN=adwc.uscom-east-1.oraclecloud.com, OU=Oracle BMCS US, O=Oracle Corporation, L=Redwood City, ST=California, C=US\")))"
                  },
                  {
                    "consumer_group": "MEDIUM",
                    "display_name": "atdbxs_medium",
                    "host_format": "FQDN",
                    "protocol": "TCPS",
                    "session_mode": "DIRECT",
                    "syntax_format": "LONG",
                    "tls_authentication": "MUTUAL",
                    "value": "(description= (retry_count=20)(retry_delay=3)(address=(protocol=tcps)(port=1522)(host=ATXSADBPrivateEndpoint.adb.us-ashburn-1.oraclecloud.com))(connect_data=(service_name=dvtweegqlqbskul_atdbxs_medium.adb.oraclecloud.com))(security=(ssl_server_cert_dn=\"CN=adwc.uscom-east-1.oraclecloud.com, OU=Oracle BMCS US, O=Oracle Corporation, L=Redwood City, ST=California, C=US\")))"
                  },
                  {
                    "consumer_group": "TP",
                    "display_name": "atdbxs_tp",
                    "host_format": "FQDN",
                    "protocol": "TCPS",
                    "session_mode": "DIRECT",
                    "syntax_format": "LONG",
                    "tls_authentication": "MUTUAL",
                    "value": "(description= (retry_count=20)(retry_delay=3)(address=(protocol=tcps)(port=1522)(host=ATXSADBPrivateEndpoint.adb.us-ashburn-1.oraclecloud.com))(connect_data=(service_name=dvtweegqlqbskul_atdbxs_tp.adb.oraclecloud.com))(security=(ssl_server_cert_dn=\"CN=adwc.uscom-east-1.oraclecloud.com, OU=Oracle BMCS US, O=Oracle Corporation, L=Redwood City, ST=California, C=US\")))"
                  },
                  {
                    "consumer_group": "TPURGENT",
                    "display_name": "atdbxs_tpurgent",
                    "host_format": "FQDN",
                    "protocol": "TCPS",
                    "session_mode": "DIRECT",
                    "syntax_format": "LONG",
                    "tls_authentication": "MUTUAL",
                    "value": "(description= (retry_count=20)(retry_delay=3)(address=(protocol=tcps)(port=1522)(host=ATXSADBPrivateEndpoint.adb.us-ashburn-1.oraclecloud.com))(connect_data=(service_name=dvtweegqlqbskul_atdbxs_tpurgent.adb.oraclecloud.com))(security=(ssl_server_cert_dn=\"CN=adwc.uscom-east-1.oraclecloud.com, OU=Oracle BMCS US, O=Oracle Corporation, L=Redwood City, ST=California, C=US\")))"
                  }
                ]
              }
            ],
            "connection_urls": [
              {
                "apex_url": "https://ATXSADBPrivateEndpoint.adb.us-ashburn-1.oraclecloudapps.com/ords/apex",
                "graph_studio_url": "https://ATXSADBPrivateEndpoint.adb.us-ashburn-1.oraclecloudapps.com/graphstudio/",
                "machine_learning_user_management_url": "https://ATXSADBPrivateEndpoint.adb.us-ashburn-1.oraclecloudapps.com/omlusers/",
                "sql_dev_web_url": "https://ATXSADBPrivateEndpoint.adb.us-ashburn-1.oraclecloudapps.com/ords/sql-developer"
              }
            ],
            "cpu_core_count": 1,
            "customer_contacts": [],
            "data_safe_status": "NOT_REGISTERED",
            "data_storage_size_in_gb": 1024,
            "data_storage_size_in_tbs": 1,
            "database_edition": "ENTERPRISE_EDITION",
            "database_management_status": "",
            "dataguard_region_type": "",
            "db_name": "ATDBXS",
            "db_version": "19c",
            "db_workload": "OLTP",
            "defined_tags": {
              "Oracle-Tags.CreatedBy": "oracleidentitycloudservice/andy.tael@oracle.com",
              "Oracle-Tags.CreatedOn": "2022-07-28T15:59:23.001Z"
            },
            "display_name": "ATDB_XS",
            "failed_data_recovery_in_seconds": null,
            "freeform_tags": {},
            "id": "ocid1.autonomousdatabase.oc1.iad.anuwcljsigoxhqyagej57gyj4ss6yz7xk4fa4lsu54p3l6i4mlx6gmyo5u5q",
            "infrastructure_type": "",
            "is_access_control_enabled": null,
            "is_auto_scaling_enabled": false,
            "is_auto_scaling_for_storage_enabled": false,
            "is_data_guard_enabled": false,
            "is_dedicated": false,
            "is_free_tier": false,
            "is_local_data_guard_enabled": false,
            "is_mtls_connection_required": false,
            "is_preview": false,
            "is_preview_version_with_service_terms_accepted": null,
            "is_reconnect_clone_enabled": null,
            "is_refreshable_clone": null,
            "is_remote_data_guard_enabled": false,
            "is_shrink_only": null,
            "key_history_entry": [
              {
                "id": "ORACLE_MANAGED_KEY",
                "kms_key_version_id": "",
                "time_activated": "2022-07-28 16:02:22.383 +0000 UTC",
                "vault_id": ""
              }
            ],
            "key_store_id": null,
            "key_store_wallet_name": null,
            "kms_key_id": "ORACLE_MANAGED_KEY",
            "kms_key_lifecycle_details": null,
            "kms_key_version_id": null,
            "license_model": "BRING_YOUR_OWN_LICENSE",
            "lifecycle_details": null,
            "local_standby_db": [],
            "max_cpu_core_count": null,
            "memory_per_oracle_compute_unit_in_gbs": null,
            "ncharacter_set": "AL16UTF16",
            "nsg_ids": [
              "ocid1.networksecuritygroup.oc1.iad.aaaaaaaaox7owdb7zkp2xre5nze2ismld5jj64hvfhjkappixod3xdugk2tq"
            ],
            "ocpu_count": null,
            "open_mode": "READ_WRITE",
            "operations_insights_status": "NOT_ENABLED",
            "peer_db_ids": [],
            "permission_level": "UNRESTRICTED",
            "private_endpoint": "ATXSADBPrivateEndpoint.adb.us-ashburn-1.oraclecloud.com",
            "private_endpoint_ip": "172.16.0.195",
            "private_endpoint_label": "ATXSADBPrivateEndpoint",
            "provisionable_cpus": [],
            "refreshable_mode": null,
            "refreshable_status": "",
            "role": "",
            "rotate_key_trigger": null,
            "scheduled_operations": [],
            "service_console_url": "https://adb.us-ashburn-1.oraclecloud.com/console/index.html?tenant_name=OCID1.TENANCY.OC1..AAAAAAAAWOUP473JM2SCQCS6X2Q2HMYPZGQKEW6RS3YGC2HGWSZBXGJX2FXQ\u0026database_name=ATDBXS\u0026service_type=ATP\u0026cloud_database_name=OCID1.AUTONOMOUSDATABASE.OC1.IAD.ANUWCLJSIGOXHQYAGEJ57GYJ4SS6YZ7XK4FA4LSU54P3L6I4MLX6GMYO5U5Q",
            "source": null,
            "source_id": null,
            "standby_db": [],
            "standby_whitelisted_ips": [],
            "state": "AVAILABLE",
            "subnet_id": "ocid1.subnet.oc1.iad.aaaaaaaahj3g6w34w72j5edwmpumg3ndvwzqg2kxhgolvxbryhuplmzc4hqa",
            "supported_regions_to_clone_to": [
              "GRU",
              "AMS",
              "LHR",
              "PHX",
              "SJC"
            ],
            "switchover_to": null,
            "switchover_to_remote_peer_id": null,
            "system_tags": {},
            "time_created": "2022-07-28 15:59:23.062 +0000 UTC",
            "time_data_guard_role_changed": null,
            "time_deletion_of_free_autonomous_database": null,
            "time_local_data_guard_enabled": null,
            "time_maintenance_begin": "2022-07-31 22:00:00 +0000 UTC",
            "time_maintenance_end": "2022-08-01 00:00:00 +0000 UTC",
            "time_of_last_failover": null,
            "time_of_last_refresh": null,
            "time_of_last_refresh_point": null,
            "time_of_last_switchover": null,
            "time_of_next_refresh": null,
            "time_reclamation_of_free_autonomous_database": null,
            "time_until_reconnect_clone_enabled": null,
            "timeouts": null,
            "timestamp": null,
            "used_data_storage_size_in_tbs": null,
            "vault_id": null,
            "whitelisted_ips": null
          },
          "sensitive_attributes": [
            [
              {
                "type": "get_attr",
                "value": "admin_password"
              }
            ]
          ],
          "private": "eyJlMmJmYjczMC1lY2FhLTExZTYtOGY4OC0zNDM2M2JjN2M0YzAiOnsiY3JlYXRlIjo0MzIwMDAwMDAwMDAwMCwiZGVsZXRlIjo0MzIwMDAwMDAwMDAwMCwidXBkYXRlIjo0MzIwMDAwMDAwMDAwMH19",
          "dependencies": [
            "oci_core_nat_gateway.nat_gateway",
            "oci_core_network_security_group.security_group_adb",
            "oci_core_route_table.route_table_nat_gw",
            "oci_core_subnet.subnet_private",
            "oci_core_vcn.vcn",
            "random_password.autonomous_database_password"
          ]
        }
      ]
    },
    {
      "mode": "managed",
      "type": "oci_load_balancer",
      "name": "lb",
      "provider": "provider[\"registry.terraform.io/oracle/oci\"]",
      "instances": [
        {
          "schema_version": 0,
          "attributes": {
            "compartment_id": "ocid1.compartment.oc1..aaaaaaaa3p3spj472mot3moqwozcxzsuefbbujqclt5mslw7gdhr54zuerqq",
            "defined_tags": {
              "Oracle-Tags.CreatedBy": "oracleidentitycloudservice/andy.tael@oracle.com",
              "Oracle-Tags.CreatedOn": "2022-07-28T15:59:18.874Z"
            },
            "display_name": "AT-lb",
            "freeform_tags": {},
            "id": "ocid1.loadbalancer.oc1.iad.aaaaaaaawmn7sp22gmjbmjpa4l3abuikgcn4jbgioz2b2mxmqavznwsitaqq",
            "ip_address_details": [
              {
                "ip_address": "129.80.127.70",
                "is_public": true,
                "reserved_ip": []
              }
            ],
            "ip_addresses": [
              "129.80.127.70"
            ],
            "ip_mode": "IPV4",
            "is_private": false,
            "network_security_group_ids": [
              "ocid1.networksecuritygroup.oc1.iad.aaaaaaaasa3vzhddm62oetmjlr5mdjoksahzokdyjs52uhdvyv55spdczmma"
            ],
            "reserved_ips": [],
            "shape": "flexible",
            "shape_details": [
              {
                "maximum_bandwidth_in_mbps": 10,
                "minimum_bandwidth_in_mbps": 10
              }
            ],
            "state": "ACTIVE",
            "subnet_ids": [
              "ocid1.subnet.oc1.iad.aaaaaaaapembzk2w6vut7im4amd7pp4ue7g2y6aeey3f76hyxjjsw5lyspsq"
            ],
            "system_tags": {},
            "time_created": "2022-07-28 15:59:19.538 +0000 UTC",
            "timeouts": null
          },
          "sensitive_attributes": [],
          "private": "eyJlMmJmYjczMC1lY2FhLTExZTYtOGY4OC0zNDM2M2JjN2M0YzAiOnsiY3JlYXRlIjoxMjAwMDAwMDAwMDAwLCJkZWxldGUiOjEyMDAwMDAwMDAwMDAsInVwZGF0ZSI6MTIwMDAwMDAwMDAwMH19",
          "dependencies": [
            "oci_core_internet_gateway.internet_gateway",
            "oci_core_network_security_group.security_group_lb",
            "oci_core_route_table.route_table_internet_gw",
            "oci_core_subnet.subnet_public",
            "oci_core_vcn.vcn"
          ],
          "create_before_destroy": true
        }
      ]
    },
    {
      "mode": "managed",
      "type": "oci_load_balancer_backend",
      "name": "lb_backend",
      "provider": "provider[\"registry.terraform.io/oracle/oci\"]",
      "instances": [
        {
          "schema_version": 0,
          "attributes": {
            "backendset_name": "AT-lb-backend-set",
            "backup": false,
            "drain": false,
            "id": "loadBalancers/ocid1.loadbalancer.oc1.iad.aaaaaaaawmn7sp22gmjbmjpa4l3abuikgcn4jbgioz2b2mxmqavznwsitaqq/backendSets/AT-lb-backend-set/backends/172.16.0.160:8080",
            "ip_address": "172.16.0.160",
            "load_balancer_id": "ocid1.loadbalancer.oc1.iad.aaaaaaaawmn7sp22gmjbmjpa4l3abuikgcn4jbgioz2b2mxmqavznwsitaqq",
            "name": "172.16.0.160:8080",
            "offline": false,
            "port": 8080,
            "state": "SUCCEEDED",
            "timeouts": null,
            "weight": 1
          },
          "sensitive_attributes": [],
          "private": "eyJlMmJmYjczMC1lY2FhLTExZTYtOGY4OC0zNDM2M2JjN2M0YzAiOnsiY3JlYXRlIjoxMjAwMDAwMDAwMDAwLCJkZWxldGUiOjEyMDAwMDAwMDAwMDAsInVwZGF0ZSI6MTIwMDAwMDAwMDAwMH19",
          "dependencies": [
            "data.oci_core_images.images",
            "data.oci_identity_availability_domain.availability_domains",
            "oci_core_instance.instance",
            "oci_core_internet_gateway.internet_gateway",
            "oci_core_nat_gateway.nat_gateway",
            "oci_core_network_security_group.security_group_adb",
            "oci_core_network_security_group.security_group_lb",
            "oci_core_network_security_group.security_group_ords",
            "oci_core_network_security_group.security_group_ssh",
            "oci_core_route_table.route_table_internet_gw",
            "oci_core_route_table.route_table_nat_gw",
            "oci_core_subnet.subnet_private",
            "oci_core_subnet.subnet_public",
            "oci_core_vcn.vcn",
            "oci_database_autonomous_database.autonomous_database",
            "oci_load_balancer.lb",
            "oci_load_balancer_backend_set.lb_backend_set",
            "random_password.autonomous_database_password",
            "tls_private_key.example_com"
          ]
        }
      ]
    },
    {
      "mode": "managed",
      "type": "oci_load_balancer_backend_set",
      "name": "lb_backend_set",
      "provider": "provider[\"registry.terraform.io/oracle/oci\"]",
      "instances": [
        {
          "schema_version": 0,
          "attributes": {
            "backend": [],
            "health_checker": [
              {
                "interval_ms": 10000,
                "port": 8080,
                "protocol": "HTTP",
                "response_body_regex": ".*",
                "retries": 3,
                "return_code": 200,
                "timeout_in_millis": 3000,
                "url_path": "/favicon.ico"
              }
            ],
            "id": "loadBalancers/ocid1.loadbalancer.oc1.iad.aaaaaaaawmn7sp22gmjbmjpa4l3abuikgcn4jbgioz2b2mxmqavznwsitaqq/backendSets/AT-lb-backend-set",
            "lb_cookie_session_persistence_configuration": [],
            "load_balancer_id": "ocid1.loadbalancer.oc1.iad.aaaaaaaawmn7sp22gmjbmjpa4l3abuikgcn4jbgioz2b2mxmqavznwsitaqq",
            "name": "AT-lb-backend-set",
            "policy": "LEAST_CONNECTIONS",
            "session_persistence_configuration": [
              {
                "cookie_name": "*",
                "disable_fallback": false
              }
            ],
            "ssl_configuration": [],
            "state": "SUCCEEDED",
            "timeouts": null
          },
          "sensitive_attributes": [],
          "private": "eyJlMmJmYjczMC1lY2FhLTExZTYtOGY4OC0zNDM2M2JjN2M0YzAiOnsiY3JlYXRlIjoxMjAwMDAwMDAwMDAwLCJkZWxldGUiOjEyMDAwMDAwMDAwMDAsInVwZGF0ZSI6MTIwMDAwMDAwMDAwMH19",
          "dependencies": [
            "oci_core_internet_gateway.internet_gateway",
            "oci_core_network_security_group.security_group_lb",
            "oci_core_route_table.route_table_internet_gw",
            "oci_core_subnet.subnet_public",
            "oci_core_vcn.vcn",
            "oci_load_balancer.lb"
          ]
        }
      ]
    },
    {
      "mode": "managed",
      "type": "oci_load_balancer_certificate",
      "name": "lb_certificate",
      "provider": "provider[\"registry.terraform.io/oracle/oci\"]",
      "instances": [
        {
          "schema_version": 0,
          "attributes": {
            "ca_certificate": "-----BEGIN CERTIFICATE-----\nMIIFXTCCA0WgAwIBAgIRAPW/mwsDI8/hLCA5DdiVMtkwDQYJKoZIhvcNAQELBQAw\nSDEZMBcGA1UEChMQQWNtZSBTZWxmIFNpZ25lZDENMAsGA1UECxMEYWNtZTEcMBoG\nA1UEAxMTQWNtZSBTZWxmIFNpZ25lZCBDQTAeFw0yMjA3MjgxNTU5MTFaFw0zMjA3\nMjgwMjU5MTFaMEgxGTAXBgNVBAoTEEFjbWUgU2VsZiBTaWduZWQxDTALBgNVBAsT\nBGFjbWUxHDAaBgNVBAMTE0FjbWUgU2VsZiBTaWduZWQgQ0EwggIiMA0GCSqGSIb3\nDQEBAQUAA4ICDwAwggIKAoICAQC7695YyQz3wnUeoJbivU/NVUKavQSabrQhlLo5\n3jCVJ5UVi/W29s7iac2V3edqqU7kUdBzpKnZW7hVKYsBxEM6HFzbMmGelE3PSGZq\n/sm97I0qmXn2sc11gvl7ml2p+xzfSM0HrH+jV/sEAugo8e5sMfsoSm6YYPbl8JIk\nvA1n1qPW4SmZnQXsbST4q1s7bIp0AIYv0kRQdIkHN1Nj6H+joCZfsZMxF9IGCXH5\nyEDIu4PiOhsFXqCQzzioMtvfF1z8DTuTFicvkua/ZO5jex/SIQwVNDCAmUwe9iBs\n8NXq+AyuWLISLKjQfkefvPd/Utub8Bd4Wi9yGti6ZCyujOFh3GDoFF8hZo/Q+QBw\nfiAtbGcVr4/rmt7pvnGEvzfTOa5g4/vs1v48suCBSwQXcJjs5oyxn/+JpdYmLHPc\nlOi1F4eVa+YUi7h8aD3c/jZweF+3CEcYigvuHaiDDpVEo0rfL+P0vdAo2pZ2AFAU\nGecvecX1TQs3CJ88T++VKhFFS4c/0lr3F0RuqmJwIBwpOHPifA6vc9e2E5SBw4Jp\nvECwH8bP0otE7oYAKmbleuDfKTWQFwF1k6Jaf+Wnpndr0/FVTif5eeI8McdnfO0y\nvjhL2NfY47BjEApRnG8dDNAK9TColEdvYWfcL55jzY6jqoYiYGd9b2ErpdvZ4BJU\nL8apMwIDAQABo0IwQDAOBgNVHQ8BAf8EBAMCAYYwDwYDVR0TAQH/BAUwAwEB/zAd\nBgNVHQ4EFgQUPbNVV8luJ7/moDvFQLFMGUe8yX4wDQYJKoZIhvcNAQELBQADggIB\nAAXWxNDVF17brEzq+1jyHuK9/i5OKy/OfJs688tmwDZ+B1BqDiw+TVsJYvtpdZy0\njV3N/mkx8ODyR2W0UYlV78/FDZc9otOXyvTg+WN894e0yNFLI0JXsi4ziiGSGjVX\nCpMvLCNqTNLchwtBkY9ae5QRgLPHQp/D2FokUI4q9tCUFUDacsCabBChYQHE304x\nvDlFq4m7uaQMQ3kVrO+KbtrOZ6N7Jx0/+5FjT2lLKr96O5B/gxcKfu7KfEUBb8wG\nC97WdaRDeQUx4zdH3N5mJcN5cDcf3nNvAfoCbe1rN1R+iHtsO/ZXZ9MIscq5HyGm\n+NMinp8aTS6GjbBTRzMDoZN/5eBUF3PWJp9rv1wLCEVFuuyUo0baB6eh1kltkD3V\n2V84lWwHH9KC6h3F6nGCaT8RIBRNESHyOdwshDz9OO3obgMkR0jLvpZXP9ejBr09\n+CXDFNs3f4XORJm6juEZYIlWlvuowDCssNCH0vCuxS+iCCDME5Q1+PPHT2vbUHAf\np+BmAYQguT8IMatzYzOd9hDBMVbSJaVBGGY3IiPSH6MR80GZQwczFtcBzf/Nntkz\n8KqXolWFC9Fmk39MXeYMEZVr4bawonZ5zyJSDpiBy2kppc0kp91xHN9SuaP6iBxh\nK744T5hnm5lHdwk6S5XvWfM8pOZ7fWZjiOzH7mKnIzJT\n-----END CERTIFICATE-----\n",
            "certificate_name": "get_a_real_cert",
            "id": "loadBalancers/ocid1.loadbalancer.oc1.iad.aaaaaaaawmn7sp22gmjbmjpa4l3abuikgcn4jbgioz2b2mxmqavznwsitaqq/certificates/get_a_real_cert",
            "load_balancer_id": "ocid1.loadbalancer.oc1.iad.aaaaaaaawmn7sp22gmjbmjpa4l3abuikgcn4jbgioz2b2mxmqavznwsitaqq",
            "passphrase": null,
            "private_key": "-----BEGIN RSA PRIVATE KEY-----\nMIIJKgIBAAKCAgEA62WtOoShT25LJCpA/jPiFsX/EBhikH6GuR+i6s2K/gItZ2rU\nZstY28IxWvgs7tEUJBX1N8hCszyv/mRok4W0kxkgFVy+a0USl4EoCZtMBuQ+1En1\n5921vTIOiqQL/5QxCej6N6X1+TCkZGBilnssHyiGHas1DLAj8i4hvQEXUgWEaXkX\neKP/KvvZYmmRDBg+0SaolH38q/LoCBt5QNxJQNtSyNag9lqDOxm9xyzkeymXQiiw\nG0DOgiq4gHqD8hHtLdPH1x7R/PZvakCaxTUf0ti/fV1D+j4HsrABXY0R6Pj3dP3w\n8YFxE7gMKAWJgHd7WT2UNmCUJGfSJO0XQwP3WsAW9qZOZMMx3KxSWN4+h7IvjKSI\nedp02hqPGwEU6nvaR/U1Vt+Mj5dDU9UPas6BBpzPClb8w17ayW+Mxhxij0eOyDQP\nf6hN0RphOB6EM87vENEoX1amzA3H8YENhixyeyMufDsZWVCxwhp+FxkOZDngINtR\nHCa6oLYWtedRNf3SwbgYupXffxAqGy2bjUCZAI91UZJRV5bgbW6xRAMu6SbLFLDK\naowS5eUq1XrChvG4V+1iftAN+0lVhoje322oMZtei8EzfWWZ0lmwc6F9y/l2nVPC\nXXipzUYcin36z6vIFaLdAHvOsSoxfB+KnNerVCwhj9n/g9tMadyHmPyWe3UCAwEA\nAQKCAgEA0ZYa8YJLWbya3J1edrbdM2egnMUJZRuyejtnw+W0PkrUAENG0Ct3d1rk\ntNlIsG2poCOIzNzaPlnnXPorfkXKrDnvrfWAeWPrlMdjTYJe47fvFPaxInvtp4Fd\nHyXGpQ1dyDQOLOPwKKmdhN2oidErTKa5GstoFV7y8lsOoQjKqbXN2lb9heWGeM/6\nEjxp77nanD/uUyAFi1dgLm+/uvcnpb5ha/5lHFMkisd1iFQ5LkuuqDIv8mP2OkEt\nOv9aYXqCkY4BXVDMqI0GUDUrWDDfn8xqWoVi0/jMw9Ufshq7epHJSfobv/t/IY56\nDFw5vA8l3SQNxYih/fQOT+BlGL78SLSQZED+YE4ai46a9tfTaxe+k7c7YPnMpi9C\n3pdGGfU+crelAiwL6s6aSXsAZ+U05Vnp+6XvdQV1oAA82IiBDcpwv/3zdzbP6J/K\nOeigOHNqapChZOB5Wz2D1CCO1Wh0r724vkzRzQSvGIsTUbUIn013cZN2jqKRUiU2\nQsrSffmQ6bezjEPtJKjlbgPcv7Sj5BoN76ny0Vmv+a2ILRRexn5JY5e9rWDt8IQb\ntnXHmu8KS7TvKA7j/GZNBBDqoamJATy2lnC3p+cDFkyw2aFv2HJfr27O9/ijgVmR\nHZLDTVNBzM7aBS+jk1qgo5j91sKgR24dzaoemdfhcgrACmEblxUCggEBAPE4cWWc\nA/g/iH6UbTJaUpgivsuTnofFOK/2vXP1z+Z5FEKhDwAyEAd4IQ3TuB4SHXzoDP8v\nhCkuo64Rcdma8BJorYERdWqRpqFJ8gNulyLGNdcXjo0TVX1UqVmC+oyx/cSBWIwp\nbGtlggIyBaFyfLRllNRWfunJgh8iRpBnPlK+Xpah7wUxdZwrayYio7+etRsG+9Mg\nbYZv2Mce7bFrVfOL0yVB4hvvSnvT9hMV4M1dfVdpX0z4NPXJOwD7uWvMHOA3M+l6\nqV/lIpmWAowXUTTNs04y4ld4o43e7LtWX/glZc+c2QDWa3hq+P0YBrmjYn/AYZDK\nU7vTvszWO5pAlc8CggEBAPnR5RPCh9ZNKw1QQC8PYNVErZEmagNM8IgseZpHuouV\n6RMWK5ZyJ6pXLWcR2Tp6j4rXAkHNu+0ZqOm7IkIG6BYZE6DV/zXdIBb4jANFGERh\nREHc86Yl5JwrGIHezFSIP7Eyv5X/6ubZti1CjsGtaHLr+X1Hxs+e6Z/hjn0SqzYn\n3YcX5jYQXZmp0RlUVUvyTWTq49djlM4Bt8SRS3MlqmLw+riiDHOv3YJsslvnNO9m\nXflWBMNIjAgkhaCBZM4263qj2jeOdlfLqUD9tVEu5MoStp5dysKEhChyX0p4zygo\n/SJjcM5LGnmNjlq3ah/XwRrXMJgQGk/UpsdLUAP6r3sCggEBAJjdqB84a9uah6mP\n7lOGoej/u+HPPxvThEUfHJisIoBwIsLGxnbdQwM4wdm9XmTQHhfWBsaBGkPu5pOd\nQoUghxtjcvDkW4CZpPt5nQFHyEelTOFucEw/AGJYkKnFM3qOIb+yKKdKaQb2YRl7\nEc5qe1TnOxYFapBFv0xzsDw68WgGdHMJVCv6WAoMCe807Ii2zxa9qkD1v/L+VmZ5\n1zAkUWfyKHDn+56wWod2n+8gYkJDCPeoM1jXwtgwGlBZNfx2caY11ZQUw9mdn/us\n8RhOfovz/7mCzaWZMizqJSPjbRYYvRiA0ZSSTbEWOYxK+ZgTToyfIjVbwwy496Vf\n7o2meEkCggEANOXJ4M4/HxSF+jK09IIIGgCJ1ANTTVGcWOk58n4ftPDQQndeUWPo\nnDwLZBi2a5iKDncKhk5+7WyShLNYRKzbtdonetX1TT1+Tv7f/s1BnzENV/jmKpc5\negvyC4XWtEuJWQcK5EMlRS5yUdEXE1GZnUP0Nx/crBfVFkKXfkpWsIfuc22PFIGQ\noDoCCZ/+068Bzk2iYvg2CQz6EYhGdqJSGtM186R0iIaDm9tSRP2HCu4dFe+t4H/b\nDtpU5TCg3L1qTTSmvz7ONjbsptNR8lfAoD0oKA5qIZgXt8zH+qfsDW/occCmoTfr\n6jMcIn9V3Fo+DGXmZzx5pc+8ZNTAo6cQQwKCAQEAsiUI0BELiLTsE/z+X96gS6Jx\nATJ9YBBEkkk7FI1zteq6IbP7sXTl/3sM91Qdc4KoCRalz0qVk6BeS2gpeuOz6o8S\n+WnVrx/SGSNtDi6mEFlCvTfQwvCwRqJ7pTH/VUia6PTwmTkOvemS7UQUgbqjKmtu\nctNd4jWq3bnWOJH9T5SKp0AMrgYH23d8WgbyOC8zjIkaKolAmk+3dsIde3cCzgr6\n0WtKcSEXTQGDNf2w2rPmjEngZ/OrAv+++n5claTriDxLI4UbrpnsJ+8zGBQqrr09\nKzJfAaJlKkqWxfmyU4e5ht9287YlCxNcXoSKNHzCLutAhlZDdIoOUBfK6Vddfg==\n-----END RSA PRIVATE KEY-----\n",
            "public_certificate": "-----BEGIN CERTIFICATE-----\nMIIFoTCCA4mgAwIBAgIQc5sc3qnkF/HqwGy75/3jcDANBgkqhkiG9w0BAQsFADBI\nMRkwFwYDVQQKExBBY21lIFNlbGYgU2lnbmVkMQ0wCwYDVQQLEwRhY21lMRwwGgYD\nVQQDExNBY21lIFNlbGYgU2lnbmVkIENBMB4XDTIyMDcyODE1NTkxMloXDTMyMDcy\nODAyNTkxMlowVzELMAkGA1UEBhMCR0IxHDAaBgNVBAoTE0V4YW1wbGUgU2VsZiBT\naWduZWQxFDASBgNVBAsTC2V4YW1wbGUuY29tMRQwEgYDVQQDEwtleGFtcGxlLmNv\nbTCCAiIwDQYJKoZIhvcNAQEBBQADggIPADCCAgoCggIBAOtlrTqEoU9uSyQqQP4z\n4hbF/xAYYpB+hrkfourNiv4CLWdq1GbLWNvCMVr4LO7RFCQV9TfIQrM8r/5kaJOF\ntJMZIBVcvmtFEpeBKAmbTAbkPtRJ9efdtb0yDoqkC/+UMQno+jel9fkwpGRgYpZ7\nLB8ohh2rNQywI/IuIb0BF1IFhGl5F3ij/yr72WJpkQwYPtEmqJR9/Kvy6AgbeUDc\nSUDbUsjWoPZagzsZvccs5Hspl0IosBtAzoIquIB6g/IR7S3Tx9ce0fz2b2pAmsU1\nH9LYv31dQ/o+B7KwAV2NEej493T98PGBcRO4DCgFiYB3e1k9lDZglCRn0iTtF0MD\n91rAFvamTmTDMdysUljePoeyL4ykiHnadNoajxsBFOp72kf1NVbfjI+XQ1PVD2rO\ngQaczwpW/MNe2slvjMYcYo9Hjsg0D3+oTdEaYTgehDPO7xDRKF9WpswNx/GBDYYs\ncnsjLnw7GVlQscIafhcZDmQ54CDbURwmuqC2FrXnUTX90sG4GLqV338QKhstm41A\nmQCPdVGSUVeW4G1usUQDLukmyxSwymqMEuXlKtV6wobxuFftYn7QDftJVYaI3t9t\nqDGbXovBM31lmdJZsHOhfcv5dp1Twl14qc1GHIp9+s+ryBWi3QB7zrEqMXwfipzX\nq1QsIY/Z/4PbTGnch5j8lnt1AgMBAAGjeDB2MA4GA1UdDwEB/wQEAwIFoDAdBgNV\nHSUEFjAUBggrBgEFBQcDAQYIKwYBBQUHAwIwDAYDVR0TAQH/BAIwADAfBgNVHSME\nGDAWgBQ9s1VXyW4nv+agO8VAsUwZR7zJfjAWBgNVHREEDzANggtleGFtcGxlLmNv\nbTANBgkqhkiG9w0BAQsFAAOCAgEAhCqfwGrs+FN0sU+h5DIU2GWjAcqyXwe4IqCF\nFiHhzZrx9fgJSmKSnaEfmiKrhB6K7j/hAXxEfi4Z4GQrgSD4UDNcvEkVd9mx3Vu1\n5s5XdJu7/i837OCq4ETRONpJWa+3Jf28aU9S6Ze3lFVsRUVNTwQUc2WG6fU3OtmK\nJFawpezcDv5woawpjYXmmCAY1qrXd/ttKklmVtrWLGEPy8wfJW6pdoD6iRBrhoOM\nZwHlKN2m+1hWIWZYeVQUJg92+eEScXNuRIm0rCYv/Zgf51lwIti5oYn98qAqS7ln\njY2AS/HKeWN4A+EAmO2J7wU26S8dezsiJew/b33a+hHe83dnU0sh3SKAeV0lwLX1\n0pNfpw/8RqWASo7K2U758ynHPJkanZfLnBK8JpCcLyE2DW4NgyofEKxKNLR0MlEc\nWvsldbu5jEwsXf6sqDAgk+UAdTnBaaNBHLccYO2GP3PSENraWb+xQk2HGEzFPWfd\np3EQf5vuDwiOd1G5MVmQUonlEUweRU+Zf9YFAaXdb6ZW7E9Xxexif99DnHzL/M5Q\nFUjCFWi0jxg3pbg5aFsDHOGlmhxEDr4Y93dWulvbNYvrsMnvZKy2Zc/qlsMAU5cA\nte5+vL+TO37DGMgcrgn+inhb7f+qZfcQE5wr0O04wr09P8L9Tw8UQBBLvIMsXSqs\nXtUbtgQ=\n-----END CERTIFICATE-----\n",
            "state": "SUCCEEDED",
            "timeouts": null
          },
          "sensitive_attributes": [
            [
              {
                "type": "get_attr",
                "value": "private_key"
              }
            ]
          ],
          "private": "eyJlMmJmYjczMC1lY2FhLTExZTYtOGY4OC0zNDM2M2JjN2M0YzAiOnsiY3JlYXRlIjoxMjAwMDAwMDAwMDAwLCJkZWxldGUiOjEyMDAwMDAwMDAwMDAsInVwZGF0ZSI6MTIwMDAwMDAwMDAwMH19",
          "dependencies": [
            "oci_core_internet_gateway.internet_gateway",
            "oci_core_network_security_group.security_group_lb",
            "oci_core_route_table.route_table_internet_gw",
            "oci_core_subnet.subnet_public",
            "oci_core_vcn.vcn",
            "oci_load_balancer.lb",
            "tls_cert_request.example_com",
            "tls_locally_signed_cert.example_com",
            "tls_private_key.acme_ca",
            "tls_private_key.example_com",
            "tls_self_signed_cert.acme_ca"
          ],
          "create_before_destroy": true
        }
      ]
    },
    {
      "mode": "managed",
      "type": "oci_load_balancer_listener",
      "name": "lb_listener_443",
      "provider": "provider[\"registry.terraform.io/oracle/oci\"]",
      "instances": [
        {
          "schema_version": 0,
          "attributes": {
            "connection_configuration": [
              {
                "backend_tcp_proxy_protocol_version": 0,
                "idle_timeout_in_seconds": "60"
              }
            ],
            "default_backend_set_name": "AT-lb-backend-set",
            "hostname_names": [],
            "id": "loadBalancers/ocid1.loadbalancer.oc1.iad.aaaaaaaawmn7sp22gmjbmjpa4l3abuikgcn4jbgioz2b2mxmqavznwsitaqq/listeners/AT-lb-listener-443",
            "load_balancer_id": "ocid1.loadbalancer.oc1.iad.aaaaaaaawmn7sp22gmjbmjpa4l3abuikgcn4jbgioz2b2mxmqavznwsitaqq",
            "name": "AT-lb-listener-443",
            "path_route_set_name": null,
            "port": 443,
            "protocol": "HTTP",
            "routing_policy_name": null,
            "rule_set_names": [],
            "ssl_configuration": [
              {
                "certificate_ids": null,
                "certificate_name": "get_a_real_cert",
                "cipher_suite_name": "oci-default-ssl-cipher-suite-v1",
                "protocols": [
                  "TLSv1.2"
                ],
                "server_order_preference": "ENABLED",
                "trusted_certificate_authority_ids": null,
                "verify_depth": 5,
                "verify_peer_certificate": false
              }
            ],
            "state": "SUCCEEDED",
            "timeouts": null
          },
          "sensitive_attributes": [],
          "private": "eyJlMmJmYjczMC1lY2FhLTExZTYtOGY4OC0zNDM2M2JjN2M0YzAiOnsiY3JlYXRlIjoxMjAwMDAwMDAwMDAwLCJkZWxldGUiOjEyMDAwMDAwMDAwMDAsInVwZGF0ZSI6MTIwMDAwMDAwMDAwMH19",
          "dependencies": [
            "oci_core_internet_gateway.internet_gateway",
            "oci_core_network_security_group.security_group_lb",
            "oci_core_route_table.route_table_internet_gw",
            "oci_core_subnet.subnet_public",
            "oci_core_vcn.vcn",
            "oci_load_balancer.lb",
            "oci_load_balancer_backend_set.lb_backend_set",
            "oci_load_balancer_certificate.lb_certificate",
            "tls_cert_request.example_com",
            "tls_locally_signed_cert.example_com",
            "tls_private_key.acme_ca",
            "tls_private_key.example_com",
            "tls_self_signed_cert.acme_ca"
          ]
        }
      ]
    },
    {
      "mode": "managed",
      "type": "oci_load_balancer_listener",
      "name": "lb_listener_80",
      "provider": "provider[\"registry.terraform.io/oracle/oci\"]",
      "instances": [
        {
          "schema_version": 0,
          "attributes": {
            "connection_configuration": [
              {
                "backend_tcp_proxy_protocol_version": 0,
                "idle_timeout_in_seconds": "60"
              }
            ],
            "default_backend_set_name": "AT-lb-backend-set",
            "hostname_names": [],
            "id": "loadBalancers/ocid1.loadbalancer.oc1.iad.aaaaaaaawmn7sp22gmjbmjpa4l3abuikgcn4jbgioz2b2mxmqavznwsitaqq/listeners/AT-lb-listener-80",
            "load_balancer_id": "ocid1.loadbalancer.oc1.iad.aaaaaaaawmn7sp22gmjbmjpa4l3abuikgcn4jbgioz2b2mxmqavznwsitaqq",
            "name": "AT-lb-listener-80",
            "path_route_set_name": null,
            "port": 80,
            "protocol": "HTTP",
            "routing_policy_name": null,
            "rule_set_names": [],
            "ssl_configuration": [],
            "state": "SUCCEEDED",
            "timeouts": null
          },
          "sensitive_attributes": [],
          "private": "eyJlMmJmYjczMC1lY2FhLTExZTYtOGY4OC0zNDM2M2JjN2M0YzAiOnsiY3JlYXRlIjoxMjAwMDAwMDAwMDAwLCJkZWxldGUiOjEyMDAwMDAwMDAwMDAsInVwZGF0ZSI6MTIwMDAwMDAwMDAwMH19",
          "dependencies": [
            "oci_core_internet_gateway.internet_gateway",
            "oci_core_network_security_group.security_group_lb",
            "oci_core_route_table.route_table_internet_gw",
            "oci_core_subnet.subnet_public",
            "oci_core_vcn.vcn",
            "oci_load_balancer.lb",
            "oci_load_balancer_backend_set.lb_backend_set"
          ]
        }
      ]
    },
    {
      "mode": "managed",
      "type": "random_password",
      "name": "autonomous_database_password",
      "provider": "provider[\"registry.terraform.io/hashicorp/random\"]",
      "instances": [
        {
          "schema_version": 2,
          "attributes": {
            "bcrypt_hash": "$2a$10$aK6IOZbVFTEiCgAgZ.UnH.cQI0lsCoVPq2zL7GCO/Pv94wFqYqc3a",
            "id": "none",
            "keepers": {
              "uuid": "uuid()"
            },
            "length": 16,
            "lower": true,
            "min_lower": 1,
            "min_numeric": 1,
            "min_special": 1,
            "min_upper": 1,
            "number": true,
            "numeric": true,
            "override_special": "_#",
            "result": "dckZVbj_XElFY_#2",
            "special": true,
            "upper": true
          },
          "sensitive_attributes": [],
          "private": "eyJzY2hlbWFfdmVyc2lvbiI6IjIifQ=="
        }
      ]
    },
    {
      "mode": "managed",
      "type": "time_sleep",
      "name": "wait_4_minutes_for_bastion_plugin",
      "provider": "provider[\"registry.terraform.io/hashicorp/time\"]",
      "instances": [
        {
          "index_key": 0,
          "schema_version": 0,
          "attributes": {
            "create_duration": "4m",
            "destroy_duration": null,
            "id": "2022-07-28T16:09:15Z",
            "triggers": {
              "compute_id": "ocid1.instance.oc1.iad.anuwcljsigoxhqycbrnqn6x7s4rdsba2atlcihnq4bb42c5gghteq57ojajq"
            }
          },
          "sensitive_attributes": [],
          "private": "bnVsbA==",
          "dependencies": [
            "data.oci_core_images.images",
            "data.oci_identity_availability_domain.availability_domains",
            "oci_core_instance.instance",
            "oci_core_internet_gateway.internet_gateway",
            "oci_core_nat_gateway.nat_gateway",
            "oci_core_network_security_group.security_group_adb",
            "oci_core_network_security_group.security_group_ords",
            "oci_core_network_security_group.security_group_ssh",
            "oci_core_route_table.route_table_internet_gw",
            "oci_core_route_table.route_table_nat_gw",
            "oci_core_subnet.subnet_private",
            "oci_core_subnet.subnet_public",
            "oci_core_vcn.vcn",
            "oci_database_autonomous_database.autonomous_database",
            "random_password.autonomous_database_password",
            "tls_private_key.example_com"
          ]
        }
      ]
    },
    {
      "mode": "managed",
      "type": "tls_cert_request",
      "name": "example_com",
      "provider": "provider[\"registry.terraform.io/hashicorp/tls\"]",
      "instances": [
        {
          "schema_version": 0,
          "attributes": {
            "cert_request_pem": "-----BEGIN CERTIFICATE REQUEST-----\nMIIExTCCAq0CAQAwVzELMAkGA1UEBhMCR0IxHDAaBgNVBAoTE0V4YW1wbGUgU2Vs\nZiBTaWduZWQxFDASBgNVBAsTC2V4YW1wbGUuY29tMRQwEgYDVQQDEwtleGFtcGxl\nLmNvbTCCAiIwDQYJKoZIhvcNAQEBBQADggIPADCCAgoCggIBAOtlrTqEoU9uSyQq\nQP4z4hbF/xAYYpB+hrkfourNiv4CLWdq1GbLWNvCMVr4LO7RFCQV9TfIQrM8r/5k\naJOFtJMZIBVcvmtFEpeBKAmbTAbkPtRJ9efdtb0yDoqkC/+UMQno+jel9fkwpGRg\nYpZ7LB8ohh2rNQywI/IuIb0BF1IFhGl5F3ij/yr72WJpkQwYPtEmqJR9/Kvy6Agb\neUDcSUDbUsjWoPZagzsZvccs5Hspl0IosBtAzoIquIB6g/IR7S3Tx9ce0fz2b2pA\nmsU1H9LYv31dQ/o+B7KwAV2NEej493T98PGBcRO4DCgFiYB3e1k9lDZglCRn0iTt\nF0MD91rAFvamTmTDMdysUljePoeyL4ykiHnadNoajxsBFOp72kf1NVbfjI+XQ1PV\nD2rOgQaczwpW/MNe2slvjMYcYo9Hjsg0D3+oTdEaYTgehDPO7xDRKF9WpswNx/GB\nDYYscnsjLnw7GVlQscIafhcZDmQ54CDbURwmuqC2FrXnUTX90sG4GLqV338QKhst\nm41AmQCPdVGSUVeW4G1usUQDLukmyxSwymqMEuXlKtV6wobxuFftYn7QDftJVYaI\n3t9tqDGbXovBM31lmdJZsHOhfcv5dp1Twl14qc1GHIp9+s+ryBWi3QB7zrEqMXwf\nipzXq1QsIY/Z/4PbTGnch5j8lnt1AgMBAAGgKTAnBgkqhkiG9w0BCQ4xGjAYMBYG\nA1UdEQQPMA2CC2V4YW1wbGUuY29tMA0GCSqGSIb3DQEBCwUAA4ICAQA3Vk/15e09\nX8lp4BaaVQmran3ndnWE39BPd7mFCvrnPYq2MzKQ/wRc8L0uBix7gWozb67p5Gy/\nm19V9phKFSFJJeeGEiPzb740Z4tXi2Mh7zwF982o/SCJU+WUXg297F+74/UFGRXB\noW9Svh8TIcBTW1cKOgd4153mAnDpXi73462a+ovSGa1r73zJgS/wHPlmnEIFuWtx\n7ESFSXTdxxUD5arETgSw7DUqwl5jpSX+WuHwz08b5l0qdrwoI9rw6lfzjUMwtb7u\nJ+MzItW0pdYALU2LblBB0Y/yqY4CRGMIaTpzdzjsN9MY1LsndBmt1bvflEyHCYlP\njhuSU4xjL5wjA6r0q+ZGFFh5NhIzVZGRZQX6/UZNaFS2Oofz2DbWQpeOh+/2TlPX\nj2UUGVsvxbWCgjzu0+w+/smp8VXqgsBAwsBtc6NAJqunY31W49urLVaFpoygx3EV\n5Yl0R+Cwq/x/FdVgsFvWrOBdn+uHekJ9QBV6gfSIRRfvDJUMxZBmvlvXze4Z3sro\n6hIYCGSozv4fKH/4rtCnIF/igUL6Z6/OUuj6GBCf0kOxEi71nIzcPxTYQX7h15iY\nyvTi3lRxUGpuPLiEMv75Mv60vFeDfr8xnpZmtoUY53DHFL9ZruGiZ5+CzcT67nNH\nkufBz7he48hFf+Jga0QwmYae5qXbaPbxpw==\n-----END CERTIFICATE REQUEST-----\n",
            "dns_names": [
              "example.com"
            ],
            "id": "bbdb5d7b1ba29ebb7b7de573f788c726e2c280a1",
            "ip_addresses": null,
            "key_algorithm": "RSA",
            "private_key_pem": "38b83bd7dcac154dd692fd86e1423324a9b1c549",
            "subject": [
              {
                "common_name": "example.com",
                "country": "GB",
                "locality": "",
                "organization": "Example Self Signed",
                "organizational_unit": "example.com",
                "postal_code": "",
                "province": "",
                "serial_number": "",
                "street_address": null
              }
            ],
            "uris": null
          },
          "sensitive_attributes": [
            [
              {
                "type": "get_attr",
                "value": "private_key_pem"
              }
            ]
          ],
          "private": "bnVsbA==",
          "dependencies": [
            "tls_private_key.example_com"
          ],
          "create_before_destroy": true
        }
      ]
    },
    {
      "mode": "managed",
      "type": "tls_locally_signed_cert",
      "name": "example_com",
      "provider": "provider[\"registry.terraform.io/hashicorp/tls\"]",
      "instances": [
        {
          "schema_version": 0,
          "attributes": {
            "allowed_uses": [
              "digital_signature",
              "key_encipherment",
              "server_auth",
              "client_auth"
            ],
            "ca_cert_pem": "e81346f01200b06fe0a755ea36f8fc0fbb4ade0d",
            "ca_key_algorithm": "RSA",
            "ca_private_key_pem": "22680ffb2a91d50fa5420b82f98b7f49b54a8deb",
            "cert_pem": "-----BEGIN CERTIFICATE-----\nMIIFoTCCA4mgAwIBAgIQc5sc3qnkF/HqwGy75/3jcDANBgkqhkiG9w0BAQsFADBI\nMRkwFwYDVQQKExBBY21lIFNlbGYgU2lnbmVkMQ0wCwYDVQQLEwRhY21lMRwwGgYD\nVQQDExNBY21lIFNlbGYgU2lnbmVkIENBMB4XDTIyMDcyODE1NTkxMloXDTMyMDcy\nODAyNTkxMlowVzELMAkGA1UEBhMCR0IxHDAaBgNVBAoTE0V4YW1wbGUgU2VsZiBT\naWduZWQxFDASBgNVBAsTC2V4YW1wbGUuY29tMRQwEgYDVQQDEwtleGFtcGxlLmNv\nbTCCAiIwDQYJKoZIhvcNAQEBBQADggIPADCCAgoCggIBAOtlrTqEoU9uSyQqQP4z\n4hbF/xAYYpB+hrkfourNiv4CLWdq1GbLWNvCMVr4LO7RFCQV9TfIQrM8r/5kaJOF\ntJMZIBVcvmtFEpeBKAmbTAbkPtRJ9efdtb0yDoqkC/+UMQno+jel9fkwpGRgYpZ7\nLB8ohh2rNQywI/IuIb0BF1IFhGl5F3ij/yr72WJpkQwYPtEmqJR9/Kvy6AgbeUDc\nSUDbUsjWoPZagzsZvccs5Hspl0IosBtAzoIquIB6g/IR7S3Tx9ce0fz2b2pAmsU1\nH9LYv31dQ/o+B7KwAV2NEej493T98PGBcRO4DCgFiYB3e1k9lDZglCRn0iTtF0MD\n91rAFvamTmTDMdysUljePoeyL4ykiHnadNoajxsBFOp72kf1NVbfjI+XQ1PVD2rO\ngQaczwpW/MNe2slvjMYcYo9Hjsg0D3+oTdEaYTgehDPO7xDRKF9WpswNx/GBDYYs\ncnsjLnw7GVlQscIafhcZDmQ54CDbURwmuqC2FrXnUTX90sG4GLqV338QKhstm41A\nmQCPdVGSUVeW4G1usUQDLukmyxSwymqMEuXlKtV6wobxuFftYn7QDftJVYaI3t9t\nqDGbXovBM31lmdJZsHOhfcv5dp1Twl14qc1GHIp9+s+ryBWi3QB7zrEqMXwfipzX\nq1QsIY/Z/4PbTGnch5j8lnt1AgMBAAGjeDB2MA4GA1UdDwEB/wQEAwIFoDAdBgNV\nHSUEFjAUBggrBgEFBQcDAQYIKwYBBQUHAwIwDAYDVR0TAQH/BAIwADAfBgNVHSME\nGDAWgBQ9s1VXyW4nv+agO8VAsUwZR7zJfjAWBgNVHREEDzANggtleGFtcGxlLmNv\nbTANBgkqhkiG9w0BAQsFAAOCAgEAhCqfwGrs+FN0sU+h5DIU2GWjAcqyXwe4IqCF\nFiHhzZrx9fgJSmKSnaEfmiKrhB6K7j/hAXxEfi4Z4GQrgSD4UDNcvEkVd9mx3Vu1\n5s5XdJu7/i837OCq4ETRONpJWa+3Jf28aU9S6Ze3lFVsRUVNTwQUc2WG6fU3OtmK\nJFawpezcDv5woawpjYXmmCAY1qrXd/ttKklmVtrWLGEPy8wfJW6pdoD6iRBrhoOM\nZwHlKN2m+1hWIWZYeVQUJg92+eEScXNuRIm0rCYv/Zgf51lwIti5oYn98qAqS7ln\njY2AS/HKeWN4A+EAmO2J7wU26S8dezsiJew/b33a+hHe83dnU0sh3SKAeV0lwLX1\n0pNfpw/8RqWASo7K2U758ynHPJkanZfLnBK8JpCcLyE2DW4NgyofEKxKNLR0MlEc\nWvsldbu5jEwsXf6sqDAgk+UAdTnBaaNBHLccYO2GP3PSENraWb+xQk2HGEzFPWfd\np3EQf5vuDwiOd1G5MVmQUonlEUweRU+Zf9YFAaXdb6ZW7E9Xxexif99DnHzL/M5Q\nFUjCFWi0jxg3pbg5aFsDHOGlmhxEDr4Y93dWulvbNYvrsMnvZKy2Zc/qlsMAU5cA\nte5+vL+TO37DGMgcrgn+inhb7f+qZfcQE5wr0O04wr09P8L9Tw8UQBBLvIMsXSqs\nXtUbtgQ=\n-----END CERTIFICATE-----\n",
            "cert_request_pem": "43128b2211b6eb3f96cb4e9fc72c432c2a61eae6",
            "early_renewal_hours": 0,
            "id": "153666611077037918903504374739935028080",
            "is_ca_certificate": null,
            "ready_for_renewal": false,
            "set_subject_key_id": null,
            "validity_end_time": "2032-07-27T21:59:12.145875-05:00",
            "validity_period_hours": 87659,
            "validity_start_time": "2022-07-28T10:59:12.145875-05:00"
          },
          "sensitive_attributes": [
            [
              {
                "type": "get_attr",
                "value": "ca_private_key_pem"
              }
            ]
          ],
          "private": "bnVsbA==",
          "dependencies": [
            "tls_cert_request.example_com",
            "tls_private_key.acme_ca",
            "tls_private_key.example_com",
            "tls_self_signed_cert.acme_ca"
          ],
          "create_before_destroy": true
        }
      ]
    },
    {
      "mode": "managed",
      "type": "tls_private_key",
      "name": "acme_ca",
      "provider": "provider[\"registry.terraform.io/hashicorp/tls\"]",
      "instances": [
        {
          "schema_version": 0,
          "attributes": {
            "algorithm": "RSA",
            "ecdsa_curve": "P224",
            "id": "e200f8a45a2ec1a20603095cd9d79ffd893d6b87",
            "private_key_openssh": "-----BEGIN OPENSSH PRIVATE KEY-----\nb3BlbnNzaC1rZXktdjEAAAAABG5vbmUAAAAEbm9uZQAAAAAAAAABAAACFwAAAAdz\nc2gtcnNhAAAAAwEAAQAAAgEAu+veWMkM98J1HqCW4r1PzVVCmr0Emm60IZS6Od4w\nlSeVFYv1tvbO4mnNld3naqlO5FHQc6Sp2Vu4VSmLAcRDOhxc2zJhnpRNz0hmav7J\nveyNKpl59rHNdYL5e5pdqfsc30jNB6x/o1f7BALoKPHubDH7KEpumGD25fCSJLwN\nZ9aj1uEpmZ0F7G0k+KtbO2yKdACGL9JEUHSJBzdTY+h/o6AmX7GTMRfSBglx+chA\nyLuD4jobBV6gkM84qDLb3xdc/A07kxYnL5Lmv2TuY3sf0iEMFTQwgJlMHvYgbPDV\n6vgMrliyEiyo0H5Hn7z3f1Lbm/AXeFovchrYumQsrozhYdxg6BRfIWaP0PkAcH4g\nLWxnFa+P65re6b5xhL830zmuYOP77Nb+PLLggUsEF3CY7OaMsZ//iaXWJixz3JTo\ntReHlWvmFIu4fGg93P42cHhftwhHGIoL7h2ogw6VRKNK3y/j9L3QKNqWdgBQFBnn\nL3nF9U0LNwifPE/vlSoRRUuHP9Ja9xdEbqpicCAcKThz4nwOr3PXthOUgcOCabxA\nsB/Gz9KLRO6GACpm5Xrg3yk1kBcBdZOiWn/lp6Z3a9PxVU4n+XniPDHHZ3ztMr44\nS9jX2OOwYxAKUZxvHQzQCvUwqJRHb2Fn3C+eY82Oo6qGImBnfW9hK6Xb2eASVC/G\nqTMAAAc4L4oYUi+KGFIAAAAHc3NoLXJzYQAAAgEAu+veWMkM98J1HqCW4r1PzVVC\nmr0Emm60IZS6Od4wlSeVFYv1tvbO4mnNld3naqlO5FHQc6Sp2Vu4VSmLAcRDOhxc\n2zJhnpRNz0hmav7JveyNKpl59rHNdYL5e5pdqfsc30jNB6x/o1f7BALoKPHubDH7\nKEpumGD25fCSJLwNZ9aj1uEpmZ0F7G0k+KtbO2yKdACGL9JEUHSJBzdTY+h/o6Am\nX7GTMRfSBglx+chAyLuD4jobBV6gkM84qDLb3xdc/A07kxYnL5Lmv2TuY3sf0iEM\nFTQwgJlMHvYgbPDV6vgMrliyEiyo0H5Hn7z3f1Lbm/AXeFovchrYumQsrozhYdxg\n6BRfIWaP0PkAcH4gLWxnFa+P65re6b5xhL830zmuYOP77Nb+PLLggUsEF3CY7OaM\nsZ//iaXWJixz3JTotReHlWvmFIu4fGg93P42cHhftwhHGIoL7h2ogw6VRKNK3y/j\n9L3QKNqWdgBQFBnnL3nF9U0LNwifPE/vlSoRRUuHP9Ja9xdEbqpicCAcKThz4nwO\nr3PXthOUgcOCabxAsB/Gz9KLRO6GACpm5Xrg3yk1kBcBdZOiWn/lp6Z3a9PxVU4n\n+XniPDHHZ3ztMr44S9jX2OOwYxAKUZxvHQzQCvUwqJRHb2Fn3C+eY82Oo6qGImBn\nfW9hK6Xb2eASVC/GqTMAAAADAQABAAACAQCd3vSHYDfduOaNmVnJGEN/e74doufI\nGXKIt5qPXOMxmvQ7Cr6dO9DoEvych7SPPbdCRp05Wb87FDvSh7j4/fmASy2TFEtA\nXtTTa75m6q9vN9gMTq1Qm2TA8QxIU5GWaJiD2HQumzMLdbEyWILTSxQCnyahXY51\nwxgIakdMRxN4BbDUp4o8O9crHTIvGj3luTTDaWFRsXKkqJIplsgeqcb5HmS+hb7j\nQmC1o5+1uQ7709Ri7G+g3jNEFGJDo55lWApM0Y0X70dyRxZE+jTvLBO6gvrUoWiR\n0LdLV3g8LUN5R3PX0Dmg3RXhOgVP4/+EXoaSBWyiNhmf4X/rbpa++SmpjReyxFku\nMlqQXU6/t52hwD3yyfdgE/fxLw5hjjhfh00hw4A1zvC+e/ACgvmxGKkZPS3a/Z8B\nVbZlOODAw6ajU2mn43VJgdzchsWiq+fhtHrpNPzkjiH1XE9fZuMQG5Q3NH/Qo8xE\nVar8zJ/8zQrr0fNVhKbkayyOH1jZfMqcn407e0/zXoRUnOPd9jwL00BUNTwccLZv\nkD25TuRha5xvBt6VzD6eDXmMQA172ggrCyLvOv4G8bAdZ3xOdteG78gbeHAjqucE\nijhM1tXTjw36/xoKc+XO8GHVZVMKXfC3Y3O1/0z9RKE70WThOv2vl7MqrORiv3DM\n0BypZd0pYm8rKQAAAQB6Lri4oYFargZ3G09e/2pLaaWJ0DHZSEacYOdKMQBiNoo/\n0VPB6MyZ+yGFGvzSCd1/7cwkIuLlDyPwr286c5WuEPa0582IUMKdfhk6nD4r5TWv\nAGL4jamJVXFlgxbXq62b+3L1yS2nKsqNbshZsVQcR+PZH/uwHLq3bashUmmd1Wj7\nFgzwO+UUD1Nnj8fSFhRLCQ0XHA7GK7nTCTvdk+CVhxfB6+VMxGGaEfjSfLxt7e1d\n44tGvKs+5hD4jvFrBpikANIhiJO9knovaQWnX06phecO2ve5RhwszqEi4KuaR29d\nXF282yLThdNq/g8A3mOmSmabMohtE4pn2gDMj8oRAAABAQDkWfaxyEAj9njax2JC\nrOvMmtMEW0T/9LfHkdPlmtZzm7RhaGNlsQGMrRckwMH+ye4O4Kxa1YwG6hs4pp12\ndlL8mq1uYyOQpSu21mjXMhK30KPfLb0I5XsF9zYmsO54lhJMHK/rds7JEuie7Bvj\nJkjV1csVsRECXouP2bSTY6VH9jvGBHi3YK4c17qgquJuWPed1Ag3NFowB3477MNp\n8BzpQD7fXUIoOXsSKw1pTOoieveSqK8BpWoqjkeBESVkV4+RpwiuB55AMr6jucH7\nqjszsxYJMfCdDB2RKNQWK37SkeLhPT6nQdp0MalkypKmWpXxB23chZRU22My0Hen\n4HIfAAABAQDSrLmUMWIWb9/mZKDJBzMbvN1zA1EmntO5RFYBa3zRxMISkuX/1PMv\n15I3Wr6rv3dCgh8BEs1/V6R1CB5QMA4TOI0cYCSXj27mOWj6AoDkpH4xbR6nRVqh\nC/d+aSWRzZpd/eEVCl3GSNHECRMiunr1PObdcD+UOkIrxfQz6uWwd5wLk/SJMJ7v\nMXLomvYG6K3+8qA4o9KX3txBUvF5oP02HkdvEwzjKC7+LY0bp2Dx7RXfuzcfdKjX\nTXGpMjCfZR9UUt7hdnSEpcxVo3NXVGmurOStBxbfN2e/jm590bj9iJTo5JvNhYPE\noyG3rBEHSCp4PfKNBkPdEDW3uKDVu65tAAAAAAEC\n-----END OPENSSH PRIVATE KEY-----\n",
            "private_key_pem": "-----BEGIN RSA PRIVATE KEY-----\nMIIJKAIBAAKCAgEAu+veWMkM98J1HqCW4r1PzVVCmr0Emm60IZS6Od4wlSeVFYv1\ntvbO4mnNld3naqlO5FHQc6Sp2Vu4VSmLAcRDOhxc2zJhnpRNz0hmav7JveyNKpl5\n9rHNdYL5e5pdqfsc30jNB6x/o1f7BALoKPHubDH7KEpumGD25fCSJLwNZ9aj1uEp\nmZ0F7G0k+KtbO2yKdACGL9JEUHSJBzdTY+h/o6AmX7GTMRfSBglx+chAyLuD4job\nBV6gkM84qDLb3xdc/A07kxYnL5Lmv2TuY3sf0iEMFTQwgJlMHvYgbPDV6vgMrliy\nEiyo0H5Hn7z3f1Lbm/AXeFovchrYumQsrozhYdxg6BRfIWaP0PkAcH4gLWxnFa+P\n65re6b5xhL830zmuYOP77Nb+PLLggUsEF3CY7OaMsZ//iaXWJixz3JTotReHlWvm\nFIu4fGg93P42cHhftwhHGIoL7h2ogw6VRKNK3y/j9L3QKNqWdgBQFBnnL3nF9U0L\nNwifPE/vlSoRRUuHP9Ja9xdEbqpicCAcKThz4nwOr3PXthOUgcOCabxAsB/Gz9KL\nRO6GACpm5Xrg3yk1kBcBdZOiWn/lp6Z3a9PxVU4n+XniPDHHZ3ztMr44S9jX2OOw\nYxAKUZxvHQzQCvUwqJRHb2Fn3C+eY82Oo6qGImBnfW9hK6Xb2eASVC/GqTMCAwEA\nAQKCAgEAnd70h2A33bjmjZlZyRhDf3u+HaLnyBlyiLeaj1zjMZr0Owq+nTvQ6BL8\nnIe0jz23QkadOVm/OxQ70oe4+P35gEstkxRLQF7U02u+ZuqvbzfYDE6tUJtkwPEM\nSFORlmiYg9h0LpszC3WxMliC00sUAp8moV2OdcMYCGpHTEcTeAWw1KeKPDvXKx0y\nLxo95bk0w2lhUbFypKiSKZbIHqnG+R5kvoW+40JgtaOftbkO+9PUYuxvoN4zRBRi\nQ6OeZVgKTNGNF+9HckcWRPo07ywTuoL61KFokdC3S1d4PC1DeUdz19A5oN0V4ToF\nT+P/hF6GkgVsojYZn+F/626WvvkpqY0XssRZLjJakF1Ov7edocA98sn3YBP38S8O\nYY44X4dNIcOANc7wvnvwAoL5sRipGT0t2v2fAVW2ZTjgwMOmo1Npp+N1SYHc3IbF\noqvn4bR66TT85I4h9VxPX2bjEBuUNzR/0KPMRFWq/Myf/M0K69HzVYSm5Gssjh9Y\n2XzKnJ+NO3tP816EVJzj3fY8C9NAVDU8HHC2b5A9uU7kYWucbwbelcw+ng15jEAN\ne9oIKwsi7zr+BvGwHWd8TnbXhu/IG3hwI6rnBIo4TNbV048N+v8aCnPlzvBh1WVT\nCl3wt2Nztf9M/UShO9Fk4Tr9r5ezKqzkYr9wzNAcqWXdKWJvKykCggEBAORZ9rHI\nQCP2eNrHYkKs68ya0wRbRP/0t8eR0+Wa1nObtGFoY2WxAYytFyTAwf7J7g7grFrV\njAbqGzimnXZ2UvyarW5jI5ClK7bWaNcyErfQo98tvQjlewX3Niaw7niWEkwcr+t2\nzskS6J7sG+MmSNXVyxWxEQJei4/ZtJNjpUf2O8YEeLdgrhzXuqCq4m5Y953UCDc0\nWjAHfjvsw2nwHOlAPt9dQig5exIrDWlM6iJ695KorwGlaiqOR4ERJWRXj5GnCK4H\nnkAyvqO5wfuqOzOzFgkx8J0MHZEo1BYrftKR4uE9PqdB2nQxqWTKkqZalfEHbdyF\nlFTbYzLQd6fgch8CggEBANKsuZQxYhZv3+ZkoMkHMxu83XMDUSae07lEVgFrfNHE\nwhKS5f/U8y/Xkjdavqu/d0KCHwESzX9XpHUIHlAwDhM4jRxgJJePbuY5aPoCgOSk\nfjFtHqdFWqEL935pJZHNml394RUKXcZI0cQJEyK6evU85t1wP5Q6QivF9DPq5bB3\nnAuT9Ikwnu8xcuia9gborf7yoDij0pfe3EFS8Xmg/TYeR28TDOMoLv4tjRunYPHt\nFd+7Nx90qNdNcakyMJ9lH1RS3uF2dISlzFWjc1dUaa6s5K0HFt83Z7+Obn3RuP2I\nlOjkm82Fg8SjIbesEQdIKng98o0GQ90QNbe4oNW7rm0CggEAQyAS/aXQ/QFZ+236\n+4CbfDTS7QfrW5ZTY84BTRBcE/Xka3HlLiJ/QxwqnnovTLeNTEBNShJWLD4rLFcG\nGKmlsW3Cp51q+f0jwYZ7oS6uA+zIDzYByJi0tkc6WttN7pKm5ErWh9AP71momfbs\nJ7S8WmeTYFgBmQGz4uBrTZxQHLxMS+RKnBVGeWINEWfKUgfDGlkW5St1i4LYX8M0\nmnKj/QkOslhWtz5WaDvRoG+kr+gX2LvPXhuC/ul+KXmh1UJMCNPiIE5K/bItCjHz\nzQf4iTUOuDs+8Nt74Yzv82hrynhqCi4XudEI53klw2QtAcvFIeo+KEH4HY20Nl7D\nnczDnwKCAQAroobVgNz2FLnlOFZtDMazKg0b80Xtn9vudY7ywFacBArGWhK1SGAO\nOrIYMP1pCUEkT1sol8Jka7yuWL4ekbV4ma/wfqFVmum3WZC6p6YWtVNF3XoJ3z2E\nObxLPHABoPomGZ1zBDCkDxUTa2XBPaqV/MU8fDFO/DoUYu3PiwmD4WI6q6xsdduV\nY0KPlvj6OVtAgPRahuPpfMlV5l4JeSS4/tCA2wtCSWJiVwDxB1v2/8oWCurB4yHN\nZkbyamjTutggWQG85RIBH24RFsefAObavQioJd3A4fLlJBUSjkuoh4+AJUl36f1+\nzuL+7e6g+XuCaCJCv1dzBBZ8NQtq+XKJAoIBAHouuLihgVquBncbT17/aktppYnQ\nMdlIRpxg50oxAGI2ij/RU8HozJn7IYUa/NIJ3X/tzCQi4uUPI/Cvbzpzla4Q9rTn\nzYhQwp1+GTqcPivlNa8AYviNqYlVcWWDFterrZv7cvXJLacqyo1uyFmxVBxH49kf\n+7AcurdtqyFSaZ3VaPsWDPA75RQPU2ePx9IWFEsJDRccDsYrudMJO92T4JWHF8Hr\n5UzEYZoR+NJ8vG3t7V3ji0a8qz7mEPiO8WsGmKQA0iGIk72Sei9pBadfTqmF5w7a\n97lGHCzOoSLgq5pHb11cXbzbItOF02r+DwDeY6ZKZpsyiG0TimfaAMyPyhE=\n-----END RSA PRIVATE KEY-----\n",
            "public_key_fingerprint_md5": "2e:27:86:6f:4f:88:4b:03:eb:92:ac:b9:78:48:99:e0",
            "public_key_fingerprint_sha256": "SHA256:DPVqU5npVtLWs+H/y3kypRE9IwrzkKdID/VJoBM1JxM",
            "public_key_openssh": "ssh-rsa AAAAB3NzaC1yc2EAAAADAQABAAACAQC7695YyQz3wnUeoJbivU/NVUKavQSabrQhlLo53jCVJ5UVi/W29s7iac2V3edqqU7kUdBzpKnZW7hVKYsBxEM6HFzbMmGelE3PSGZq/sm97I0qmXn2sc11gvl7ml2p+xzfSM0HrH+jV/sEAugo8e5sMfsoSm6YYPbl8JIkvA1n1qPW4SmZnQXsbST4q1s7bIp0AIYv0kRQdIkHN1Nj6H+joCZfsZMxF9IGCXH5yEDIu4PiOhsFXqCQzzioMtvfF1z8DTuTFicvkua/ZO5jex/SIQwVNDCAmUwe9iBs8NXq+AyuWLISLKjQfkefvPd/Utub8Bd4Wi9yGti6ZCyujOFh3GDoFF8hZo/Q+QBwfiAtbGcVr4/rmt7pvnGEvzfTOa5g4/vs1v48suCBSwQXcJjs5oyxn/+JpdYmLHPclOi1F4eVa+YUi7h8aD3c/jZweF+3CEcYigvuHaiDDpVEo0rfL+P0vdAo2pZ2AFAUGecvecX1TQs3CJ88T++VKhFFS4c/0lr3F0RuqmJwIBwpOHPifA6vc9e2E5SBw4JpvECwH8bP0otE7oYAKmbleuDfKTWQFwF1k6Jaf+Wnpndr0/FVTif5eeI8McdnfO0yvjhL2NfY47BjEApRnG8dDNAK9TColEdvYWfcL55jzY6jqoYiYGd9b2ErpdvZ4BJUL8apMw==\n",
            "public_key_pem": "-----BEGIN PUBLIC KEY-----\nMIICIjANBgkqhkiG9w0BAQEFAAOCAg8AMIICCgKCAgEAu+veWMkM98J1HqCW4r1P\nzVVCmr0Emm60IZS6Od4wlSeVFYv1tvbO4mnNld3naqlO5FHQc6Sp2Vu4VSmLAcRD\nOhxc2zJhnpRNz0hmav7JveyNKpl59rHNdYL5e5pdqfsc30jNB6x/o1f7BALoKPHu\nbDH7KEpumGD25fCSJLwNZ9aj1uEpmZ0F7G0k+KtbO2yKdACGL9JEUHSJBzdTY+h/\no6AmX7GTMRfSBglx+chAyLuD4jobBV6gkM84qDLb3xdc/A07kxYnL5Lmv2TuY3sf\n0iEMFTQwgJlMHvYgbPDV6vgMrliyEiyo0H5Hn7z3f1Lbm/AXeFovchrYumQsrozh\nYdxg6BRfIWaP0PkAcH4gLWxnFa+P65re6b5xhL830zmuYOP77Nb+PLLggUsEF3CY\n7OaMsZ//iaXWJixz3JTotReHlWvmFIu4fGg93P42cHhftwhHGIoL7h2ogw6VRKNK\n3y/j9L3QKNqWdgBQFBnnL3nF9U0LNwifPE/vlSoRRUuHP9Ja9xdEbqpicCAcKThz\n4nwOr3PXthOUgcOCabxAsB/Gz9KLRO6GACpm5Xrg3yk1kBcBdZOiWn/lp6Z3a9Px\nVU4n+XniPDHHZ3ztMr44S9jX2OOwYxAKUZxvHQzQCvUwqJRHb2Fn3C+eY82Oo6qG\nImBnfW9hK6Xb2eASVC/GqTMCAwEAAQ==\n-----END PUBLIC KEY-----\n",
            "rsa_bits": 4096
          },
          "sensitive_attributes": [],
          "private": "bnVsbA==",
          "create_before_destroy": true
        }
      ]
    },
    {
      "mode": "managed",
      "type": "tls_private_key",
      "name": "example_com",
      "provider": "provider[\"registry.terraform.io/hashicorp/tls\"]",
      "instances": [
        {
          "schema_version": 0,
          "attributes": {
            "algorithm": "RSA",
            "ecdsa_curve": "P224",
            "id": "b1064432c2f1886c1db8baefdbd0d811cce1ce61",
            "private_key_openssh": "-----BEGIN OPENSSH PRIVATE KEY-----\nb3BlbnNzaC1rZXktdjEAAAAABG5vbmUAAAAEbm9uZQAAAAAAAAABAAACFwAAAAdz\nc2gtcnNhAAAAAwEAAQAAAgEA62WtOoShT25LJCpA/jPiFsX/EBhikH6GuR+i6s2K\n/gItZ2rUZstY28IxWvgs7tEUJBX1N8hCszyv/mRok4W0kxkgFVy+a0USl4EoCZtM\nBuQ+1En15921vTIOiqQL/5QxCej6N6X1+TCkZGBilnssHyiGHas1DLAj8i4hvQEX\nUgWEaXkXeKP/KvvZYmmRDBg+0SaolH38q/LoCBt5QNxJQNtSyNag9lqDOxm9xyzk\neymXQiiwG0DOgiq4gHqD8hHtLdPH1x7R/PZvakCaxTUf0ti/fV1D+j4HsrABXY0R\n6Pj3dP3w8YFxE7gMKAWJgHd7WT2UNmCUJGfSJO0XQwP3WsAW9qZOZMMx3KxSWN4+\nh7IvjKSIedp02hqPGwEU6nvaR/U1Vt+Mj5dDU9UPas6BBpzPClb8w17ayW+Mxhxi\nj0eOyDQPf6hN0RphOB6EM87vENEoX1amzA3H8YENhixyeyMufDsZWVCxwhp+FxkO\nZDngINtRHCa6oLYWtedRNf3SwbgYupXffxAqGy2bjUCZAI91UZJRV5bgbW6xRAMu\n6SbLFLDKaowS5eUq1XrChvG4V+1iftAN+0lVhoje322oMZtei8EzfWWZ0lmwc6F9\ny/l2nVPCXXipzUYcin36z6vIFaLdAHvOsSoxfB+KnNerVCwhj9n/g9tMadyHmPyW\ne3UAAAc479w26O/cNugAAAAHc3NoLXJzYQAAAgEA62WtOoShT25LJCpA/jPiFsX/\nEBhikH6GuR+i6s2K/gItZ2rUZstY28IxWvgs7tEUJBX1N8hCszyv/mRok4W0kxkg\nFVy+a0USl4EoCZtMBuQ+1En15921vTIOiqQL/5QxCej6N6X1+TCkZGBilnssHyiG\nHas1DLAj8i4hvQEXUgWEaXkXeKP/KvvZYmmRDBg+0SaolH38q/LoCBt5QNxJQNtS\nyNag9lqDOxm9xyzkeymXQiiwG0DOgiq4gHqD8hHtLdPH1x7R/PZvakCaxTUf0ti/\nfV1D+j4HsrABXY0R6Pj3dP3w8YFxE7gMKAWJgHd7WT2UNmCUJGfSJO0XQwP3WsAW\n9qZOZMMx3KxSWN4+h7IvjKSIedp02hqPGwEU6nvaR/U1Vt+Mj5dDU9UPas6BBpzP\nClb8w17ayW+Mxhxij0eOyDQPf6hN0RphOB6EM87vENEoX1amzA3H8YENhixyeyMu\nfDsZWVCxwhp+FxkOZDngINtRHCa6oLYWtedRNf3SwbgYupXffxAqGy2bjUCZAI91\nUZJRV5bgbW6xRAMu6SbLFLDKaowS5eUq1XrChvG4V+1iftAN+0lVhoje322oMZte\ni8EzfWWZ0lmwc6F9y/l2nVPCXXipzUYcin36z6vIFaLdAHvOsSoxfB+KnNerVCwh\nj9n/g9tMadyHmPyWe3UAAAADAQABAAACAQDRlhrxgktZvJrcnV52tt0zZ6CcxQll\nG7J6O2fD5bQ+StQAQ0bQK3d3WuS02UiwbamgI4jM3No+Wedc+it+RcqsOe+t9YB5\nY+uUx2NNgl7jt+8U9rEie+2ngV0fJcalDV3INA4s4/AoqZ2E3aiJ0StMprkay2gV\nXvLyWw6hCMqptc3aVv2F5YZ4z/oSPGnvudqcP+5TIAWLV2Aub7+69yelvmFr/mUc\nUySKx3WIVDkuS66oMi/yY/Y6QS06/1pheoKRjgFdUMyojQZQNStYMN+fzGpahWLT\n+MzD1R+yGrt6kclJ+hu/+38hjnoMXDm8DyXdJA3FiKH99A5P4GUYvvxItJBkQP5g\nThqLjpr219NrF76Ttztg+cymL0Lel0YZ9T5yt6UCLAvqzppJewBn5TTlWen7pe91\nBXWgADzYiIENynC//fN3Ns/on8o56KA4c2pqkKFk4HlbPYPUII7VaHSvvbi+TNHN\nBK8YixNRtQifTXdxk3aOopFSJTZCytJ9+ZDpt7OMQ+0kqOVuA9y/tKPkGg3vqfLR\nWa/5rYgtFF7Gfkljl72tYO3whBu2dcea7wpLtO8oDuP8Zk0EEOqhqYkBPLaWcLen\n5wMWTLDZoW/Ycl+vbs73+KOBWZEdksNNU0HMztoFL6OTWqCjmP3WwqBHbh3Nqh6Z\n1+FyCsAKYRuXFQAAAQEAsiUI0BELiLTsE/z+X96gS6JxATJ9YBBEkkk7FI1zteq6\nIbP7sXTl/3sM91Qdc4KoCRalz0qVk6BeS2gpeuOz6o8S+WnVrx/SGSNtDi6mEFlC\nvTfQwvCwRqJ7pTH/VUia6PTwmTkOvemS7UQUgbqjKmtuctNd4jWq3bnWOJH9T5SK\np0AMrgYH23d8WgbyOC8zjIkaKolAmk+3dsIde3cCzgr60WtKcSEXTQGDNf2w2rPm\njEngZ/OrAv+++n5claTriDxLI4UbrpnsJ+8zGBQqrr09KzJfAaJlKkqWxfmyU4e5\nht9287YlCxNcXoSKNHzCLutAhlZDdIoOUBfK6VddfgAAAQEA8ThxZZwD+D+IfpRt\nMlpSmCK+y5Oeh8U4r/a9c/XP5nkUQqEPADIQB3ghDdO4HhIdfOgM/y+EKS6jrhFx\n2ZrwEmitgRF1apGmoUnyA26XIsY11xeOjRNVfVSpWYL6jLH9xIFYjClsa2WCAjIF\noXJ8tGWU1FZ+6cmCHyJGkGc+Ur5elqHvBTF1nCtrJiKjv561Gwb70yBthm/Yxx7t\nsWtV84vTJUHiG+9Ke9P2ExXgzV19V2lfTPg09ck7APu5a8wc4Dcz6XqpX+UimZYC\njBdRNM2zTjLiV3ijjd7su1Zf+CVlz5zZANZreGr4/RgGuaNif8BhkMpTu9O+zNY7\nmkCVzwAAAQEA+dHlE8KH1k0rDVBALw9g1UStkSZqA0zwiCx5mke6i5XpExYrlnIn\nqlctZxHZOnqPitcCQc277Rmo6bsiQgboFhkToNX/Nd0gFviMA0UYRGFEQdzzpiXk\nnCsYgd7MVIg/sTK/lf/q5tm2LUKOwa1ocuv5fUfGz57pn+GOfRKrNifdhxfmNhBd\nmanRGVRVS/JNZOrj12OUzgG3xJFLcyWqYvD6uKIMc6/dgmyyW+c072Zd+VYEw0iM\nCCSFoIFkzjbreqPaN452V8upQP21US7kyhK2nl3KwoSEKHJfSnjPKCj9ImNwzksa\neY2OWrdqH9fBGtcwmBAaT9Smx0tQA/qvewAAAAAB\n-----END OPENSSH PRIVATE KEY-----\n",
            "private_key_pem": "-----BEGIN RSA PRIVATE KEY-----\nMIIJKgIBAAKCAgEA62WtOoShT25LJCpA/jPiFsX/EBhikH6GuR+i6s2K/gItZ2rU\nZstY28IxWvgs7tEUJBX1N8hCszyv/mRok4W0kxkgFVy+a0USl4EoCZtMBuQ+1En1\n5921vTIOiqQL/5QxCej6N6X1+TCkZGBilnssHyiGHas1DLAj8i4hvQEXUgWEaXkX\neKP/KvvZYmmRDBg+0SaolH38q/LoCBt5QNxJQNtSyNag9lqDOxm9xyzkeymXQiiw\nG0DOgiq4gHqD8hHtLdPH1x7R/PZvakCaxTUf0ti/fV1D+j4HsrABXY0R6Pj3dP3w\n8YFxE7gMKAWJgHd7WT2UNmCUJGfSJO0XQwP3WsAW9qZOZMMx3KxSWN4+h7IvjKSI\nedp02hqPGwEU6nvaR/U1Vt+Mj5dDU9UPas6BBpzPClb8w17ayW+Mxhxij0eOyDQP\nf6hN0RphOB6EM87vENEoX1amzA3H8YENhixyeyMufDsZWVCxwhp+FxkOZDngINtR\nHCa6oLYWtedRNf3SwbgYupXffxAqGy2bjUCZAI91UZJRV5bgbW6xRAMu6SbLFLDK\naowS5eUq1XrChvG4V+1iftAN+0lVhoje322oMZtei8EzfWWZ0lmwc6F9y/l2nVPC\nXXipzUYcin36z6vIFaLdAHvOsSoxfB+KnNerVCwhj9n/g9tMadyHmPyWe3UCAwEA\nAQKCAgEA0ZYa8YJLWbya3J1edrbdM2egnMUJZRuyejtnw+W0PkrUAENG0Ct3d1rk\ntNlIsG2poCOIzNzaPlnnXPorfkXKrDnvrfWAeWPrlMdjTYJe47fvFPaxInvtp4Fd\nHyXGpQ1dyDQOLOPwKKmdhN2oidErTKa5GstoFV7y8lsOoQjKqbXN2lb9heWGeM/6\nEjxp77nanD/uUyAFi1dgLm+/uvcnpb5ha/5lHFMkisd1iFQ5LkuuqDIv8mP2OkEt\nOv9aYXqCkY4BXVDMqI0GUDUrWDDfn8xqWoVi0/jMw9Ufshq7epHJSfobv/t/IY56\nDFw5vA8l3SQNxYih/fQOT+BlGL78SLSQZED+YE4ai46a9tfTaxe+k7c7YPnMpi9C\n3pdGGfU+crelAiwL6s6aSXsAZ+U05Vnp+6XvdQV1oAA82IiBDcpwv/3zdzbP6J/K\nOeigOHNqapChZOB5Wz2D1CCO1Wh0r724vkzRzQSvGIsTUbUIn013cZN2jqKRUiU2\nQsrSffmQ6bezjEPtJKjlbgPcv7Sj5BoN76ny0Vmv+a2ILRRexn5JY5e9rWDt8IQb\ntnXHmu8KS7TvKA7j/GZNBBDqoamJATy2lnC3p+cDFkyw2aFv2HJfr27O9/ijgVmR\nHZLDTVNBzM7aBS+jk1qgo5j91sKgR24dzaoemdfhcgrACmEblxUCggEBAPE4cWWc\nA/g/iH6UbTJaUpgivsuTnofFOK/2vXP1z+Z5FEKhDwAyEAd4IQ3TuB4SHXzoDP8v\nhCkuo64Rcdma8BJorYERdWqRpqFJ8gNulyLGNdcXjo0TVX1UqVmC+oyx/cSBWIwp\nbGtlggIyBaFyfLRllNRWfunJgh8iRpBnPlK+Xpah7wUxdZwrayYio7+etRsG+9Mg\nbYZv2Mce7bFrVfOL0yVB4hvvSnvT9hMV4M1dfVdpX0z4NPXJOwD7uWvMHOA3M+l6\nqV/lIpmWAowXUTTNs04y4ld4o43e7LtWX/glZc+c2QDWa3hq+P0YBrmjYn/AYZDK\nU7vTvszWO5pAlc8CggEBAPnR5RPCh9ZNKw1QQC8PYNVErZEmagNM8IgseZpHuouV\n6RMWK5ZyJ6pXLWcR2Tp6j4rXAkHNu+0ZqOm7IkIG6BYZE6DV/zXdIBb4jANFGERh\nREHc86Yl5JwrGIHezFSIP7Eyv5X/6ubZti1CjsGtaHLr+X1Hxs+e6Z/hjn0SqzYn\n3YcX5jYQXZmp0RlUVUvyTWTq49djlM4Bt8SRS3MlqmLw+riiDHOv3YJsslvnNO9m\nXflWBMNIjAgkhaCBZM4263qj2jeOdlfLqUD9tVEu5MoStp5dysKEhChyX0p4zygo\n/SJjcM5LGnmNjlq3ah/XwRrXMJgQGk/UpsdLUAP6r3sCggEBAJjdqB84a9uah6mP\n7lOGoej/u+HPPxvThEUfHJisIoBwIsLGxnbdQwM4wdm9XmTQHhfWBsaBGkPu5pOd\nQoUghxtjcvDkW4CZpPt5nQFHyEelTOFucEw/AGJYkKnFM3qOIb+yKKdKaQb2YRl7\nEc5qe1TnOxYFapBFv0xzsDw68WgGdHMJVCv6WAoMCe807Ii2zxa9qkD1v/L+VmZ5\n1zAkUWfyKHDn+56wWod2n+8gYkJDCPeoM1jXwtgwGlBZNfx2caY11ZQUw9mdn/us\n8RhOfovz/7mCzaWZMizqJSPjbRYYvRiA0ZSSTbEWOYxK+ZgTToyfIjVbwwy496Vf\n7o2meEkCggEANOXJ4M4/HxSF+jK09IIIGgCJ1ANTTVGcWOk58n4ftPDQQndeUWPo\nnDwLZBi2a5iKDncKhk5+7WyShLNYRKzbtdonetX1TT1+Tv7f/s1BnzENV/jmKpc5\negvyC4XWtEuJWQcK5EMlRS5yUdEXE1GZnUP0Nx/crBfVFkKXfkpWsIfuc22PFIGQ\noDoCCZ/+068Bzk2iYvg2CQz6EYhGdqJSGtM186R0iIaDm9tSRP2HCu4dFe+t4H/b\nDtpU5TCg3L1qTTSmvz7ONjbsptNR8lfAoD0oKA5qIZgXt8zH+qfsDW/occCmoTfr\n6jMcIn9V3Fo+DGXmZzx5pc+8ZNTAo6cQQwKCAQEAsiUI0BELiLTsE/z+X96gS6Jx\nATJ9YBBEkkk7FI1zteq6IbP7sXTl/3sM91Qdc4KoCRalz0qVk6BeS2gpeuOz6o8S\n+WnVrx/SGSNtDi6mEFlCvTfQwvCwRqJ7pTH/VUia6PTwmTkOvemS7UQUgbqjKmtu\nctNd4jWq3bnWOJH9T5SKp0AMrgYH23d8WgbyOC8zjIkaKolAmk+3dsIde3cCzgr6\n0WtKcSEXTQGDNf2w2rPmjEngZ/OrAv+++n5claTriDxLI4UbrpnsJ+8zGBQqrr09\nKzJfAaJlKkqWxfmyU4e5ht9287YlCxNcXoSKNHzCLutAhlZDdIoOUBfK6Vddfg==\n-----END RSA PRIVATE KEY-----\n",
            "public_key_fingerprint_md5": "f0:ff:e8:d4:62:36:eb:1f:5d:e5:a0:0b:bd:12:e8:d2",
            "public_key_fingerprint_sha256": "SHA256:0xrbAxTcyHmtgPKNGtMzQ7TBZw3i0aq2Qgm324hJXSU",
            "public_key_openssh": "ssh-rsa AAAAB3NzaC1yc2EAAAADAQABAAACAQDrZa06hKFPbkskKkD+M+IWxf8QGGKQfoa5H6LqzYr+Ai1natRmy1jbwjFa+Czu0RQkFfU3yEKzPK/+ZGiThbSTGSAVXL5rRRKXgSgJm0wG5D7USfXn3bW9Mg6KpAv/lDEJ6Po3pfX5MKRkYGKWeywfKIYdqzUMsCPyLiG9ARdSBYRpeRd4o/8q+9liaZEMGD7RJqiUffyr8ugIG3lA3ElA21LI1qD2WoM7Gb3HLOR7KZdCKLAbQM6CKriAeoPyEe0t08fXHtH89m9qQJrFNR/S2L99XUP6PgeysAFdjRHo+Pd0/fDxgXETuAwoBYmAd3tZPZQ2YJQkZ9Ik7RdDA/dawBb2pk5kwzHcrFJY3j6Hsi+MpIh52nTaGo8bARTqe9pH9TVW34yPl0NT1Q9qzoEGnM8KVvzDXtrJb4zGHGKPR47INA9/qE3RGmE4HoQzzu8Q0ShfVqbMDcfxgQ2GLHJ7Iy58OxlZULHCGn4XGQ5kOeAg21EcJrqgtha151E1/dLBuBi6ld9/ECobLZuNQJkAj3VRklFXluBtbrFEAy7pJssUsMpqjBLl5SrVesKG8bhX7WJ+0A37SVWGiN7fbagxm16LwTN9ZZnSWbBzoX3L+XadU8JdeKnNRhyKffrPq8gVot0Ae86xKjF8H4qc16tULCGP2f+D20xp3IeY/JZ7dQ==\n",
            "public_key_pem": "-----BEGIN PUBLIC KEY-----\nMIICIjANBgkqhkiG9w0BAQEFAAOCAg8AMIICCgKCAgEA62WtOoShT25LJCpA/jPi\nFsX/EBhikH6GuR+i6s2K/gItZ2rUZstY28IxWvgs7tEUJBX1N8hCszyv/mRok4W0\nkxkgFVy+a0USl4EoCZtMBuQ+1En15921vTIOiqQL/5QxCej6N6X1+TCkZGBilnss\nHyiGHas1DLAj8i4hvQEXUgWEaXkXeKP/KvvZYmmRDBg+0SaolH38q/LoCBt5QNxJ\nQNtSyNag9lqDOxm9xyzkeymXQiiwG0DOgiq4gHqD8hHtLdPH1x7R/PZvakCaxTUf\n0ti/fV1D+j4HsrABXY0R6Pj3dP3w8YFxE7gMKAWJgHd7WT2UNmCUJGfSJO0XQwP3\nWsAW9qZOZMMx3KxSWN4+h7IvjKSIedp02hqPGwEU6nvaR/U1Vt+Mj5dDU9UPas6B\nBpzPClb8w17ayW+Mxhxij0eOyDQPf6hN0RphOB6EM87vENEoX1amzA3H8YENhixy\neyMufDsZWVCxwhp+FxkOZDngINtRHCa6oLYWtedRNf3SwbgYupXffxAqGy2bjUCZ\nAI91UZJRV5bgbW6xRAMu6SbLFLDKaowS5eUq1XrChvG4V+1iftAN+0lVhoje322o\nMZtei8EzfWWZ0lmwc6F9y/l2nVPCXXipzUYcin36z6vIFaLdAHvOsSoxfB+KnNer\nVCwhj9n/g9tMadyHmPyWe3UCAwEAAQ==\n-----END PUBLIC KEY-----\n",
            "rsa_bits": 4096
          },
          "sensitive_attributes": [],
          "private": "bnVsbA==",
          "create_before_destroy": true
        }
      ]
    },
    {
      "mode": "managed",
      "type": "tls_self_signed_cert",
      "name": "acme_ca",
      "provider": "provider[\"registry.terraform.io/hashicorp/tls\"]",
      "instances": [
        {
          "schema_version": 0,
          "attributes": {
            "allowed_uses": [
              "digital_signature",
              "cert_signing",
              "crl_signing"
            ],
            "cert_pem": "-----BEGIN CERTIFICATE-----\nMIIFXTCCA0WgAwIBAgIRAPW/mwsDI8/hLCA5DdiVMtkwDQYJKoZIhvcNAQELBQAw\nSDEZMBcGA1UEChMQQWNtZSBTZWxmIFNpZ25lZDENMAsGA1UECxMEYWNtZTEcMBoG\nA1UEAxMTQWNtZSBTZWxmIFNpZ25lZCBDQTAeFw0yMjA3MjgxNTU5MTFaFw0zMjA3\nMjgwMjU5MTFaMEgxGTAXBgNVBAoTEEFjbWUgU2VsZiBTaWduZWQxDTALBgNVBAsT\nBGFjbWUxHDAaBgNVBAMTE0FjbWUgU2VsZiBTaWduZWQgQ0EwggIiMA0GCSqGSIb3\nDQEBAQUAA4ICDwAwggIKAoICAQC7695YyQz3wnUeoJbivU/NVUKavQSabrQhlLo5\n3jCVJ5UVi/W29s7iac2V3edqqU7kUdBzpKnZW7hVKYsBxEM6HFzbMmGelE3PSGZq\n/sm97I0qmXn2sc11gvl7ml2p+xzfSM0HrH+jV/sEAugo8e5sMfsoSm6YYPbl8JIk\nvA1n1qPW4SmZnQXsbST4q1s7bIp0AIYv0kRQdIkHN1Nj6H+joCZfsZMxF9IGCXH5\nyEDIu4PiOhsFXqCQzzioMtvfF1z8DTuTFicvkua/ZO5jex/SIQwVNDCAmUwe9iBs\n8NXq+AyuWLISLKjQfkefvPd/Utub8Bd4Wi9yGti6ZCyujOFh3GDoFF8hZo/Q+QBw\nfiAtbGcVr4/rmt7pvnGEvzfTOa5g4/vs1v48suCBSwQXcJjs5oyxn/+JpdYmLHPc\nlOi1F4eVa+YUi7h8aD3c/jZweF+3CEcYigvuHaiDDpVEo0rfL+P0vdAo2pZ2AFAU\nGecvecX1TQs3CJ88T++VKhFFS4c/0lr3F0RuqmJwIBwpOHPifA6vc9e2E5SBw4Jp\nvECwH8bP0otE7oYAKmbleuDfKTWQFwF1k6Jaf+Wnpndr0/FVTif5eeI8McdnfO0y\nvjhL2NfY47BjEApRnG8dDNAK9TColEdvYWfcL55jzY6jqoYiYGd9b2ErpdvZ4BJU\nL8apMwIDAQABo0IwQDAOBgNVHQ8BAf8EBAMCAYYwDwYDVR0TAQH/BAUwAwEB/zAd\nBgNVHQ4EFgQUPbNVV8luJ7/moDvFQLFMGUe8yX4wDQYJKoZIhvcNAQELBQADggIB\nAAXWxNDVF17brEzq+1jyHuK9/i5OKy/OfJs688tmwDZ+B1BqDiw+TVsJYvtpdZy0\njV3N/mkx8ODyR2W0UYlV78/FDZc9otOXyvTg+WN894e0yNFLI0JXsi4ziiGSGjVX\nCpMvLCNqTNLchwtBkY9ae5QRgLPHQp/D2FokUI4q9tCUFUDacsCabBChYQHE304x\nvDlFq4m7uaQMQ3kVrO+KbtrOZ6N7Jx0/+5FjT2lLKr96O5B/gxcKfu7KfEUBb8wG\nC97WdaRDeQUx4zdH3N5mJcN5cDcf3nNvAfoCbe1rN1R+iHtsO/ZXZ9MIscq5HyGm\n+NMinp8aTS6GjbBTRzMDoZN/5eBUF3PWJp9rv1wLCEVFuuyUo0baB6eh1kltkD3V\n2V84lWwHH9KC6h3F6nGCaT8RIBRNESHyOdwshDz9OO3obgMkR0jLvpZXP9ejBr09\n+CXDFNs3f4XORJm6juEZYIlWlvuowDCssNCH0vCuxS+iCCDME5Q1+PPHT2vbUHAf\np+BmAYQguT8IMatzYzOd9hDBMVbSJaVBGGY3IiPSH6MR80GZQwczFtcBzf/Nntkz\n8KqXolWFC9Fmk39MXeYMEZVr4bawonZ5zyJSDpiBy2kppc0kp91xHN9SuaP6iBxh\nK744T5hnm5lHdwk6S5XvWfM8pOZ7fWZjiOzH7mKnIzJT\n-----END CERTIFICATE-----\n",
            "dns_names": null,
            "early_renewal_hours": 0,
            "id": "326655732313254643721015001817550238425",
            "ip_addresses": null,
            "is_ca_certificate": true,
            "key_algorithm": "RSA",
            "private_key_pem": "22680ffb2a91d50fa5420b82f98b7f49b54a8deb",
            "ready_for_renewal": false,
            "set_authority_key_id": null,
            "set_subject_key_id": null,
            "subject": [
              {
                "common_name": "Acme Self Signed CA",
                "country": "",
                "locality": "",
                "organization": "Acme Self Signed",
                "organizational_unit": "acme",
                "postal_code": "",
                "province": "",
                "serial_number": "",
                "street_address": null
              }
            ],
            "uris": null,
            "validity_end_time": "2032-07-27T21:59:11.361591-05:00",
            "validity_period_hours": 87659,
            "validity_start_time": "2022-07-28T10:59:11.361591-05:00"
          },
          "sensitive_attributes": [
            [
              {
                "type": "get_attr",
                "value": "private_key_pem"
              }
            ]
          ],
          "private": "bnVsbA==",
          "dependencies": [
            "tls_private_key.acme_ca"
          ],
          "create_before_destroy": true
        }
      ]
    }
  ]
}
