dependencies:
- name: cert-manager
  repository: https://charts.jetstack.io
  version: v1.19.1
- name: external-secrets
  repository: https://charts.external-secrets.io
  version: 1.1.0
- name: metrics-server
  repository: https://kubernetes-sigs.github.io/metrics-server/
  version: 3.13.0
- name: kube-state-metrics
  repository: https://prometheus-community.github.io/helm-charts
  version: 6.4.1
- name: strimzi-kafka-operator
  repository: https://strimzi.io/charts/
  version: 0.45.1
digest: sha256:e74d5cf0effbb5ea6b87f78d20df67d2ae7e1780154c847709ecf00dce8535bd
generated: "2025-12-04T15:11:20.478588Z"
