dependencies:
- name: external-secrets
  repository: https://charts.external-secrets.io
  version: 2.6.0
- name: metrics-server
  repository: https://kubernetes-sigs.github.io/metrics-server/
  version: 3.13.1
- name: kube-state-metrics
  repository: https://prometheus-community.github.io/helm-charts
  version: 6.4.1
- name: strimzi-kafka-operator
  repository: https://strimzi.io/charts/
  version: 0.51.0
- name: coherence-operator
  repository: https://oracle.github.io/coherence-operator/charts
  version: 3.5.14
- name: opentelemetry-operator
  repository: https://open-telemetry.github.io/opentelemetry-helm-charts
  version: 0.119.0
- name: oracle-database-operator
  repository: file://charts/oracle-database-operator
  version: 0.2.0
digest: sha256:ea707d49f5c4f7f4c1002c9f4c89fc58545ddabf9666e37a407a3a48a44ab869
generated: "2026-07-15T15:50:22.665683-05:00"
