{
  "name": "nodeteq",
  "version": "1.0.0",
  "lockfileVersion": 2,
  "requires": true,
  "packages": {
    "": {
      "name": "nodeteq",
      "version": "1.0.0",
      "license": "UPL-1.0",
      "dependencies": {
        "oracledb": "^5.4.0"
      }
    },
    "node_modules/oracledb": {
      "version": "5.4.0",
      "resolved": "https://registry.npmjs.org/oracledb/-/oracledb-5.4.0.tgz",
      "integrity": "sha512-JirwPg+HobTV6EuXcHoHA0n55wJiWCNHaS2TRSHLSxOB9WbDyrT8q6E5PPB7nre1V/kFCd5luHkV1z780Voyfw==",
      "hasInstallScript": true,
      "engines": {
        "node": ">=10.16"
      }
    }
  },
  "dependencies": {
    "oracledb": {
      "version": "5.4.0",
      "resolved": "https://registry.npmjs.org/oracledb/-/oracledb-5.4.0.tgz",
      "integrity": "sha512-JirwPg+HobTV6EuXcHoHA0n55wJiWCNHaS2TRSHLSxOB9WbDyrT8q6E5PPB7nre1V/kFCd5luHkV1z780Voyfw=="
    }
  }
}
